{
  "version": 4,
  "terraform_version": "1.7.1",
  "serial": 7,
  "lineage": "18816f21-2809-7a67-60e6-39036833d17a",
  "outputs": {
    "instance_names": {
      "value": [
        "santiago0",
        "santiago1",
        "santiago2"
      ],
      "type": [
        "tuple",
        [
          "string",
          "string",
          "string"
        ]
      ]
    },
    "ssh_hints": {
      "value": [
        "gcloud compute ssh santiago0 --zone southamerica-west1-c --ssh-flag='-p 2409'",
        "gcloud compute ssh santiago1 --zone southamerica-west1-c --ssh-flag='-p 2409'",
        "gcloud compute ssh santiago2 --zone southamerica-west1-c --ssh-flag='-p 2409'"
      ],
      "type": [
        "tuple",
        [
          "string",
          "string",
          "string"
        ]
      ]
    },
    "zones": {
      "value": [
        "southamerica-west1-a",
        "southamerica-west1-b",
        "southamerica-west1-c"
      ],
      "type": [
        "tuple",
        [
          "string",
          "string",
          "string"
        ]
      ]
    }
  },
  "resources": [
    {
      "mode": "data",
      "type": "google_client_openid_userinfo",
      "name": "me",
      "provider": "provider[\"registry.opentofu.org/hashicorp/google\"]",
      "instances": [
        {
          "index_key": 0,
          "schema_version": 0,
          "attributes": {
            "email": "fibodevop@gmail.com",
            "id": "fibodevop@gmail.com"
          },
          "sensitive_attributes": []
        },
        {
          "index_key": 1,
          "schema_version": 0,
          "attributes": {
            "email": "fibodevop@gmail.com",
            "id": "fibodevop@gmail.com"
          },
          "sensitive_attributes": []
        },
        {
          "index_key": 2,
          "schema_version": 0,
          "attributes": {
            "email": "fibodevop@gmail.com",
            "id": "fibodevop@gmail.com"
          },
          "sensitive_attributes": []
        }
      ]
    },
    {
      "mode": "data",
      "type": "google_compute_image",
      "name": "nixos",
      "provider": "provider[\"registry.opentofu.org/hashicorp/google\"]",
      "instances": [
        {
          "index_key": 0,
          "schema_version": 0,
          "attributes": {
            "archive_size_bytes": 71557907200,
            "creation_timestamp": "2026-08-13T15:26:33.465-07:00",
            "description": "Canonical, Ubuntu, 26.04 LTS, amd64 resolute image built on 2026-08-11",
            "disk_size_gb": 10,
            "family": "ubuntu-2604-lts-amd64",
            "filter": null,
            "id": "projects/ubuntu-os-cloud/global/images/ubuntu-2604-resolute-amd64-v20260811",
            "image_encryption_key_sha256": "",
            "image_id": "6933302697501391479",
            "label_fingerprint": "iNBmVNCFF9w=",
            "labels": {
              "public-image": "true"
            },
            "licenses": [
              "https://www.googleapis.com/compute/v1/projects/ubuntu-os-cloud/global/licenses/ubuntu-2604-lts"
            ],
            "most_recent": false,
            "name": "ubuntu-2604-resolute-amd64-v20260811",
            "project": "ubuntu-os-cloud",
            "self_link": "https://www.googleapis.com/compute/v1/projects/ubuntu-os-cloud/global/images/ubuntu-2604-resolute-amd64-v20260811",
            "source_disk": "",
            "source_disk_encryption_key_sha256": "",
            "source_disk_id": "",
            "source_image_id": "",
            "status": "READY"
          },
          "sensitive_attributes": []
        }
      ]
    },
    {
      "mode": "data",
      "type": "google_compute_zones",
      "name": "available",
      "provider": "provider[\"registry.opentofu.org/hashicorp/google\"]",
      "instances": [
        {
          "schema_version": 0,
          "attributes": {
            "id": "projects/project-1ab07399-29ab-4352-8f8/regions/southamerica-west1",
            "names": [
              "southamerica-west1-a",
              "southamerica-west1-b",
              "southamerica-west1-c"
            ],
            "project": "project-1ab07399-29ab-4352-8f8",
            "region": "southamerica-west1",
            "status": "UP"
          },
          "sensitive_attributes": []
        }
      ]
    },
    {
      "mode": "managed",
      "type": "google_compute_address",
      "name": "nixos",
      "provider": "provider[\"registry.opentofu.org/hashicorp/google\"]",
      "instances": [
        {
          "index_key": 0,
          "schema_version": 0,
          "attributes": {
            "address": "34.0.48.251",
            "address_type": "EXTERNAL",
            "creation_timestamp": "2026-08-14T16:13:33.512-07:00",
            "description": "",
            "effective_labels": {
              "goog-terraform-provisioned": "true"
            },
            "id": "projects/project-1ab07399-29ab-4352-8f8/regions/southamerica-west1/addresses/santiago0-ip",
            "ip_version": "",
            "ipv6_endpoint_type": "",
            "label_fingerprint": "vezUS-42LLM=",
            "labels": null,
            "name": "santiago0-ip",
            "network": "",
            "network_tier": "STANDARD",
            "prefix_length": 0,
            "project": "project-1ab07399-29ab-4352-8f8",
            "purpose": "",
            "region": "southamerica-west1",
            "self_link": "https://www.googleapis.com/compute/v1/projects/project-1ab07399-29ab-4352-8f8/regions/southamerica-west1/addresses/santiago0-ip",
            "subnetwork": "",
            "terraform_labels": {
              "goog-terraform-provisioned": "true"
            },
            "timeouts": null,
            "users": []
          },
          "sensitive_attributes": [],
          "private": "eyJlMmJmYjczMC1lY2FhLTExZTYtOGY4OC0zNDM2M2JjN2M0YzAiOnsiY3JlYXRlIjoxMjAwMDAwMDAwMDAwLCJkZWxldGUiOjEyMDAwMDAwMDAwMDAsInVwZGF0ZSI6MTIwMDAwMDAwMDAwMH19"
        },
        {
          "index_key": 1,
          "schema_version": 0,
          "attributes": {
            "address": "34.0.50.126",
            "address_type": "EXTERNAL",
            "creation_timestamp": "2026-08-14T16:13:59.068-07:00",
            "description": "",
            "effective_labels": {
              "goog-terraform-provisioned": "true"
            },
            "id": "projects/project-1ab07399-29ab-4352-8f8/regions/southamerica-west1/addresses/santiago1-ip",
            "ip_version": "",
            "ipv6_endpoint_type": "",
            "label_fingerprint": "vezUS-42LLM=",
            "labels": null,
            "name": "santiago1-ip",
            "network": "",
            "network_tier": "STANDARD",
            "prefix_length": 0,
            "project": "project-1ab07399-29ab-4352-8f8",
            "purpose": "",
            "region": "southamerica-west1",
            "self_link": "https://www.googleapis.com/compute/v1/projects/project-1ab07399-29ab-4352-8f8/regions/southamerica-west1/addresses/santiago1-ip",
            "subnetwork": "",
            "terraform_labels": {
              "goog-terraform-provisioned": "true"
            },
            "timeouts": null,
            "users": []
          },
          "sensitive_attributes": [],
          "private": "eyJlMmJmYjczMC1lY2FhLTExZTYtOGY4OC0zNDM2M2JjN2M0YzAiOnsiY3JlYXRlIjoxMjAwMDAwMDAwMDAwLCJkZWxldGUiOjEyMDAwMDAwMDAwMDAsInVwZGF0ZSI6MTIwMDAwMDAwMDAwMH19"
        },
        {
          "index_key": 2,
          "schema_version": 0,
          "attributes": {
            "address": "34.0.54.123",
            "address_type": "EXTERNAL",
            "creation_timestamp": "2026-08-14T16:14:10.255-07:00",
            "description": "",
            "effective_labels": {
              "goog-terraform-provisioned": "true"
            },
            "id": "projects/project-1ab07399-29ab-4352-8f8/regions/southamerica-west1/addresses/santiago2-ip",
            "ip_version": "",
            "ipv6_endpoint_type": "",
            "label_fingerprint": "vezUS-42LLM=",
            "labels": null,
            "name": "santiago2-ip",
            "network": "",
            "network_tier": "STANDARD",
            "prefix_length": 0,
            "project": "project-1ab07399-29ab-4352-8f8",
            "purpose": "",
            "region": "southamerica-west1",
            "self_link": "https://www.googleapis.com/compute/v1/projects/project-1ab07399-29ab-4352-8f8/regions/southamerica-west1/addresses/santiago2-ip",
            "subnetwork": "",
            "terraform_labels": {
              "goog-terraform-provisioned": "true"
            },
            "timeouts": null,
            "users": []
          },
          "sensitive_attributes": [],
          "private": "eyJlMmJmYjczMC1lY2FhLTExZTYtOGY4OC0zNDM2M2JjN2M0YzAiOnsiY3JlYXRlIjoxMjAwMDAwMDAwMDAwLCJkZWxldGUiOjEyMDAwMDAwMDAwMDAsInVwZGF0ZSI6MTIwMDAwMDAwMDAwMH19"
        }
      ]
    },
    {
      "mode": "managed",
      "type": "google_compute_firewall",
      "name": "allow_icmp",
      "provider": "provider[\"registry.opentofu.org/hashicorp/google\"]",
      "instances": [
        {
          "index_key": 0,
          "schema_version": 1,
          "attributes": {
            "allow": [
              {
                "ports": [],
                "protocol": "icmp"
              }
            ],
            "creation_timestamp": "2026-08-14T16:14:48.853-07:00",
            "deny": [],
            "description": "",
            "destination_ranges": [],
            "direction": "INGRESS",
            "disabled": false,
            "enable_logging": null,
            "id": "projects/project-1ab07399-29ab-4352-8f8/global/firewalls/santiago-allow-icmp",
            "log_config": [],
            "name": "santiago-allow-icmp",
            "network": "https://www.googleapis.com/compute/v1/projects/project-1ab07399-29ab-4352-8f8/global/networks/santiago-vpc",
            "params": [],
            "priority": 1000,
            "project": "project-1ab07399-29ab-4352-8f8",
            "self_link": "https://www.googleapis.com/compute/v1/projects/project-1ab07399-29ab-4352-8f8/global/firewalls/santiago-allow-icmp",
            "source_ranges": [
              "0.0.0.0/0"
            ],
            "source_service_accounts": null,
            "source_tags": null,
            "target_service_accounts": null,
            "target_tags": [
              "santiago-ssh"
            ],
            "timeouts": null
          },
          "sensitive_attributes": [],
          "private": "eyJlMmJmYjczMC1lY2FhLTExZTYtOGY4OC0zNDM2M2JjN2M0YzAiOnsiY3JlYXRlIjoxMjAwMDAwMDAwMDAwLCJkZWxldGUiOjEyMDAwMDAwMDAwMDAsInVwZGF0ZSI6MTIwMDAwMDAwMDAwMH0sInNjaGVtYV92ZXJzaW9uIjoiMSJ9",
          "dependencies": [
            "google_compute_network.nixos"
          ]
        }
      ]
    },
    {
      "mode": "managed",
      "type": "google_compute_firewall",
      "name": "allow_ssh",
      "provider": "provider[\"registry.opentofu.org/hashicorp/google\"]",
      "instances": [
        {
          "schema_version": 1,
          "attributes": {
            "allow": [
              {
                "ports": [
                  "22",
                  "2409"
                ],
                "protocol": "tcp"
              }
            ],
            "creation_timestamp": "2026-08-14T16:15:03.215-07:00",
            "deny": [],
            "description": "",
            "destination_ranges": [],
            "direction": "INGRESS",
            "disabled": false,
            "enable_logging": null,
            "id": "projects/project-1ab07399-29ab-4352-8f8/global/firewalls/santiago-allow-ssh",
            "log_config": [],
            "name": "santiago-allow-ssh",
            "network": "https://www.googleapis.com/compute/v1/projects/project-1ab07399-29ab-4352-8f8/global/networks/santiago-vpc",
            "params": [],
            "priority": 1000,
            "project": "project-1ab07399-29ab-4352-8f8",
            "self_link": "https://www.googleapis.com/compute/v1/projects/project-1ab07399-29ab-4352-8f8/global/firewalls/santiago-allow-ssh",
            "source_ranges": [
              "0.0.0.0/0"
            ],
            "source_service_accounts": null,
            "source_tags": null,
            "target_service_accounts": null,
            "target_tags": [
              "santiago-ssh"
            ],
            "timeouts": null
          },
          "sensitive_attributes": [],
          "private": "eyJlMmJmYjczMC1lY2FhLTExZTYtOGY4OC0zNDM2M2JjN2M0YzAiOnsiY3JlYXRlIjoxMjAwMDAwMDAwMDAwLCJkZWxldGUiOjEyMDAwMDAwMDAwMDAsInVwZGF0ZSI6MTIwMDAwMDAwMDAwMH0sInNjaGVtYV92ZXJzaW9uIjoiMSJ9",
          "dependencies": [
            "google_compute_network.nixos"
          ]
        }
      ]
    },
    {
      "mode": "managed",
      "type": "google_compute_network",
      "name": "nixos",
      "provider": "provider[\"registry.opentofu.org/hashicorp/google\"]",
      "instances": [
        {
          "schema_version": 0,
          "attributes": {
            "auto_create_subnetworks": false,
            "bgp_always_compare_med": false,
            "bgp_best_path_selection_mode": "LEGACY",
            "bgp_inter_region_cost": "",
            "delete_default_routes_on_create": false,
            "description": "",
            "enable_ula_internal_ipv6": false,
            "gateway_ipv4": "",
            "id": "projects/project-1ab07399-29ab-4352-8f8/global/networks/santiago-vpc",
            "internal_ipv6_range": "",
            "mtu": 0,
            "name": "santiago-vpc",
            "network_firewall_policy_enforcement_order": "AFTER_CLASSIC_FIREWALL",
            "network_id": "7560245344350642119",
            "network_profile": "",
            "numeric_id": "7560245344350642119",
            "params": [],
            "project": "project-1ab07399-29ab-4352-8f8",
            "routing_mode": "REGIONAL",
            "self_link": "https://www.googleapis.com/compute/v1/projects/project-1ab07399-29ab-4352-8f8/global/networks/santiago-vpc",
            "timeouts": null
          },
          "sensitive_attributes": [],
          "private": "eyJlMmJmYjczMC1lY2FhLTExZTYtOGY4OC0zNDM2M2JjN2M0YzAiOnsiY3JlYXRlIjoxMjAwMDAwMDAwMDAwLCJkZWxldGUiOjEyMDAwMDAwMDAwMDAsInVwZGF0ZSI6MTIwMDAwMDAwMDAwMH19"
        }
      ]
    },
    {
      "mode": "managed",
      "type": "google_compute_subnetwork",
      "name": "nixos",
      "provider": "provider[\"registry.opentofu.org/hashicorp/google\"]",
      "instances": [
        {
          "schema_version": 0,
          "attributes": {
            "creation_timestamp": "2026-08-14T16:14:24.926-07:00",
            "description": "",
            "enable_flow_logs": false,
            "external_ipv6_prefix": "",
            "fingerprint": null,
            "gateway_address": "10.42.0.1",
            "id": "projects/project-1ab07399-29ab-4352-8f8/regions/southamerica-west1/subnetworks/santiago-subnet",
            "internal_ipv6_prefix": "",
            "ip_cidr_range": "10.42.0.0/24",
            "ip_collection": null,
            "ipv6_access_type": "",
            "ipv6_cidr_range": "",
            "ipv6_gce_endpoint": "",
            "log_config": [],
            "name": "santiago-subnet",
            "network": "https://www.googleapis.com/compute/v1/projects/project-1ab07399-29ab-4352-8f8/global/networks/santiago-vpc",
            "params": [],
            "private_ip_google_access": true,
            "private_ipv6_google_access": "DISABLE_GOOGLE_ACCESS",
            "project": "project-1ab07399-29ab-4352-8f8",
            "purpose": "PRIVATE",
            "region": "southamerica-west1",
            "reserved_internal_range": "",
            "role": "",
            "secondary_ip_range": [],
            "self_link": "https://www.googleapis.com/compute/v1/projects/project-1ab07399-29ab-4352-8f8/regions/southamerica-west1/subnetworks/santiago-subnet",
            "send_secondary_ip_range_if_empty": null,
            "stack_type": "IPV4_ONLY",
            "state": "",
            "subnetwork_id": 3672343589692776383,
            "timeouts": null
          },
          "sensitive_attributes": [],
          "private": "eyJlMmJmYjczMC1lY2FhLTExZTYtOGY4OC0zNDM2M2JjN2M0YzAiOnsiY3JlYXRlIjoxMjAwMDAwMDAwMDAwLCJkZWxldGUiOjEyMDAwMDAwMDAwMDAsInVwZGF0ZSI6MTIwMDAwMDAwMDAwMH19",
          "dependencies": [
            "google_compute_network.nixos"
          ]
        }
      ]
    }
  ],
  "check_results": [
    {
      "object_kind": "resource",
      "config_addr": "google_compute_instance.nixos",
      "status": "pass",
      "objects": [
        {
          "object_addr": "google_compute_instance.nixos[2]",
          "status": "pass"
        },
        {
          "object_addr": "google_compute_instance.nixos[0]",
          "status": "pass"
        },
        {
          "object_addr": "google_compute_instance.nixos[1]",
          "status": "pass"
        }
      ]
    },
    {
      "object_kind": "var",
      "config_addr": "var.spot_termination_action",
      "status": "pass",
      "objects": [
        {
          "object_addr": "var.spot_termination_action",
          "status": "pass"
        }
      ]
    }
  ]
}
