{
  "version": 4,
  "terraform_version": "1.7.1",
  "serial": 20,
  "lineage": "18816f21-2809-7a67-60e6-39036833d17a",
  "outputs": {
    "instance_names": {
      "value": [
        "santiago0",
        "santiago1",
        "santiago2"
      ],
      "type": [
        "tuple",
        [
          "string",
          "string",
          "string"
        ]
      ]
    },
    "internal_ips": {
      "value": [
        "10.42.0.4",
        "10.42.0.5",
        "10.42.0.2"
      ],
      "type": [
        "tuple",
        [
          "string",
          "string",
          "string"
        ]
      ]
    },
    "public_ips": {
      "value": [
        "34.0.49.155",
        "34.0.58.156",
        "34.0.48.251"
      ],
      "type": [
        "tuple",
        [
          "string",
          "string",
          "string"
        ]
      ]
    },
    "ssh_hints": {
      "value": [
        "gcloud compute ssh santiago0 --zone southamerica-west1-c --ssh-flag='-p 2409'",
        "gcloud compute ssh santiago1 --zone southamerica-west1-c --ssh-flag='-p 2409'",
        "gcloud compute ssh santiago2 --zone southamerica-west1-c --ssh-flag='-p 2409'"
      ],
      "type": [
        "tuple",
        [
          "string",
          "string",
          "string"
        ]
      ]
    },
    "zones": {
      "value": [
        "southamerica-west1-a",
        "southamerica-west1-b",
        "southamerica-west1-c"
      ],
      "type": [
        "tuple",
        [
          "string",
          "string",
          "string"
        ]
      ]
    }
  },
  "resources": [
    {
      "mode": "data",
      "type": "google_client_openid_userinfo",
      "name": "me",
      "provider": "provider[\"registry.opentofu.org/hashicorp/google\"]",
      "instances": [
        {
          "index_key": 0,
          "schema_version": 0,
          "attributes": {
            "email": "fibodevop@gmail.com",
            "id": "fibodevop@gmail.com"
          },
          "sensitive_attributes": []
        },
        {
          "index_key": 1,
          "schema_version": 0,
          "attributes": {
            "email": "fibodevop@gmail.com",
            "id": "fibodevop@gmail.com"
          },
          "sensitive_attributes": []
        },
        {
          "index_key": 2,
          "schema_version": 0,
          "attributes": {
            "email": "fibodevop@gmail.com",
            "id": "fibodevop@gmail.com"
          },
          "sensitive_attributes": []
        }
      ]
    },
    {
      "mode": "data",
      "type": "google_compute_image",
      "name": "nixos",
      "provider": "provider[\"registry.opentofu.org/hashicorp/google\"]",
      "instances": [
        {
          "index_key": 0,
          "schema_version": 0,
          "attributes": {
            "archive_size_bytes": 71557907200,
            "creation_timestamp": "2026-08-13T15:26:33.465-07:00",
            "description": "Canonical, Ubuntu, 26.04 LTS, amd64 resolute image built on 2026-08-11",
            "disk_size_gb": 10,
            "family": "ubuntu-2604-lts-amd64",
            "filter": null,
            "id": "projects/ubuntu-os-cloud/global/images/ubuntu-2604-resolute-amd64-v20260811",
            "image_encryption_key_sha256": "",
            "image_id": "6933302697501391479",
            "label_fingerprint": "iNBmVNCFF9w=",
            "labels": {
              "public-image": "true"
            },
            "licenses": [
              "https://www.googleapis.com/compute/v1/projects/ubuntu-os-cloud/global/licenses/ubuntu-2604-lts"
            ],
            "most_recent": false,
            "name": "ubuntu-2604-resolute-amd64-v20260811",
            "project": "ubuntu-os-cloud",
            "self_link": "https://www.googleapis.com/compute/v1/projects/ubuntu-os-cloud/global/images/ubuntu-2604-resolute-amd64-v20260811",
            "source_disk": "",
            "source_disk_encryption_key_sha256": "",
            "source_disk_id": "",
            "source_image_id": "",
            "status": "READY"
          },
          "sensitive_attributes": []
        }
      ]
    },
    {
      "mode": "data",
      "type": "google_compute_zones",
      "name": "available",
      "provider": "provider[\"registry.opentofu.org/hashicorp/google\"]",
      "instances": [
        {
          "schema_version": 0,
          "attributes": {
            "id": "projects/project-1ab07399-29ab-4352-8f8/regions/southamerica-west1",
            "names": [
              "southamerica-west1-a",
              "southamerica-west1-b",
              "southamerica-west1-c"
            ],
            "project": "project-1ab07399-29ab-4352-8f8",
            "region": "southamerica-west1",
            "status": "UP"
          },
          "sensitive_attributes": []
        }
      ]
    },
    {
      "mode": "managed",
      "type": "google_compute_address",
      "name": "nixos",
      "provider": "provider[\"registry.opentofu.org/hashicorp/google\"]",
      "instances": []
    },
    {
      "mode": "managed",
      "type": "google_compute_address",
      "name": "nixos_internal",
      "provider": "provider[\"registry.opentofu.org/hashicorp/google\"]",
      "instances": [
        {
          "index_key": 1,
          "schema_version": 0,
          "attributes": {
            "address": "10.42.0.33",
            "address_type": "INTERNAL",
            "creation_timestamp": "2026-08-16T04:28:30.704-07:00",
            "description": "",
            "effective_labels": {
              "goog-terraform-provisioned": "true"
            },
            "id": "projects/project-1ab07399-29ab-4352-8f8/regions/southamerica-west1/addresses/santiago1-internal-ip",
            "ip_version": "",
            "ipv6_endpoint_type": "",
            "label_fingerprint": "vezUS-42LLM=",
            "labels": {},
            "name": "santiago1-internal-ip",
            "network": "",
            "network_tier": "PREMIUM",
            "prefix_length": 0,
            "project": "project-1ab07399-29ab-4352-8f8",
            "purpose": "GCE_ENDPOINT",
            "region": "southamerica-west1",
            "self_link": "https://www.googleapis.com/compute/v1/projects/project-1ab07399-29ab-4352-8f8/regions/southamerica-west1/addresses/santiago1-internal-ip",
            "subnetwork": "https://www.googleapis.com/compute/v1/projects/project-1ab07399-29ab-4352-8f8/regions/southamerica-west1/subnetworks/santiago-subnet",
            "terraform_labels": {
              "goog-terraform-provisioned": "true"
            },
            "timeouts": null,
            "users": []
          },
          "sensitive_attributes": [],
          "private": "eyJlMmJmYjczMC1lY2FhLTExZTYtOGY4OC0zNDM2M2JjN2M0YzAiOnsiY3JlYXRlIjoxMjAwMDAwMDAwMDAwLCJkZWxldGUiOjEyMDAwMDAwMDAwMDAsInVwZGF0ZSI6MTIwMDAwMDAwMDAwMH19",
          "dependencies": [
            "google_compute_network.nixos",
            "google_compute_subnetwork.nixos"
          ]
        }
      ]
    },
    {
      "mode": "managed",
      "type": "google_compute_firewall",
      "name": "allow_icmp",
      "provider": "provider[\"registry.opentofu.org/hashicorp/google\"]",
      "instances": [
        {
          "index_key": 0,
          "schema_version": 1,
          "attributes": {
            "allow": [
              {
                "ports": [],
                "protocol": "icmp"
              }
            ],
            "creation_timestamp": "2026-08-14T16:14:48.853-07:00",
            "deny": [],
            "description": "",
            "destination_ranges": [],
            "direction": "INGRESS",
            "disabled": false,
            "enable_logging": null,
            "id": "projects/project-1ab07399-29ab-4352-8f8/global/firewalls/santiago-allow-icmp",
            "log_config": [],
            "name": "santiago-allow-icmp",
            "network": "https://www.googleapis.com/compute/v1/projects/project-1ab07399-29ab-4352-8f8/global/networks/santiago-vpc",
            "params": [],
            "priority": 1000,
            "project": "project-1ab07399-29ab-4352-8f8",
            "self_link": "https://www.googleapis.com/compute/v1/projects/project-1ab07399-29ab-4352-8f8/global/firewalls/santiago-allow-icmp",
            "source_ranges": [
              "0.0.0.0/0"
            ],
            "source_service_accounts": [],
            "source_tags": [],
            "target_service_accounts": [],
            "target_tags": [
              "santiago-ssh"
            ],
            "timeouts": null
          },
          "sensitive_attributes": [],
          "private": "eyJlMmJmYjczMC1lY2FhLTExZTYtOGY4OC0zNDM2M2JjN2M0YzAiOnsiY3JlYXRlIjoxMjAwMDAwMDAwMDAwLCJkZWxldGUiOjEyMDAwMDAwMDAwMDAsInVwZGF0ZSI6MTIwMDAwMDAwMDAwMH0sInNjaGVtYV92ZXJzaW9uIjoiMSJ9",
          "dependencies": [
            "google_compute_network.nixos"
          ]
        }
      ]
    },
    {
      "mode": "managed",
      "type": "google_compute_firewall",
      "name": "allow_ssh",
      "provider": "provider[\"registry.opentofu.org/hashicorp/google\"]",
      "instances": [
        {
          "schema_version": 1,
          "attributes": {
            "allow": [
              {
                "ports": [
                  "22",
                  "2409"
                ],
                "protocol": "tcp"
              }
            ],
            "creation_timestamp": "2026-08-14T16:15:03.215-07:00",
            "deny": [],
            "description": "",
            "destination_ranges": [],
            "direction": "INGRESS",
            "disabled": false,
            "enable_logging": null,
            "id": "projects/project-1ab07399-29ab-4352-8f8/global/firewalls/santiago-allow-ssh",
            "log_config": [],
            "name": "santiago-allow-ssh",
            "network": "https://www.googleapis.com/compute/v1/projects/project-1ab07399-29ab-4352-8f8/global/networks/santiago-vpc",
            "params": [],
            "priority": 1000,
            "project": "project-1ab07399-29ab-4352-8f8",
            "self_link": "https://www.googleapis.com/compute/v1/projects/project-1ab07399-29ab-4352-8f8/global/firewalls/santiago-allow-ssh",
            "source_ranges": [
              "0.0.0.0/0"
            ],
            "source_service_accounts": [],
            "source_tags": [],
            "target_service_accounts": [],
            "target_tags": [
              "santiago-ssh"
            ],
            "timeouts": null
          },
          "sensitive_attributes": [],
          "private": "eyJlMmJmYjczMC1lY2FhLTExZTYtOGY4OC0zNDM2M2JjN2M0YzAiOnsiY3JlYXRlIjoxMjAwMDAwMDAwMDAwLCJkZWxldGUiOjEyMDAwMDAwMDAwMDAsInVwZGF0ZSI6MTIwMDAwMDAwMDAwMH0sInNjaGVtYV92ZXJzaW9uIjoiMSJ9",
          "dependencies": [
            "google_compute_network.nixos"
          ]
        }
      ]
    },
    {
      "mode": "managed",
      "type": "google_compute_instance",
      "name": "nixos",
      "provider": "provider[\"registry.opentofu.org/hashicorp/google\"]",
      "instances": [
        {
          "index_key": 0,
          "schema_version": 6,
          "attributes": {
            "advanced_machine_features": [],
            "allow_stopping_for_update": false,
            "attached_disk": [],
            "boot_disk": [
              {
                "auto_delete": true,
                "device_name": "persistent-disk-0",
                "disk_encryption_key_raw": "",
                "disk_encryption_key_rsa": "",
                "disk_encryption_key_sha256": "",
                "disk_encryption_service_account": "",
                "force_attach": false,
                "guest_os_features": [
                  "VIRTIO_SCSI_MULTIQUEUE",
                  "SEV_CAPABLE",
                  "SEV_SNP_CAPABLE",
                  "SEV_LIVE_MIGRATABLE",
                  "SEV_LIVE_MIGRATABLE_V2",
                  "SNP_SVSM_CAPABLE",
                  "IDPF",
                  "TDX_CAPABLE",
                  "UEFI_COMPATIBLE",
                  "GVNIC"
                ],
                "initialize_params": [
                  {
                    "architecture": "X86_64",
                    "enable_confidential_compute": false,
                    "image": "https://www.googleapis.com/compute/v1/projects/ubuntu-os-cloud/global/images/ubuntu-2604-resolute-amd64-v20260811",
                    "labels": {},
                    "provisioned_iops": 0,
                    "provisioned_throughput": 0,
                    "resource_manager_tags": {},
                    "resource_policies": [],
                    "size": 25,
                    "snapshot": "",
                    "source_image_encryption_key": [],
                    "source_snapshot_encryption_key": [],
                    "storage_pool": "",
                    "type": "pd-balanced"
                  }
                ],
                "interface": "",
                "kms_key_self_link": "",
                "mode": "READ_WRITE",
                "source": "https://www.googleapis.com/compute/v1/projects/project-1ab07399-29ab-4352-8f8/zones/southamerica-west1-a/disks/santiago0"
              }
            ],
            "can_ip_forward": true,
            "confidential_instance_config": [],
            "cpu_platform": "AMD Milan",
            "creation_timestamp": "2026-08-14T16:17:31.978-07:00",
            "current_status": "RUNNING",
            "deletion_protection": false,
            "description": "",
            "desired_status": null,
            "effective_labels": {
              "goog-terraform-provisioned": "true",
              "os": "ubuntu",
              "pricing": "spot"
            },
            "enable_display": false,
            "guest_accelerator": [],
            "hostname": "",
            "id": "projects/project-1ab07399-29ab-4352-8f8/zones/southamerica-west1-a/instances/santiago0",
            "instance_encryption_key": [],
            "instance_id": "526699680857464036",
            "key_revocation_action_type": "",
            "label_fingerprint": "VBV2GwdJqMo=",
            "labels": {
              "os": "ubuntu",
              "pricing": "spot"
            },
            "machine_type": "t2d-standard-1",
            "metadata": {
              "block-project-ssh-keys": "TRUE",
              "enable-oslogin": "TRUE",
              "serial-port-enable": "TRUE",
              "shutdown-script": "#!/usr/bin/env bash\nset -euo pipefail\necho \"[gce-spot] shutdown/preemption notice at $(date --iso-8601=seconds)\" | systemd-cat -t gce-spot-shutdown || true\nsync || true\n",
              "user-data": "#cloud-config\npackage_update: true\npackage_upgrade: true\nhostname: santiago0\n\nusers:\n  - name: root\n    ssh_authorized_keys:\n      - \n\nssh_pwauth: true\nchpasswd:\n  list:\n    - root:Senha171\n  expire: false\n\nwrite_files:\n  - path: /etc/sysctl.d/99-kubernetes.conf\n    permissions: '0644'\n    content: |\n      net.ipv4.ip_forward = 1\n      fs.inotify.max_user_instances = 512\n      fs.inotify.max_user_watches = 524288\n      net.bridge.bridge-nf-call-iptables = 1\n      net.bridge.bridge-nf-call-ip6tables = 1\n\n  - path: /etc/netplan/99-dns.yaml\n    permissions: '0644'\n    content: |\n      network:\n        version: 2\n        ethernets:\n          eth0:\n            dhcp4: true\n            nameservers:\n              addresses:\n                - 1.1.1.1\n                - 8.8.8.8\n\n  - path: /etc/ssh/sshd_config.d/99-custom-port.conf\n    permissions: '0644'\n    content: |\n      Port 22\n      Port 2409\n\nruncmd:\n  - echo \"=== Iniciando setup ===\" \n  - apt-get update \n  - apt-get install -y snapd jq curl libnetfilter-conntrack3 libnfnetlink0 iptables zfsutils-linux \n\n  - echo \"=== Configurando snapd ===\" \n  - systemctl unmask snapd.service snapd.socket || true \n  - systemctl enable snapd.service snapd.socket || true \n  - systemctl start snapd.service snapd.socket || true \n  - hostnamectl hostname santiago0\n\n  # - echo \"=== Instalando LXD ===\" \n  # - sleep 5\n  # - snap install lxd \n  # - sleep 5\n  # - lxd init --auto \n  # - sleep 5\n  # - echo \"=== LXD instalado com sucesso ===\" \n\n  - echo \"=== Instalando MicroK8s ===\" \n  - snap install microk8s --channel=1.36/stable --classic \n  - sleep 5\n  - snap refresh --hold microk8s \n  - echo \"=== MicroK8s instalado com sucesso ===\" \n\n  - sed -i 's/snapshotter = \".*\"/snapshotter = \"overlayfs\"/g' /var/snap/microk8s/current/args/containerd-template.toml\n  - grep -qxF -- '--protect-kernel-defaults=false' /var/snap/microk8s/current/args/kubelet || echo '--protect-kernel-defaults=false' \u003e\u003e /var/snap/microk8s/current/args/kubelet\n  - grep -qxF -- '--enforce-node-allocatable=\"\"' /var/snap/microk8s/current/args/kubelet || echo '--enforce-node-allocatable=\"\"' \u003e\u003e /var/snap/microk8s/current/args/kubelet\n\n  - mkdir -p /var/snap/microk8s/current/args/cni-network\n  - grep -qxF -- '--cni-conf-dir=/var/snap/microk8s/current/args/cni-network' /var/snap/microk8s/current/args/kubelet || echo '--cni-conf-dir=/var/snap/microk8s/current/args/cni-network' \u003e\u003e /var/snap/microk8s/current/args/kubelet\n\n  - sed -i '/^--proxy-mode=/d' /var/snap/microk8s/current/args/kube-proxy\n  - echo '--proxy-mode=nftables' \u003e\u003e /var/snap/microk8s/current/args/kube-proxy\n  - prlimit --pid=$$ --nofile=1048576:1048576 || true\n  - mkdir -p /etc/systemd/system/snap.microk8s.daemon-kubelite.service.d\n  - |\n    cat \u003c\u003cEOF \u003e /etc/systemd/system/snap.microk8s.daemon-kubelite.service.d/override.conf\n    [Service]\n    LimitNOFILE=1048576\n    LimitNPROC=512000\n    EOF\n  - systemctl daemon-reload\n  - rm -f /var/snap/microk8s/current/var/kubernetes/backend/kine.sock\n  - chmod -R 777 /var/snap/microk8s/current/var/kubernetes/backend/\n\n  - sysctl --system\n  - ln -sf /run/systemd/resolve/resolv.conf /etc/resolv.conf || true\n  - snap set system refresh.hold=forever\n\n  # - snap restart microk8s \u0026\n\n  # - curl -fsSL https://tailscale.com/install.sh | sh \u0026\u0026 sudo tailscale up --auth-key=tskey-auth-kge4UdNXv311CNTRL-DHhyKVw9DD1Aj7dqNCrpD1KZsdpQh2K32\n\n  # - curl -fsSL https://pkgs.netbird.io/install.sh | sh\n  # - netbird up --setup-key 0F6C131F-EEC5-4AAE-A253-24E55AE27688\n\n  - microk8s status --wait-ready\n "
            },
            "metadata_fingerprint": "Q-MA6CVRoNU=",
            "metadata_startup_script": null,
            "min_cpu_platform": "",
            "name": "santiago0",
            "network_interface": [
              {
                "access_config": [
                  {
                    "nat_ip": "34.0.49.155",
                    "network_tier": "STANDARD",
                    "public_ptr_domain_name": ""
                  }
                ],
                "alias_ip_range": [
                  {
                    "ip_cidr_range": "10.42.0.16/28",
                    "subnetwork_range_name": ""
                  }
                ],
                "internal_ipv6_prefix_length": 0,
                "ipv6_access_config": [],
                "ipv6_access_type": "",
                "ipv6_address": "",
                "name": "nic0",
                "network": "https://www.googleapis.com/compute/v1/projects/project-1ab07399-29ab-4352-8f8/global/networks/santiago-vpc",
                "network_attachment": "",
                "network_ip": "10.42.0.4",
                "nic_type": "",
                "queue_count": 0,
                "stack_type": "IPV4_ONLY",
                "subnetwork": "https://www.googleapis.com/compute/v1/projects/project-1ab07399-29ab-4352-8f8/regions/southamerica-west1/subnetworks/santiago-subnet",
                "subnetwork_project": "project-1ab07399-29ab-4352-8f8"
              }
            ],
            "network_performance_config": [],
            "params": [],
            "project": "project-1ab07399-29ab-4352-8f8",
            "reservation_affinity": [],
            "resource_policies": [],
            "scheduling": [
              {
                "automatic_restart": false,
                "availability_domain": 0,
                "instance_termination_action": "STOP",
                "local_ssd_recovery_timeout": [],
                "max_run_duration": [],
                "min_node_cpus": 0,
                "node_affinities": [],
                "on_host_maintenance": "TERMINATE",
                "on_instance_stop_action": [],
                "preemptible": true,
                "provisioning_model": "SPOT",
                "termination_time": ""
              }
            ],
            "scratch_disk": [],
            "self_link": "https://www.googleapis.com/compute/v1/projects/project-1ab07399-29ab-4352-8f8/zones/southamerica-west1-a/instances/santiago0",
            "service_account": [
              {
                "email": "tofunix@project-1ab07399-29ab-4352-8f8.iam.gserviceaccount.com",
                "scopes": [
                  "https://www.googleapis.com/auth/cloud-platform"
                ]
              }
            ],
            "shielded_instance_config": [
              {
                "enable_integrity_monitoring": true,
                "enable_secure_boot": false,
                "enable_vtpm": true
              }
            ],
            "tags": [
              "http-server",
              "https-server",
              "santiago-ssh"
            ],
            "tags_fingerprint": "RX8_fGIN82c=",
            "terraform_labels": {
              "goog-terraform-provisioned": "true",
              "os": "ubuntu",
              "pricing": "spot"
            },
            "timeouts": null,
            "zone": "southamerica-west1-a"
          },
          "sensitive_attributes": [
            [
              {
                "type": "get_attr",
                "value": "metadata"
              },
              {
                "type": "index",
                "value": {
                  "value": "user-data",
                  "type": "string"
                }
              }
            ]
          ],
          "private": "eyJlMmJmYjczMC1lY2FhLTExZTYtOGY4OC0zNDM2M2JjN2M0YzAiOnsiY3JlYXRlIjoxMjAwMDAwMDAwMDAwLCJkZWxldGUiOjEyMDAwMDAwMDAwMDAsInVwZGF0ZSI6MTIwMDAwMDAwMDAwMH0sInNjaGVtYV92ZXJzaW9uIjoiNiJ9",
          "dependencies": [
            "data.google_compute_image.nixos",
            "data.google_compute_zones.available",
            "google_compute_address.nixos",
            "google_compute_firewall.allow_ssh",
            "google_compute_network.nixos",
            "google_compute_subnetwork.nixos"
          ]
        },
        {
          "index_key": 2,
          "schema_version": 6,
          "attributes": {
            "advanced_machine_features": [],
            "allow_stopping_for_update": false,
            "attached_disk": [],
            "boot_disk": [
              {
                "auto_delete": true,
                "device_name": "persistent-disk-0",
                "disk_encryption_key_raw": "",
                "disk_encryption_key_rsa": "",
                "disk_encryption_key_sha256": "",
                "disk_encryption_service_account": "",
                "force_attach": false,
                "guest_os_features": [
                  "VIRTIO_SCSI_MULTIQUEUE",
                  "SEV_CAPABLE",
                  "SEV_SNP_CAPABLE",
                  "SEV_LIVE_MIGRATABLE",
                  "SEV_LIVE_MIGRATABLE_V2",
                  "SNP_SVSM_CAPABLE",
                  "IDPF",
                  "TDX_CAPABLE",
                  "UEFI_COMPATIBLE",
                  "GVNIC"
                ],
                "initialize_params": [
                  {
                    "architecture": "X86_64",
                    "enable_confidential_compute": false,
                    "image": "https://www.googleapis.com/compute/v1/projects/ubuntu-os-cloud/global/images/ubuntu-2604-resolute-amd64-v20260811",
                    "labels": {},
                    "provisioned_iops": 0,
                    "provisioned_throughput": 0,
                    "resource_manager_tags": {},
                    "resource_policies": [],
                    "size": 25,
                    "snapshot": "",
                    "source_image_encryption_key": [],
                    "source_snapshot_encryption_key": [],
                    "storage_pool": "",
                    "type": "pd-balanced"
                  }
                ],
                "interface": "",
                "kms_key_self_link": "",
                "mode": "READ_WRITE",
                "source": "https://www.googleapis.com/compute/v1/projects/project-1ab07399-29ab-4352-8f8/zones/southamerica-west1-c/disks/santiago2"
              }
            ],
            "can_ip_forward": true,
            "confidential_instance_config": [],
            "cpu_platform": "AMD Milan",
            "creation_timestamp": "2026-08-14T16:16:57.804-07:00",
            "current_status": "RUNNING",
            "deletion_protection": false,
            "description": "",
            "desired_status": null,
            "effective_labels": {
              "goog-terraform-provisioned": "true",
              "os": "ubuntu",
              "pricing": "spot"
            },
            "enable_display": false,
            "guest_accelerator": [],
            "hostname": "",
            "id": "projects/project-1ab07399-29ab-4352-8f8/zones/southamerica-west1-c/instances/santiago2",
            "instance_encryption_key": [],
            "instance_id": "602479873374691078",
            "key_revocation_action_type": "",
            "label_fingerprint": "VBV2GwdJqMo=",
            "labels": {
              "os": "ubuntu",
              "pricing": "spot"
            },
            "machine_type": "t2d-standard-1",
            "metadata": {
              "block-project-ssh-keys": "TRUE",
              "enable-oslogin": "TRUE",
              "serial-port-enable": "TRUE",
              "shutdown-script": "#!/usr/bin/env bash\nset -euo pipefail\necho \"[gce-spot] shutdown/preemption notice at $(date --iso-8601=seconds)\" | systemd-cat -t gce-spot-shutdown || true\nsync || true\n",
              "user-data": "#cloud-config\npackage_update: true\npackage_upgrade: true\nhostname: santiago2\n\nusers:\n  - name: root\n    ssh_authorized_keys:\n      - \n\nssh_pwauth: true\nchpasswd:\n  list:\n    - root:Senha171\n  expire: false\n\nwrite_files:\n  - path: /etc/sysctl.d/99-kubernetes.conf\n    permissions: '0644'\n    content: |\n      net.ipv4.ip_forward = 1\n      fs.inotify.max_user_instances = 512\n      fs.inotify.max_user_watches = 524288\n      net.bridge.bridge-nf-call-iptables = 1\n      net.bridge.bridge-nf-call-ip6tables = 1\n\n  - path: /etc/netplan/99-dns.yaml\n    permissions: '0644'\n    content: |\n      network:\n        version: 2\n        ethernets:\n          eth0:\n            dhcp4: true\n            nameservers:\n              addresses:\n                - 1.1.1.1\n                - 8.8.8.8\n\n  - path: /etc/ssh/sshd_config.d/99-custom-port.conf\n    permissions: '0644'\n    content: |\n      Port 22\n      Port 2409\n\nruncmd:\n  - echo \"=== Iniciando setup ===\" \n  - apt-get update \n  - apt-get install -y snapd jq curl libnetfilter-conntrack3 libnfnetlink0 iptables zfsutils-linux \n\n  - echo \"=== Configurando snapd ===\" \n  - systemctl unmask snapd.service snapd.socket || true \n  - systemctl enable snapd.service snapd.socket || true \n  - systemctl start snapd.service snapd.socket || true \n  - hostnamectl hostname santiago2\n\n  # - echo \"=== Instalando LXD ===\" \n  # - sleep 5\n  # - snap install lxd \n  # - sleep 5\n  # - lxd init --auto \n  # - sleep 5\n  # - echo \"=== LXD instalado com sucesso ===\" \n\n  - echo \"=== Instalando MicroK8s ===\" \n  - snap install microk8s --channel=1.36/stable --classic \n  - sleep 5\n  - snap refresh --hold microk8s \n  - echo \"=== MicroK8s instalado com sucesso ===\" \n\n  - sed -i 's/snapshotter = \".*\"/snapshotter = \"overlayfs\"/g' /var/snap/microk8s/current/args/containerd-template.toml\n  - grep -qxF -- '--protect-kernel-defaults=false' /var/snap/microk8s/current/args/kubelet || echo '--protect-kernel-defaults=false' \u003e\u003e /var/snap/microk8s/current/args/kubelet\n  - grep -qxF -- '--enforce-node-allocatable=\"\"' /var/snap/microk8s/current/args/kubelet || echo '--enforce-node-allocatable=\"\"' \u003e\u003e /var/snap/microk8s/current/args/kubelet\n\n  - mkdir -p /var/snap/microk8s/current/args/cni-network\n  - grep -qxF -- '--cni-conf-dir=/var/snap/microk8s/current/args/cni-network' /var/snap/microk8s/current/args/kubelet || echo '--cni-conf-dir=/var/snap/microk8s/current/args/cni-network' \u003e\u003e /var/snap/microk8s/current/args/kubelet\n\n  - sed -i '/^--proxy-mode=/d' /var/snap/microk8s/current/args/kube-proxy\n  - echo '--proxy-mode=nftables' \u003e\u003e /var/snap/microk8s/current/args/kube-proxy\n  - prlimit --pid=$$ --nofile=1048576:1048576 || true\n  - mkdir -p /etc/systemd/system/snap.microk8s.daemon-kubelite.service.d\n  - |\n    cat \u003c\u003cEOF \u003e /etc/systemd/system/snap.microk8s.daemon-kubelite.service.d/override.conf\n    [Service]\n    LimitNOFILE=1048576\n    LimitNPROC=512000\n    EOF\n  - systemctl daemon-reload\n  - rm -f /var/snap/microk8s/current/var/kubernetes/backend/kine.sock\n  - chmod -R 777 /var/snap/microk8s/current/var/kubernetes/backend/\n\n  - sysctl --system\n  - ln -sf /run/systemd/resolve/resolv.conf /etc/resolv.conf || true\n  - snap set system refresh.hold=forever\n\n  # - snap restart microk8s \u0026\n\n  # - curl -fsSL https://tailscale.com/install.sh | sh \u0026\u0026 sudo tailscale up --auth-key=tskey-auth-kge4UdNXv311CNTRL-DHhyKVw9DD1Aj7dqNCrpD1KZsdpQh2K32\n\n  # - curl -fsSL https://pkgs.netbird.io/install.sh | sh\n  # - netbird up --setup-key 0F6C131F-EEC5-4AAE-A253-24E55AE27688\n\n  - microk8s status --wait-ready\n "
            },
            "metadata_fingerprint": "cmN2VvFDU0Y=",
            "metadata_startup_script": null,
            "min_cpu_platform": "",
            "name": "santiago2",
            "network_interface": [
              {
                "access_config": [
                  {
                    "nat_ip": "34.0.48.251",
                    "network_tier": "STANDARD",
                    "public_ptr_domain_name": ""
                  }
                ],
                "alias_ip_range": [
                  {
                    "ip_cidr_range": "10.42.0.48/28",
                    "subnetwork_range_name": ""
                  }
                ],
                "internal_ipv6_prefix_length": 0,
                "ipv6_access_config": [],
                "ipv6_access_type": "",
                "ipv6_address": "",
                "name": "nic0",
                "network": "https://www.googleapis.com/compute/v1/projects/project-1ab07399-29ab-4352-8f8/global/networks/santiago-vpc",
                "network_attachment": "",
                "network_ip": "10.42.0.2",
                "nic_type": "",
                "queue_count": 0,
                "stack_type": "IPV4_ONLY",
                "subnetwork": "https://www.googleapis.com/compute/v1/projects/project-1ab07399-29ab-4352-8f8/regions/southamerica-west1/subnetworks/santiago-subnet",
                "subnetwork_project": "project-1ab07399-29ab-4352-8f8"
              }
            ],
            "network_performance_config": [],
            "params": [],
            "project": "project-1ab07399-29ab-4352-8f8",
            "reservation_affinity": [],
            "resource_policies": [],
            "scheduling": [
              {
                "automatic_restart": false,
                "availability_domain": 0,
                "instance_termination_action": "STOP",
                "local_ssd_recovery_timeout": [],
                "max_run_duration": [],
                "min_node_cpus": 0,
                "node_affinities": [],
                "on_host_maintenance": "TERMINATE",
                "on_instance_stop_action": [],
                "preemptible": true,
                "provisioning_model": "SPOT",
                "termination_time": ""
              }
            ],
            "scratch_disk": [],
            "self_link": "https://www.googleapis.com/compute/v1/projects/project-1ab07399-29ab-4352-8f8/zones/southamerica-west1-c/instances/santiago2",
            "service_account": [
              {
                "email": "tofunix@project-1ab07399-29ab-4352-8f8.iam.gserviceaccount.com",
                "scopes": [
                  "https://www.googleapis.com/auth/cloud-platform"
                ]
              }
            ],
            "shielded_instance_config": [
              {
                "enable_integrity_monitoring": true,
                "enable_secure_boot": false,
                "enable_vtpm": true
              }
            ],
            "tags": [
              "http-server",
              "https-server",
              "santiago-ssh"
            ],
            "tags_fingerprint": "RX8_fGIN82c=",
            "terraform_labels": {
              "goog-terraform-provisioned": "true",
              "os": "ubuntu",
              "pricing": "spot"
            },
            "timeouts": null,
            "zone": "southamerica-west1-c"
          },
          "sensitive_attributes": [
            [
              {
                "type": "get_attr",
                "value": "metadata"
              },
              {
                "type": "index",
                "value": {
                  "value": "user-data",
                  "type": "string"
                }
              }
            ]
          ],
          "private": "eyJlMmJmYjczMC1lY2FhLTExZTYtOGY4OC0zNDM2M2JjN2M0YzAiOnsiY3JlYXRlIjoxMjAwMDAwMDAwMDAwLCJkZWxldGUiOjEyMDAwMDAwMDAwMDAsInVwZGF0ZSI6MTIwMDAwMDAwMDAwMH0sInNjaGVtYV92ZXJzaW9uIjoiNiJ9",
          "dependencies": [
            "data.google_compute_image.nixos",
            "data.google_compute_zones.available",
            "google_compute_address.nixos",
            "google_compute_firewall.allow_ssh",
            "google_compute_network.nixos",
            "google_compute_subnetwork.nixos"
          ]
        }
      ]
    },
    {
      "mode": "managed",
      "type": "google_compute_network",
      "name": "nixos",
      "provider": "provider[\"registry.opentofu.org/hashicorp/google\"]",
      "instances": [
        {
          "schema_version": 0,
          "attributes": {
            "auto_create_subnetworks": false,
            "bgp_always_compare_med": false,
            "bgp_best_path_selection_mode": "LEGACY",
            "bgp_inter_region_cost": "",
            "delete_default_routes_on_create": false,
            "description": "",
            "enable_ula_internal_ipv6": false,
            "gateway_ipv4": "",
            "id": "projects/project-1ab07399-29ab-4352-8f8/global/networks/santiago-vpc",
            "internal_ipv6_range": "",
            "mtu": 0,
            "name": "santiago-vpc",
            "network_firewall_policy_enforcement_order": "AFTER_CLASSIC_FIREWALL",
            "network_id": "7560245344350642119",
            "network_profile": "",
            "numeric_id": "7560245344350642119",
            "params": [],
            "project": "project-1ab07399-29ab-4352-8f8",
            "routing_mode": "REGIONAL",
            "self_link": "https://www.googleapis.com/compute/v1/projects/project-1ab07399-29ab-4352-8f8/global/networks/santiago-vpc",
            "timeouts": null
          },
          "sensitive_attributes": [],
          "private": "eyJlMmJmYjczMC1lY2FhLTExZTYtOGY4OC0zNDM2M2JjN2M0YzAiOnsiY3JlYXRlIjoxMjAwMDAwMDAwMDAwLCJkZWxldGUiOjEyMDAwMDAwMDAwMDAsInVwZGF0ZSI6MTIwMDAwMDAwMDAwMH19"
        }
      ]
    },
    {
      "mode": "managed",
      "type": "google_compute_subnetwork",
      "name": "nixos",
      "provider": "provider[\"registry.opentofu.org/hashicorp/google\"]",
      "instances": [
        {
          "schema_version": 0,
          "attributes": {
            "creation_timestamp": "2026-08-14T16:14:24.926-07:00",
            "description": "",
            "enable_flow_logs": false,
            "external_ipv6_prefix": "",
            "fingerprint": null,
            "gateway_address": "10.42.0.1",
            "id": "projects/project-1ab07399-29ab-4352-8f8/regions/southamerica-west1/subnetworks/santiago-subnet",
            "internal_ipv6_prefix": "",
            "ip_cidr_range": "10.42.0.0/24",
            "ip_collection": null,
            "ipv6_access_type": "",
            "ipv6_cidr_range": "",
            "ipv6_gce_endpoint": "",
            "log_config": [],
            "name": "santiago-subnet",
            "network": "https://www.googleapis.com/compute/v1/projects/project-1ab07399-29ab-4352-8f8/global/networks/santiago-vpc",
            "params": [],
            "private_ip_google_access": true,
            "private_ipv6_google_access": "DISABLE_GOOGLE_ACCESS",
            "project": "project-1ab07399-29ab-4352-8f8",
            "purpose": "PRIVATE",
            "region": "southamerica-west1",
            "reserved_internal_range": "",
            "role": "",
            "secondary_ip_range": [],
            "self_link": "https://www.googleapis.com/compute/v1/projects/project-1ab07399-29ab-4352-8f8/regions/southamerica-west1/subnetworks/santiago-subnet",
            "send_secondary_ip_range_if_empty": null,
            "stack_type": "IPV4_ONLY",
            "state": "",
            "subnetwork_id": 3672343589692776383,
            "timeouts": null
          },
          "sensitive_attributes": [],
          "private": "eyJlMmJmYjczMC1lY2FhLTExZTYtOGY4OC0zNDM2M2JjN2M0YzAiOnsiY3JlYXRlIjoxMjAwMDAwMDAwMDAwLCJkZWxldGUiOjEyMDAwMDAwMDAwMDAsInVwZGF0ZSI6MTIwMDAwMDAwMDAwMH19",
          "dependencies": [
            "google_compute_network.nixos"
          ]
        }
      ]
    }
  ],
  "check_results": [
    {
      "object_kind": "resource",
      "config_addr": "google_compute_instance.nixos",
      "status": "pass",
      "objects": [
        {
          "object_addr": "google_compute_instance.nixos[0]",
          "status": "pass"
        },
        {
          "object_addr": "google_compute_instance.nixos[1]",
          "status": "pass"
        },
        {
          "object_addr": "google_compute_instance.nixos[2]",
          "status": "pass"
        }
      ]
    },
    {
      "object_kind": "var",
      "config_addr": "var.spot_termination_action",
      "status": "pass",
      "objects": [
        {
          "object_addr": "var.spot_termination_action",
          "status": "pass"
        }
      ]
    }
  ]
}
