{
  "version": 4,
  "terraform_version": "1.12.1",
  "serial": 93,
  "lineage": "e2c315ea-1ebd-cb71-9171-e3e6b8c03dde",
  "outputs": {
    "efs_dns_name": {
      "value": "fs-04ef6e005c89a49e4.efs.us-east-2.amazonaws.com",
      "type": "string"
    },
    "efs_file_system_id": {
      "value": "fs-04ef6e005c89a49e4",
      "type": "string"
    },
    "spot_fleet_id": {
      "value": "sfr-b80f1794-9bbf-4e6e-b40c-a385ce12044e",
      "type": "string"
    },
    "spot_fleet_request_state": {
      "value": "active",
      "type": "string"
    }
  },
  "resources": [
    {
      "mode": "data",
      "type": "aws_ami",
      "name": "nixos_x86_64",
      "provider": "provider[\"registry.opentofu.org/hashicorp/aws\"]",
      "instances": [
        {
          "schema_version": 0,
          "attributes": {
            "allow_unsafe_filter": null,
            "architecture": "x86_64",
            "arn": "arn:aws:ec2:us-east-2::image/ami-05382d0d77ef6759c",
            "block_device_mappings": [
              {
                "device_name": "/dev/xvda",
                "ebs": {
                  "delete_on_termination": "true",
                  "encrypted": "false",
                  "iops": "0",
                  "snapshot_id": "snap-0ac2627e6394a48d9",
                  "throughput": "0",
                  "volume_initialization_rate": "0",
                  "volume_size": "5",
                  "volume_type": "gp3"
                },
                "no_device": "",
                "virtual_name": ""
              }
            ],
            "boot_mode": "legacy-bios",
            "creation_date": "2026-07-05T00:49:08.000Z",
            "deprecation_time": "2026-10-03T00:56:00.000Z",
            "description": "",
            "ena_support": true,
            "executable_users": null,
            "filter": [
              {
                "name": "architecture",
                "values": [
                  "x86_64"
                ]
              },
              {
                "name": "name",
                "values": [
                  "nixos/26.05*"
                ]
              }
            ],
            "hypervisor": "xen",
            "id": "ami-05382d0d77ef6759c",
            "image_id": "ami-05382d0d77ef6759c",
            "image_location": "427812963091/nixos/26.05.4193.a50de1b7d8a5-x86_64-linux",
            "image_owner_alias": "",
            "image_type": "machine",
            "imds_support": "v2.0",
            "include_deprecated": false,
            "kernel_id": "",
            "last_launched_time": "",
            "most_recent": true,
            "name": "nixos/26.05.4193.a50de1b7d8a5-x86_64-linux",
            "name_regex": null,
            "owner_id": "427812963091",
            "owners": [
              "427812963091"
            ],
            "platform": "",
            "platform_details": "Linux/UNIX",
            "product_codes": [],
            "public": true,
            "ramdisk_id": "",
            "region": "us-east-2",
            "root_device_name": "/dev/xvda",
            "root_device_type": "ebs",
            "root_snapshot_id": "snap-0ac2627e6394a48d9",
            "sriov_net_support": "simple",
            "state": "available",
            "state_reason": {
              "code": "UNSET",
              "message": "UNSET"
            },
            "tags": {},
            "timeouts": null,
            "tpm_support": "",
            "uefi_data": null,
            "usage_operation": "RunInstances",
            "virtualization_type": "hvm"
          },
          "sensitive_attributes": []
        }
      ]
    },
    {
      "mode": "data",
      "type": "aws_subnets",
      "name": "selected",
      "provider": "provider[\"registry.opentofu.org/hashicorp/aws\"]",
      "instances": [
        {
          "schema_version": 0,
          "attributes": {
            "filter": [
              {
                "name": "vpc-id",
                "values": [
                  "vpc-0c04f5f2d7063b88c"
                ]
              }
            ],
            "id": "us-east-2",
            "ids": [
              "subnet-0ec2a50e0a8e6d950",
              "subnet-088081aeba9052d28",
              "subnet-0b50156da8acd1568"
            ],
            "region": "us-east-2",
            "tags": null,
            "timeouts": null
          },
          "sensitive_attributes": []
        }
      ]
    },
    {
      "mode": "managed",
      "type": "aws_efs_file_system",
      "name": "shared",
      "provider": "provider[\"registry.opentofu.org/hashicorp/aws\"]",
      "instances": [
        {
          "schema_version": 0,
          "attributes": {
            "arn": "arn:aws:elasticfilesystem:us-east-2:908402822601:file-system/fs-04ef6e005c89a49e4",
            "availability_zone_id": "",
            "availability_zone_name": "",
            "creation_token": "nixos-opentofu-incus-v3-efs",
            "dns_name": "fs-04ef6e005c89a49e4.efs.us-east-2.amazonaws.com",
            "encrypted": true,
            "id": "fs-04ef6e005c89a49e4",
            "kms_key_id": "arn:aws:kms:us-east-2:908402822601:key/756ada3b-8a1c-4460-9d0d-07b96c8aec02",
            "lifecycle_policy": [],
            "name": "microk8s-efs-storage",
            "number_of_mount_targets": 3,
            "owner_id": "908402822601",
            "performance_mode": "generalPurpose",
            "protection": [
              {
                "replication_overwrite": "ENABLED"
              }
            ],
            "provisioned_throughput_in_mibps": 0,
            "region": "us-east-2",
            "size_in_bytes": [
              {
                "value": 6144,
                "value_in_ia": 0,
                "value_in_standard": 6144
              }
            ],
            "tags": {
              "Name": "microk8s-efs-storage"
            },
            "tags_all": {
              "Name": "microk8s-efs-storage"
            },
            "throughput_mode": "bursting"
          },
          "sensitive_attributes": [],
          "private": "bnVsbA=="
        }
      ]
    },
    {
      "mode": "managed",
      "type": "aws_iam_role",
      "name": "spot_fleet_role",
      "provider": "provider[\"registry.opentofu.org/hashicorp/aws\"]",
      "instances": [
        {
          "schema_version": 0,
          "attributes": {
            "arn": "arn:aws:iam::908402822601:role/nixos-opentofu-incus-v3-spot-fleet-role",
            "assume_role_policy": "{\"Statement\":[{\"Action\":\"sts:AssumeRole\",\"Effect\":\"Allow\",\"Principal\":{\"Service\":\"spotfleet.amazonaws.com\"}}],\"Version\":\"2012-10-17\"}",
            "create_date": "2026-07-06T01:28:25Z",
            "description": "",
            "force_detach_policies": false,
            "id": "nixos-opentofu-incus-v3-spot-fleet-role",
            "inline_policy": [],
            "managed_policy_arns": [
              "arn:aws:iam::aws:policy/service-role/AmazonEC2SpotFleetTaggingRole"
            ],
            "max_session_duration": 3600,
            "name": "nixos-opentofu-incus-v3-spot-fleet-role",
            "name_prefix": "",
            "path": "/",
            "permissions_boundary": "",
            "tags": {},
            "tags_all": {},
            "unique_id": "AROA5HAIHBXEXOWILJ5XK"
          },
          "sensitive_attributes": [],
          "private": "bnVsbA==",
          "identity": {
            "account_id": "908402822601",
            "name": "nixos-opentofu-incus-v3-spot-fleet-role"
          },
          "identity_schema_version": 0
        }
      ]
    },
    {
      "mode": "managed",
      "type": "aws_iam_role_policy_attachment",
      "name": "spot_fleet_role_policy",
      "provider": "provider[\"registry.opentofu.org/hashicorp/aws\"]",
      "instances": [
        {
          "schema_version": 0,
          "attributes": {
            "id": "nixos-opentofu-incus-v3-spot-fleet-role/arn:aws:iam::aws:policy/service-role/AmazonEC2SpotFleetTaggingRole",
            "policy_arn": "arn:aws:iam::aws:policy/service-role/AmazonEC2SpotFleetTaggingRole",
            "role": "nixos-opentofu-incus-v3-spot-fleet-role"
          },
          "sensitive_attributes": [],
          "private": "bnVsbA==",
          "dependencies": [
            "aws_iam_role.spot_fleet_role"
          ],
          "identity": {
            "account_id": "908402822601",
            "policy_arn": "arn:aws:iam::aws:policy/service-role/AmazonEC2SpotFleetTaggingRole",
            "role": "nixos-opentofu-incus-v3-spot-fleet-role"
          },
          "identity_schema_version": 0
        }
      ]
    },
    {
      "mode": "managed",
      "type": "aws_key_pair",
      "name": "nixos",
      "provider": "provider[\"registry.opentofu.org/hashicorp/aws\"]",
      "instances": [
        {
          "schema_version": 1,
          "attributes": {
            "arn": "arn:aws:ec2:us-east-2:908402822601:key-pair/nixos-opentofu-incus-v3-key",
            "fingerprint": "OE8+9yx06SG3OXfMtwoCzheUVnGSIGOyouo6AOENYMM=",
            "id": "nixos-opentofu-incus-v3-key",
            "key_name": "nixos-opentofu-incus-v3-key",
            "key_name_prefix": "",
            "key_pair_id": "key-0727fd2b38fe50cda",
            "key_type": "ed25519",
            "public_key": "ssh-ed25519 AAAAC3NzaC1lZDI1NTE5AAAAIMGWvbEP/E0dh/xwtUVIuQrNDSz+G4TCLA+UMVpT0gLi root@ali",
            "region": "us-east-2",
            "tags": {
              "Name": "nixos-opentofu-incus-v3-key"
            },
            "tags_all": {
              "Name": "nixos-opentofu-incus-v3-key"
            }
          },
          "sensitive_attributes": [],
          "private": "eyJzY2hlbWFfdmVyc2lvbiI6IjEifQ=="
        }
      ]
    },
    {
      "mode": "managed",
      "type": "aws_launch_template",
      "name": "nixos",
      "provider": "provider[\"registry.opentofu.org/hashicorp/aws\"]",
      "instances": [
        {
          "schema_version": 1,
          "attributes": {
            "arn": "arn:aws:ec2:us-east-2:908402822601:launch-template/lt-02394779226e39d75",
            "block_device_mappings": [
              {
                "device_name": "/dev/xvda",
                "ebs": [
                  {
                    "delete_on_termination": "true",
                    "encrypted": "",
                    "iops": 0,
                    "kms_key_id": "",
                    "snapshot_id": "",
                    "throughput": 0,
                    "volume_initialization_rate": 0,
                    "volume_size": 40,
                    "volume_type": "gp3"
                  }
                ],
                "no_device": "",
                "virtual_name": ""
              }
            ],
            "capacity_reservation_specification": [],
            "cpu_options": [],
            "credit_specification": [],
            "default_version": 1,
            "description": "",
            "disable_api_stop": false,
            "disable_api_termination": false,
            "ebs_optimized": "",
            "enclave_options": [],
            "hibernation_options": [],
            "iam_instance_profile": [],
            "id": "lt-02394779226e39d75",
            "image_id": "ami-05382d0d77ef6759c",
            "instance_initiated_shutdown_behavior": "",
            "instance_market_options": [],
            "instance_requirements": [],
            "instance_type": "t3.medium",
            "kernel_id": "",
            "key_name": "nixos-opentofu-incus-v3-key",
            "latest_version": 3,
            "license_specification": [],
            "maintenance_options": [],
            "metadata_options": [],
            "monitoring": [],
            "name": "nixos-opentofu-incus-v3-99ade53e237c7a614319a53b07",
            "name_prefix": "nixos-opentofu-incus-v3-",
            "network_interfaces": [
              {
                "associate_carrier_ip_address": "",
                "associate_public_ip_address": "true",
                "connection_tracking_specification": [],
                "delete_on_termination": "",
                "description": "",
                "device_index": 0,
                "ena_srd_specification": [],
                "interface_type": "",
                "ipv4_address_count": 0,
                "ipv4_addresses": [],
                "ipv4_prefix_count": 0,
                "ipv4_prefixes": [],
                "ipv6_address_count": 0,
                "ipv6_addresses": [],
                "ipv6_prefix_count": 0,
                "ipv6_prefixes": [],
                "network_card_index": 0,
                "network_interface_id": "",
                "primary_ipv6": "",
                "private_ip_address": "",
                "security_groups": [
                  "sg-08772f5c95f83e036",
                  "sg-0f5d64df8bc3562c3"
                ],
                "subnet_id": ""
              }
            ],
            "network_performance_options": [],
            "placement": [],
            "private_dns_name_options": [],
            "ram_disk_id": "",
            "region": "us-east-2",
            "secondary_interfaces": [],
            "security_group_names": [],
            "tag_specifications": [
              {
                "resource_type": "instance",
                "tags": {
                  "Name": "amnix"
                }
              }
            ],
            "tags": {},
            "tags_all": {},
            "update_default_version": null,
            "user_data": "eyBjb25maWcsIHBrZ3MsIGxpYiwgLi4uIH06CgpsZXQKICAKICBjbG91ZEluaXRDb25maWcgPSAnJwogICAgI2Nsb3VkLWNvbmZpZwogICAgcGFja2FnZV91cGRhdGU6IHRydWUKICAgIHBhY2thZ2VfdXBncmFkZTogdHJ1ZQoKICAgIHVzZXJzOgogICAgICAtIG5hbWU6IHJvb3QKICAgICAgICBzc2hfYXV0aG9yaXplZF9rZXlzOgogICAgICAgICAgLSAic3NoLWVkMjU1MTkgQUFBQUMzTnphQzFsWkRJMU5URTVBQUFBSUNzK3NPai8xR0s1ZXhrRGtDdzdIN3ptRGFwc2hmV2FSbjQ3NHF4WnhTVVkgbGVvIgogICAgICAgICAgLSAic3NoLWVkMjU1MTkgQUFBQUMzTnphQzFsWkRJMU5URTVBQUFBSU1HV3ZiRVAvRTBkaC94d3RVVkl1UXJORFN6K0c0VENMQStVTVZwVDBnTGkgcm9vdEBhbGkiCiAgICAgICAgICAtICJzc2gtZWQyNTUxOSBBQUFBQzNOemFDMWxaREkxTlRFNUFBQUFJUGxDT2Y3MHA2anVqWmY2WmRFN3VnT1FBUHRwcXRlaWd4eGFRYjRST05zNCB0aGVkYW5kYXJlQGdtYWlsLmNvbSIKICAgICAgICAgIC0gInNzaC1lZDI1NTE5IEFBQUFDM056YUMxbFpESTFOVEU1QUFBQUlPNHg4cFhLeWJmekNiYzZJQWQrSG9QTVc0dnkzdlQ2QnlHSE0zdXo0QXBOIGxlb0BhbGkiCgogICAgc3NoX3B3YXV0aDogdHJ1ZQogICAgY2hwYXNzd2Q6CiAgICAgIGxpc3Q6CiAgICAgICAgLSByb290OlNlbmhhMTcxCiAgICAgIGV4cGlyZTogZmFsc2UKCiAgICB3cml0ZV9maWxlczoKICAgICAgLSBwYXRoOiAvZXRjL3N5c2N0bC5kLzk5LWt1YmVybmV0ZXMuY29uZgogICAgICAgIHBlcm1pc3Npb25zOiAnMDY0NCcKICAgICAgICBjb250ZW50OiB8CiAgICAgICAgICBuZXQuaXB2NC5pcF9mb3J3YXJkID0gMQogICAgICAgICAgZnMuaW5vdGlmeS5tYXhfdXNlcl9pbnN0YW5jZXMgPSA1MTIKICAgICAgICAgIGZzLmlub3RpZnkubWF4X3VzZXJfd2F0Y2hlcyA9IDUyNDI4OAogICAgICAgICAgbmV0LmJyaWRnZS5icmlkZ2UtbmYtY2FsbC1pcHRhYmxlcyA9IDEKICAgICAgICAgIG5ldC5icmlkZ2UuYnJpZGdlLW5mLWNhbGwtaXA2dGFibGVzID0gMQoKICAgIHJ1bmNtZDoKICAgICAgLSBhcHQtZ2V0IHVwZGF0ZQogICAgICAtIGFwdC1nZXQgaW5zdGFsbCAteSBzbmFwZCBqcSBjdXJsIGxpYm5ldGZpbHRlci1jb25udHJhY2szIGxpYm5mbmV0bGluazAgaXB0YWJsZXMKICAgICAKICAgICAgLSBzeXN0ZW1jdGwgdW5tYXNrIHNuYXBkLnNlcnZpY2Ugc25hcGQuc29ja2V0IHx8IHRydWUKICAgICAgLSBzeXN0ZW1jdGwgZW5hYmxlIHNuYXBkLnNlcnZpY2Ugc25hcGQuc29ja2V0IHx8IHRydWUKICAgICAgLSBzeXN0ZW1jdGwgc3RhcnQgc25hcGQuc2VydmljZSBzbmFwZC5zb2NrZXQgfHwgdHJ1ZQoKICAgICAgLSBzbGVlcCA1CiAgICAgIC0gc25hcCBpbnN0YWxsIG1pY3JvazhzIC0tY2hhbm5lbD0xLjM2L3N0YWJsZSAtLWNsYXNzaWMKICAgICAgLSBzbGVlcCA1CiAgICAgCiAgICAgIC0gc25hcCByZWZyZXNoIC0taG9sZCBtaWNyb2s4cwogICAgICAtIHNsZWVwIDUKCiAgICAgIC0gc2VkIC1pICdzL3NuYXBzaG90dGVyID0gIicnJHtTTkFQU0hPVFRFUn0iL3NuYXBzaG90dGVyID0gIm92ZXJsYXlmcyIvZycgL3Zhci9zbmFwL21pY3JvazhzL2N1cnJlbnQvYXJncy9jb250YWluZXJkLXRlbXBsYXRlLnRvbWwKICAgICAgLSBncmVwIC1xeEYgLS0gJy0tcHJvdGVjdC1rZXJuZWwtZGVmYXVsdHM9ZmFsc2UnIC92YXIvc25hcC9taWNyb2s4cy9jdXJyZW50L2FyZ3Mva3ViZWxldCB8fCBlY2hvICctLXByb3RlY3Qta2VybmVsLWRlZmF1bHRzPWZhbHNlJyA+PiAvdmFyL3NuYXAvbWljcm9rOHMvY3VycmVudC9hcmdzL2t1YmVsZXQKICAgICAgLSBncmVwIC1xeEYgLS0gJy0tZW5mb3JjZS1ub2RlLWFsbG9jYXRhYmxlPSIiJyAvdmFyL3NuYXAvbWljcm9rOHMvY3VycmVudC9hcmdzL2t1YmVsZXQgfHwgZWNobyAnLS1lbmZvcmNlLW5vZGUtYWxsb2NhdGFibGU9IiInID4+IC92YXIvc25hcC9taWNyb2s4cy9jdXJyZW50L2FyZ3Mva3ViZWxldAoKICAgICAgLSBta2RpciAtcCAvdmFyL3NuYXAvbWljcm9rOHMvY3VycmVudC9hcmdzL2NuaS1uZXR3b3JrCiAgICAgIC0gZ3JlcCAtcXhGIC0tICctLWNuaS1jb25mLWRpcj0vdmFyL3NuYXAvbWljcm9rOHMvY3VycmVudC9hcmdzL2NuaS1uZXR3b3JrJyAvdmFyL3NuYXAvbWljcm9rOHMvY3VycmVudC9hcmdzL2t1YmVsZXQgfHwgZWNobyAnLS1jbmktY29uZi1kaXI9L3Zhci9zbmFwL21pY3JvazhzL2N1cnJlbnQvYXJncy9jbmktbmV0d29yaycgPj4gL3Zhci9zbmFwL21pY3JvazhzL2N1cnJlbnQvYXJncy9rdWJlbGV0CgogICAgICAtIHNlZCAtaSAnL14tLXByb3h5LW1vZGU9L2QnIC92YXIvc25hcC9taWNyb2s4cy9jdXJyZW50L2FyZ3Mva3ViZS1wcm94eQogICAgICAtIGVjaG8gJy0tcHJveHktbW9kZT1uZnRhYmxlcycgPj4gL3Zhci9zbmFwL21pY3JvazhzL2N1cnJlbnQvYXJncy9rdWJlLXByb3h5CiAgICAgIC0gcHJsaW1pdCAtLXBpZD0kJCAtLW5vZmlsZT0xMDQ4NTc2OjEwNDg1NzYgfHwgdHJ1ZQogICAgICAtIG1rZGlyIC1wIC9ldGMvc3lzdGVtZC9zeXN0ZW0vc25hcC5taWNyb2s4cy5kYWVtb24ta3ViZWxpdGUuc2VydmljZS5kCiAgICAgIC0gfAogICAgICAgIGNhdCA8PEVPRiA+IC9ldGMvc3lzdGVtZC9zeXN0ZW0vc25hcC5taWNyb2s4cy5kYWVtb24ta3ViZWxpdGUuc2VydmljZS5kL292ZXJyaWRlLmNvbmYKICAgICAgICBbU2VydmljZV0KICAgICAgICBMaW1pdE5PRklMRT0xMDQ4NTc2CiAgICAgICAgTGltaXROUFJPQz01MTIwMDAKICAgICAgICBFT0YKICAgICAgLSBzeXN0ZW1jdGwgZGFlbW9uLXJlbG9hZAogICAgICAtIHJtIC1mIC92YXIvc25hcC9taWNyb2s4cy9jdXJyZW50L3Zhci9rdWJlcm5ldGVzL2JhY2tlbmQva2luZS5zb2NrCiAgICAgIC0gY2htb2QgLVIgNzc3IC92YXIvc25hcC9taWNyb2s4cy9jdXJyZW50L3Zhci9rdWJlcm5ldGVzL2JhY2tlbmQvCgogICAgICAtIHN5c2N0bCAtLXN5c3RlbQogICAgICAtIGxuIC1zZiAvcnVuL3N5c3RlbWQvcmVzb2x2ZS9yZXNvbHYuY29uZiAvZXRjL3Jlc29sdi5jb25mIHx8IHRydWUKICAgICAgLSBzbmFwIHNldCBzeXN0ZW0gcmVmcmVzaC5ob2xkPWZvcmV2ZXIKCiAgICAgIC0gc25hcCByZXN0YXJ0IG1pY3JvazhzIAoKICAgICAgLSBjdXJsIC1mc1NMIGh0dHBzOi8vdGFpbHNjYWxlLmNvbS9pbnN0YWxsLnNoIHwgc2ggJiYgc3VkbyB0YWlsc2NhbGUgdXAgLS1hdXRoLWtleT10c2tleS1hdXRoLWtnZTRVZE5YdjMxMUNOVFJMLURIaHlLVnc5REQxQWo3ZHFOQ3JwRDFLWnNkcFFoMkszMgogICAgICAKICAgICAgLSBjdXJsIC1mc1NMIGh0dHBzOi8vcGtncy5uZXRiaXJkLmlvL2luc3RhbGwuc2ggfCBzaAogICAgICAtIG5ldGJpcmQgdXAgLS1zZXR1cC1rZXkgMEY2QzEzMUYtRUVDNS00QUFFLUEyNTMtMjRFNTVBRTI3Njg4CgoKICAgICAgLSBtaWNyb2s4cyBzdGF0dXMgLS13YWl0LXJlYWR5CiAgICAKICAnJzsKCiAgbmV0d29ya0NvbmZpZyA9ICcnXG4gICAgdmVyc2lvbjogMlxuICAgIGV0aGVybmV0czpcbiAgICAgIGV0aDA6XG4gICAgICAgIGRoY3A0OiB0cnVlXG4gICAgICAgIG5hbWVzZXJ2ZXJzOlxuICAgICAgICAgIGFkZHJlc3NlczpcbiAgICAgICAgICAgIC0gMS4xLjEuMVxuICAgICAgICAgICAgLSA4LjguOC44XG4gICcnOwppbgp7CiAgaW1wb3J0cyA9IFsgPG5peHBrZ3Mvbml4b3MvbW9kdWxlcy92aXJ0dWFsaXNhdGlvbi9hbWF6b24taW1hZ2Uubml4PiBdOwoKICAjbmV0d29ya2luZy5ob3N0TmFtZSA9ICJhbW5peCI7CiAgbmV0d29ya2luZy5uZnRhYmxlcy5lbmFibGUgPSB0cnVlOwoKICBib290Lmtlcm5lbC5zeXNjdGwuIm5ldC5pcHY0LmlwX2ZvcndhcmQiID0gMTsKCiAgbmV0d29ya2luZy5icmlkZ2VzLiJicjAiID0gewogICAgaW50ZXJmYWNlcyA9IFsgXTsKICB9OwogIG5ldHdvcmtpbmcuaW50ZXJmYWNlcy4iYnIwIiA9IHsKICAgIHVzZURIQ1AgPSBmYWxzZTsKICAgIGlwdjQuYWRkcmVzc2VzID0gW3sgYWRkcmVzcyA9ICIxOTIuMTY4LjEwMC4xIjsgcHJlZml4TGVuZ3RoID0gMjQ7IH1dOwogIH07CgogIHNlcnZpY2VzLmRuc21hc3EgPSB7CiAgICBlbmFibGUgPSB0cnVlOwogICAgc2V0dGluZ3MgPSB7CiAgICAgIGludGVyZmFjZSA9ICJicjAiOwogICAgICBiaW5kLWludGVyZmFjZXMgPSB0cnVlOwogICAgICBkaGNwLXJhbmdlID0gIjE5Mi4xNjguMTAwLjEwLDE5Mi4xNjguMTAwLjk5LDEyaCI7CiAgICAgIGRoY3Atb3B0aW9uID0gWwogICAgICAgICIzLDE5Mi4xNjguMTAwLjEiCiAgICAgICAgIjYsMTcyLjMxLjAuMiwxLjEuMS4xIgogICAgICBdOwogICAgfTsKICB9OwogIG5ldHdvcmtpbmcubmFtZXNlcnZlcnMgPSBbCiAgICAiMTcyLjMxLjAuMiIgCiAgICAiMS4xLjEuMSIKICAgIF07CiAKICMgbGliZXJhIGEgcmVkZSBlbSBCcmlkZ2UgcGFyYSBvIFFFTVUKICBzZWN1cml0eS53cmFwcGVycy5xZW11LWJyaWRnZS1oZWxwZXIgPSB7CiAgICBzZXR1aWQgPSB0cnVlOwogICAgb3duZXIgPSAicm9vdCI7CiAgICBncm91cCA9ICJyb290IjsKICAgIHNvdXJjZSA9ICIke3BrZ3MucWVtdX0vbGliZXhlYy9xZW11LWJyaWRnZS1oZWxwZXIiOwogIH07CiAjIEUgY29uZmlndXJlIHF1YWlzIGJyaWRnZXMgc8OjbyBwZXJtaXRpZGFzIGNyaWFuZG8gbyBhcnF1aXZvIGRlIEFDTCBkbyBRRU1VOgogIGVudmlyb25tZW50LmV0Yy4icWVtdS9icmlkZ2UuY29uZiIudGV4dCA9ICcnCiAgICBhbGxvdyBicjAKICAnJzsKICBuZXR3b3JraW5nLmZpcmV3YWxsLmVuYWJsZSA9IGZhbHNlOyAjIFsgcG9pcyA9dHJ1ZSAgTmFvIGZ1bmNpb25hIV0KICBuZXR3b3JraW5nLm5hdC5lbmFibGUgPSBmYWxzZTsKICBuZXR3b3JraW5nLm5mdGFibGVzLnJ1bGVzZXQgPSAnJwogICAgdGFibGUgaW5ldCBmaWx0ZXIgewogICAgICBjaGFpbiBpbnB1dCB7CiAgICAgICAgdHlwZSBmaWx0ZXIgaG9vayBpbnB1dCBwcmlvcml0eSBmaWx0ZXI7IHBvbGljeSBhY2NlcHQ7CiAgICAgIH0KICAgICAgY2hhaW4gZm9yd2FyZCB7CiAgICAgICAgdHlwZSBmaWx0ZXIgaG9vayBmb3J3YXJkIHByaW9yaXR5IGZpbHRlcjsgcG9saWN5IGFjY2VwdDsKICAgICAgfQogICAgfQogICAgdGFibGUgaXAgbmF0IHsKICAgICAgY2hhaW4gcG9zdHJvdXRpbmcgewogICAgICAgIHR5cGUgbmF0IGhvb2sgcG9zdHJvdXRpbmcgcHJpb3JpdHkgc3JjbmF0OyBwb2xpY3kgYWNjZXB0OwogICAgICAgIGlwIHNhZGRyIDE5Mi4xNjguMTAwLjAvMjQgb2lmbmFtZSAiZW5zNSIgbWFzcXVlcmFkZTsKICAgICAgfQogICAgfQogICcnOwoKICB1c2Vycy51c2Vycy5yb290Lm9wZW5zc2guYXV0aG9yaXplZEtleXMua2V5cyA9IFsKICAgICJzc2gtZWQyNTUxOSBBQUFBQzNOemFDMWxaREkxTlRFNUFBQUFJTUdXdmJFUC9FMGRoL3h3dFVWSXVRck5EU3orRzRUQ0xBK1VNVnBUMGdMaSByb290QGFsaSIKICAgICJzc2gtZWQyNTUxOSBBQUFBQzNOemFDMWxaREkxTlRFNUFBQUFJQ3Mrc09qLzFHSzVleGtEa0N3N0g3em1EYXBzaGZXYVJuNDc0cXhaeFNVWSBsZW8iCiAgICAic3NoLWVkMjU1MTkgQUFBQUMzTnphQzFsWkRJMU5URTVBQUFBSUNzK3NPai8xR0s1ZXhrRGtDdzdIN3ptRGFwc2hmV2FSbjQ3NHF4WnhTVVkgbGVvIgogICAgInNzaC1lZDI1NTE5IEFBQUFDM056YUMxbFpESTFOVEU1QUFBQUlPNHg4cFhLeWJmekNiYzZJQWQrSG9QTVc0dnkzdlQ2QnlHSE0zdXo0QXBOIGxlb0BhbGkiCiAgICAic3NoLWVkMjU1MTkgQUFBQUMzTnphQzFsWkRJMU5URTVBQUFBSU1HV3ZiRVAvRTBkaC94d3RVVkl1UXJORFN6K0c0VENMQStVTVZwVDBnTGkgcm9vdEBhbGkiCiAgICAic3NoLWVkMjU1MTkgQUFBQUMzTnphQzFsWkRJMU5URTVBQUFBSVBsQ09mNzBwNmp1alpmNlpkRTd1Z09RQVB0cHF0ZWlneHhhUWI0Uk9OczQgdGhlZGFuZGFyZUBnbWFpbC5jb20iCiAgXTsKCiAgc2VydmljZXMub3BlbnNzaCA9IHsKICAgIGVuYWJsZSA9IHRydWU7CiAgICBwb3J0cyA9IFsgMjQwOSBdOwogICAgc2V0dGluZ3MuUGVybWl0Um9vdExvZ2luID0gInByb2hpYml0LXBhc3N3b3JkIjsKICAgIHNldHRpbmdzLlBhc3N3b3JkQXV0aGVudGljYXRpb24gPSBmYWxzZTsKICB9OwoKICBwcm9ncmFtcy56c2guZW5hYmxlID0gdHJ1ZTsKICBwcm9ncmFtcy5iYXNoLmVuYWJsZSA9IHRydWU7CiAgcHJvZ3JhbXMudG11eC5lbmFibGUgPSB0cnVlOwogIHByb2dyYW1zLm5lb3ZpbS5lbmFibGUgPSB0cnVlOwogIGVudmlyb25tZW50LnN5c3RlbVBhY2thZ2VzID0gd2l0aCBwa2dzOyBbCiAgICBnaXQgdmltIG5ld3QKICAgIGNvcmV1dGlscwogICAgZmluZHV0aWxzCiAgICBnbnVncmVwCiAgICBnbnVzZWQKICAgIGh0b3AKICAgIGlwcm91dGUyCiAgICBqcQogICAgbmZzLXV0aWxzCiAgXTsKCiAgZmlsZVN5c3RlbXMuIi9tbnQvZWZzIiA9IHsKICAgIGRldmljZSA9ICJmcy0wNGVmNmUwMDVjODlhNDllNC5lZnMudXMtZWFzdC0yLmFtYXpvbmF3cy5jb206LyI7CiAgICBmc1R5cGUgPSAibmZzNCI7CiAgICBvcHRpb25zID0gWwogICAgICAibmZzdmVycz00LjEiCiAgICAgICJyc2l6ZT0xMDQ4NTc2IgogICAgICAid3NpemU9MTA0ODU3NiIKICAgICAgImhhcmQiCiAgICAgICJ0aW1lbz02MDAiCiAgICAgICJyZXRyYW5zPTIiCiAgICAgICJub3Jlc3Zwb3J0IgogICAgICAiX25ldGRldiIKICAgIF07CiAgfTsKCiAgc2VjdXJpdHkuc3Vkby53aGVlbE5lZWRzUGFzc3dvcmQgPSBmYWxzZTsKICB2aXJ0dWFsaXNhdGlvbi5pbmN1cyA9IHsKICAgIGVuYWJsZSA9IHRydWU7CiAgICB1aS5lbmFibGUgPSB0cnVlOwogICAgYWdlbnQuZW5hYmxlID0gdHJ1ZTsKCiAgICBwcmVzZWVkID0gewogICAgICBzdG9yYWdlX3Bvb2xzID0gWwogICAgICAgIHsKICAgICAgICAgIG5hbWUgPSAiZGVmYXVsdCI7CiAgICAgICAgICBkcml2ZXIgPSAiZGlyIjsKICAgICAgICB9CiAgICAgIF07CgogICAgICBuZXR3b3JrcyA9IFsgXTsKCiAgICAgIHByb2ZpbGVzID0gWwogICAgICAgIHsKICAgICAgICAgIG5hbWUgPSAiZGVmYXVsdCI7CiAgICAgICAgICBkZXZpY2VzID0gewogICAgICAgICAgICByb290ID0gewogICAgICAgICAgICAgIHBhdGggPSAiLyI7CiAgICAgICAgICAgICAgcG9vbCA9ICJkZWZhdWx0IjsKICAgICAgICAgICAgICB0eXBlID0gImRpc2siOwogICAgICAgICAgICB9OwogICAgICAgICAgfTsKICAgICAgICB9CgogICAgICAgIHsKICAgICAgICAgIG5hbWUgPSAibWljcm9rOHMiOwogICAgICAgICAgY29uZmlnID0gewogICAgICAgICAgICAiYm9vdC5hdXRvc3RhcnQiID0gInRydWUiOwogICAgICAgICAgICAic2VjdXJpdHkubmVzdGluZyIgPSAidHJ1ZSI7CiAgICAgICAgICAgICJzZWN1cml0eS5wcml2aWxlZ2VkIiA9ICJ0cnVlIjsKICAgICAgICAgICAgImxpbnV4Lmtlcm5lbF9tb2R1bGVzIiA9ICJpcF92cyxpcF92c19ycixpcF92c193cnIsaXBfdnNfc2gsbmZfbmF0LG92ZXJsYXksYnJfbmV0ZmlsdGVyIjsKCiAgICAgICAgICAgICJyYXcubHhjIiA9ICcnCiAgICAgICAgICAgICAgbHhjLmFwcGFybW9yLnByb2ZpbGUgPSB1bmNvbmZpbmVkCiAgICAgICAgICAgICAgbHhjLmFwcGFybW9yLmFsbG93X25lc3RpbmcgPSAxCiAgICAgICAgICAgICAgbHhjLmNhcC5kcm9wPQogICAgICAgICAgICAgIGx4Yy5tb3VudC5hdXRvPXByb2M6cncgc3lzOnJ3CiAgICAgICAgICAgICcnOwoKICAgICAgICAgICAgInVzZXIudXNlci1kYXRhIiA9IGNsb3VkSW5pdENvbmZpZzsKICAgICAgICAgICAgInVzZXIubmV0d29yay1jb25maWciID0gbmV0d29ya0NvbmZpZzsKICAgICAgICAgIH07CiAgICAgICAgICBkZXZpY2VzID0gewogICAgICAgICAgICBrbXNnID0gewogICAgICAgICAgICAgIHBhdGggPSAiL2Rldi9rbXNnIjsKICAgICAgICAgICAgICBzb3VyY2UgPSAiL2Rldi9rbXNnIjsKICAgICAgICAgICAgICB0eXBlID0gInVuaXgtY2hhciI7CiAgICAgICAgICAgIH07CiAgICAgICAgICAgIGV0aDAgPSB7CiAgICAgICAgICAgICAgbmFtZSA9ICJldGgwIjsKICAgICAgICAgICAgICBuaWN0eXBlID0gImJyaWRnZWQiOwogICAgICAgICAgICAgIHBhcmVudCA9ICJicjAiOwogICAgICAgICAgICAgIHR5cGUgPSAibmljIjsKICAgICAgICAgICAgICAic2VjdXJpdHkuaXB2NF9maWx0ZXJpbmciID0gZmFsc2U7CiAgICAgICAgICAgICAgInNlY3VyaXR5Lm1hY19maWx0ZXJpbmciID0gZmFsc2U7CiAgICAgICAgICAgIH07CiAgICAgICAgICB9OwogICAgICAgIH0KICAgICAgXTsKICAgIH07CiAgfTsKCiAgc3lzdGVtZC5zZXJ2aWNlcy4iaW5pdC1pbmN1cy1hbW5peCIgPSB7CiAgICBkZXNjcmlwdGlvbiA9ICJHYXJhbnRlIGEgZXhpc3RlbmNpYSBlIGV4ZWN1Y2FvIGRvcyBjb250YWluZXJzIE1pY3JvSzhzIGNvbSBub21lcyDDum5pY29zIGJhc2VhZG9zIG5vIElEIGRhIGluc3TDom5jaWEiOwoKICAgIGFmdGVyID0gWwogICAgICAiaW5jdXMuc2VydmljZSIKICAgICAgImluY3VzLXByZXNlZWQuc2VydmljZSIKICAgICAgIm5ldHdvcmstb25saW5lLnRhcmdldCIKICAgIF07CiAgICB3YW50cyA9IFsKICAgICAgImluY3VzLnNlcnZpY2UiCiAgICAgICJpbmN1cy1wcmVzZWVkLnNlcnZpY2UiCiAgICAgICJuZXR3b3JrLW9ubGluZS50YXJnZXQiCiAgICBdOwogICAgd2FudGVkQnkgPSBbICJtdWx0aS11c2VyLnRhcmdldCIgXTsKCiAgICBzZXJ2aWNlQ29uZmlnID0gewogICAgICBUeXBlID0gIm9uZXNob3QiOwogICAgICBSZW1haW5BZnRlckV4aXQgPSBmYWxzZTsKICAgICAgUmVzdGFydCA9ICJvbi1mYWlsdXJlIjsKICAgICAgUmVzdGFydFNlYyA9ICI1cyI7CiAgICAgIFRpbWVvdXRTdGFydFNlYyA9ICI5MDBzIjsKICAgIH07CgogICAgc2NyaXB0ID0gJycKICAgICAgIyBHZXJhIFVVSUQgw7puaWNvIHBhcmEgZXN0YSBpbnN0w6JuY2lhCiAgICAgIElOU1RBTkNFX1VVSUQ9JChjYXQgL3Byb2Mvc3lzL2tlcm5lbC9yYW5kb20vdXVpZCB8IGN1dCAtYzEtOCkKICAgICAgCiAgICAgIGZvciBpIGluIDEgMiAzOyBkbwogICAgICAgIGNhc2UgJGkgaW4KICAgICAgICAgIDEpIE5BTUU9ImFtbml4LSIkSU5TVEFOQ0VfVVVJRCItMSIgOzsKICAgICAgICAgIDIpIE5BTUU9ImFtbml4LSIkSU5TVEFOQ0VfVVVJRCItMiIgOzsKICAgICAgICAgIDMpIE5BTUU9ImFtbml4LSIkSU5TVEFOQ0VfVVVJRCItMyIgOzsKICAgICAgICBlc2FjCiAgICAgIAogICAgICBpZiAhICR7cGtncy5pbmN1c30vYmluL2luY3VzIGluZm8gJE5BTUUgPi9kZXYvbnVsbCAyPiYxOyB0aGVuCiAgICAgICAgICBlY2hvICJDb250YWluZXIgJE5BTUUgbmFvIGVuY29udHJhZG8uIENyaWFuZG8gZGUgZm9ybWEgZGVjbGFyYXRpdmEuLi4iCiAgICAgICAgICAke3BrZ3MuaW5jdXN9L2Jpbi9pbmN1cyBpbml0IGltYWdlczp1YnVudHUvMjYuMDQvY2xvdWQgJE5BTUUgLXAgZGVmYXVsdCAtcCBtaWNyb2s4cwogICAgICAgICAgJHtwa2dzLmluY3VzfS9iaW4vaW5jdXMgY29uZmlnIHNldCAkTkFNRSB1c2VyLm5ldHdvcmstY29uZmlnIC0gPDxORVRFT0YKdmVyc2lvbjogMgpldGhlcm5ldHM6CiAgZXRoMDoKICAgIGRoY3A0OiB0cnVlCiAgICBuYW1lc2VydmVyczoKICAgICAgYWRkcmVzc2VzOgogICAgICAgIC0gMTcyLjMxLjAuMgogICAgICAgIC0gMS4xLjEuMQpORVRFT0YKICAgICAgICAgICR7cGtncy5pbmN1c30vYmluL2luY3VzIHN0YXJ0ICROQU1FCiAgICAgICAgZWxzZQogICAgICAgICAgZWNobyAiQ29udGFpbmVyICROQU1FIGphIGV4aXN0ZS4gR2FyYW50aW5kbyBxdWUgZWxlIGVzdGVqYSByb2RhbmRvLi4uIgogICAgICAgICAgJHtwa2dzLmluY3VzfS9iaW4vaW5jdXMgc3RhcnQgJE5BTUUgfHwgdHJ1ZQogICAgICAgIGZpCgogICAgICAgIHNsZWVwIDUKICAgICAgZG9uZQogICAgJyc7CiAgfTsKCiAgc3lzdGVtLnN0YXRlVmVyc2lvbiA9ICIyNi4wNSI7Cn0=",
            "vpc_security_group_ids": []
          },
          "sensitive_attributes": [],
          "private": "eyJzY2hlbWFfdmVyc2lvbiI6IjEifQ==",
          "dependencies": [
            "aws_efs_file_system.shared",
            "aws_key_pair.nixos",
            "aws_security_group.efs",
            "aws_security_group.nixos",
            "data.aws_ami.nixos_x86_64"
          ],
          "identity": {
            "account_id": "908402822601",
            "id": "lt-02394779226e39d75",
            "region": "us-east-2"
          },
          "identity_schema_version": 0
        }
      ]
    },
    {
      "mode": "managed",
      "type": "aws_security_group",
      "name": "efs",
      "provider": "provider[\"registry.opentofu.org/hashicorp/aws\"]",
      "instances": [
        {
          "schema_version": 1,
          "attributes": {
            "arn": "arn:aws:ec2:us-east-2:908402822601:security-group/sg-0f5d64df8bc3562c3",
            "description": "Managed by Terraform",
            "egress": [
              {
                "cidr_blocks": [
                  "0.0.0.0/0"
                ],
                "description": "",
                "from_port": 0,
                "ipv6_cidr_blocks": [],
                "prefix_list_ids": [],
                "protocol": "-1",
                "security_groups": [],
                "self": false,
                "to_port": 0
              }
            ],
            "id": "sg-0f5d64df8bc3562c3",
            "ingress": [
              {
                "cidr_blocks": [
                  "0.0.0.0/0"
                ],
                "description": "",
                "from_port": 2049,
                "ipv6_cidr_blocks": [],
                "prefix_list_ids": [],
                "protocol": "tcp",
                "security_groups": [],
                "self": false,
                "to_port": 2049
              }
            ],
            "name": "nixos-opentofu-incus-v3-efs-fd0ff9847f5c76adb8f4ddca32",
            "name_prefix": "nixos-opentofu-incus-v3-efs-",
            "owner_id": "908402822601",
            "region": "us-east-2",
            "revoke_rules_on_delete": false,
            "tags": {},
            "tags_all": {},
            "timeouts": null,
            "vpc_id": "vpc-0c04f5f2d7063b88c"
          },
          "sensitive_attributes": [],
          "private": "eyJlMmJmYjczMC1lY2FhLTExZTYtOGY4OC0zNDM2M2JjN2M0YzAiOnsiY3JlYXRlIjo2MDAwMDAwMDAwMDAsImRlbGV0ZSI6OTAwMDAwMDAwMDAwfSwic2NoZW1hX3ZlcnNpb24iOiIxIn0=",
          "create_before_destroy": true,
          "identity": {
            "account_id": "908402822601",
            "id": "sg-0f5d64df8bc3562c3",
            "region": "us-east-2"
          },
          "identity_schema_version": 0
        }
      ]
    },
    {
      "mode": "managed",
      "type": "aws_security_group",
      "name": "nixos",
      "provider": "provider[\"registry.opentofu.org/hashicorp/aws\"]",
      "instances": [
        {
          "schema_version": 1,
          "attributes": {
            "arn": "arn:aws:ec2:us-east-2:908402822601:security-group/sg-08772f5c95f83e036",
            "description": "NixOS bootstrap SSH ports",
            "egress": [
              {
                "cidr_blocks": [
                  "0.0.0.0/0"
                ],
                "description": "Allow outbound",
                "from_port": 0,
                "ipv6_cidr_blocks": [],
                "prefix_list_ids": [],
                "protocol": "-1",
                "security_groups": [],
                "self": false,
                "to_port": 0
              }
            ],
            "id": "sg-08772f5c95f83e036",
            "ingress": [
              {
                "cidr_blocks": [
                  "0.0.0.0/0"
                ],
                "description": "MicroK8s join port (entre nodes do cluster)",
                "from_port": 25000,
                "ipv6_cidr_blocks": [],
                "prefix_list_ids": [],
                "protocol": "tcp",
                "security_groups": [],
                "self": false,
                "to_port": 25000
              },
              {
                "cidr_blocks": [
                  "0.0.0.0/0"
                ],
                "description": "SSH custom port",
                "from_port": 2409,
                "ipv6_cidr_blocks": [],
                "prefix_list_ids": [],
                "protocol": "tcp",
                "security_groups": [],
                "self": false,
                "to_port": 2409
              },
              {
                "cidr_blocks": [
                  "0.0.0.0/0"
                ],
                "description": "SSH default bootstrap",
                "from_port": 22,
                "ipv6_cidr_blocks": [],
                "prefix_list_ids": [],
                "protocol": "tcp",
                "security_groups": [],
                "self": false,
                "to_port": 22
              }
            ],
            "name": "nixos-opentofu-incus-v3-sg",
            "name_prefix": "",
            "owner_id": "908402822601",
            "region": "us-east-2",
            "revoke_rules_on_delete": false,
            "tags": {
              "Name": "nixos-opentofu-incus-v3-sg"
            },
            "tags_all": {
              "Name": "nixos-opentofu-incus-v3-sg"
            },
            "timeouts": null,
            "vpc_id": "vpc-0c04f5f2d7063b88c"
          },
          "sensitive_attributes": [],
          "private": "eyJlMmJmYjczMC1lY2FhLTExZTYtOGY4OC0zNDM2M2JjN2M0YzAiOnsiY3JlYXRlIjo2MDAwMDAwMDAwMDAsImRlbGV0ZSI6OTAwMDAwMDAwMDAwfSwic2NoZW1hX3ZlcnNpb24iOiIxIn0=",
          "identity": {
            "account_id": "908402822601",
            "id": "sg-08772f5c95f83e036",
            "region": "us-east-2"
          },
          "identity_schema_version": 0
        }
      ]
    },
    {
      "mode": "managed",
      "type": "aws_spot_fleet_request",
      "name": "nixos_spot_fleet",
      "provider": "provider[\"registry.opentofu.org/hashicorp/aws\"]",
      "instances": [
        {
          "schema_version": 1,
          "attributes": {
            "allocation_strategy": "priceCapacityOptimized",
            "client_token": "terraform-wcre5k9KUJXxEjCv829L5bzxbd",
            "context": "",
            "excess_capacity_termination_policy": "Default",
            "fleet_type": "maintain",
            "iam_fleet_role": "arn:aws:iam::908402822601:role/nixos-opentofu-incus-v3-spot-fleet-role",
            "id": "sfr-b80f1794-9bbf-4e6e-b40c-a385ce12044e",
            "instance_interruption_behaviour": "terminate",
            "instance_pools_to_use_count": 1,
            "launch_specification": [],
            "launch_template_config": [
              {
                "launch_template_specification": [
                  {
                    "id": "lt-02394779226e39d75",
                    "name": "",
                    "version": "$Latest"
                  }
                ],
                "overrides": [
                  {
                    "availability_zone": "",
                    "instance_requirements": [],
                    "instance_type": "",
                    "priority": 0,
                    "spot_price": "",
                    "subnet_id": "subnet-088081aeba9052d28",
                    "weighted_capacity": 0
                  }
                ]
              }
            ],
            "load_balancers": [],
            "on_demand_allocation_strategy": "lowestPrice",
            "on_demand_max_total_price": "",
            "on_demand_target_capacity": 0,
            "region": "us-east-2",
            "replace_unhealthy_instances": false,
            "spot_maintenance_strategies": [],
            "spot_price": "",
            "spot_request_state": "active",
            "tags": {
              "Name": "nixos-opentofu-incus-v3-spot-fleet"
            },
            "tags_all": {
              "Name": "nixos-opentofu-incus-v3-spot-fleet"
            },
            "target_capacity": 5,
            "target_capacity_unit_type": "",
            "target_group_arns": [],
            "terminate_instances_on_delete": null,
            "terminate_instances_with_expiration": true,
            "timeouts": null,
            "valid_from": null,
            "valid_until": null,
            "wait_for_fulfillment": false
          },
          "sensitive_attributes": [],
          "private": "eyJlMmJmYjczMC1lY2FhLTExZTYtOGY4OC0zNDM2M2JjN2M0YzAiOnsiY3JlYXRlIjo2MDAwMDAwMDAwMDAsImRlbGV0ZSI6OTAwMDAwMDAwMDAwLCJ1cGRhdGUiOjYwMDAwMDAwMDAwMH0sInNjaGVtYV92ZXJzaW9uIjoiMSJ9",
          "dependencies": [
            "aws_efs_file_system.shared",
            "aws_iam_role.spot_fleet_role",
            "aws_key_pair.nixos",
            "aws_launch_template.nixos",
            "aws_security_group.efs",
            "aws_security_group.nixos",
            "data.aws_ami.nixos_x86_64"
          ]
        }
      ]
    }
  ],
  "check_results": null
}

