{"version":4,"terraform_version":"1.12.1","serial":1,"lineage":"e2c315ea-1ebd-cb71-9171-e3e6b8c03dde","outputs":{},"resources":[{"mode":"data","type":"aws_ami","name":"nixos_x86_64","provider":"provider[\"registry.opentofu.org/hashicorp/aws\"]","instances":[{"schema_version":0,"attributes":{"allow_unsafe_filter":null,"architecture":"x86_64","arn":"arn:aws:ec2:sa-east-1::image/ami-0be2619a9ac66870f","block_device_mappings":[{"device_name":"/dev/xvda","ebs":{"delete_on_termination":"true","encrypted":"false","iops":"0","snapshot_id":"snap-0d0b95df1680964d7","throughput":"0","volume_initialization_rate":"0","volume_size":"5","volume_type":"gp3"},"no_device":"","virtual_name":""}],"boot_mode":"legacy-bios","creation_date":"2026-07-05T00:49:09.000Z","deprecation_time":"2026-10-03T00:53:00.000Z","description":"","ena_support":true,"executable_users":null,"filter":[{"name":"architecture","values":["x86_64"]},{"name":"name","values":["nixos/26.05*"]}],"hypervisor":"xen","id":"ami-0be2619a9ac66870f","image_id":"ami-0be2619a9ac66870f","image_location":"427812963091/nixos/26.05.4193.a50de1b7d8a5-x86_64-linux","image_owner_alias":"","image_type":"machine","imds_support":"v2.0","include_deprecated":false,"kernel_id":"","last_launched_time":"","most_recent":true,"name":"nixos/26.05.4193.a50de1b7d8a5-x86_64-linux","name_regex":null,"owner_id":"427812963091","owners":["427812963091"],"platform":"","platform_details":"Linux/UNIX","product_codes":[],"public":true,"ramdisk_id":"","region":"sa-east-1","root_device_name":"/dev/xvda","root_device_type":"ebs","root_snapshot_id":"snap-0d0b95df1680964d7","sriov_net_support":"simple","state":"available","state_reason":{"code":"UNSET","message":"UNSET"},"tags":{},"timeouts":null,"tpm_support":"","uefi_data":null,"usage_operation":"RunInstances","virtualization_type":"hvm"},"sensitive_attributes":[]}]},{"mode":"managed","type":"aws_iam_role","name":"spot_fleet_role","provider":"provider[\"registry.opentofu.org/hashicorp/aws\"]","instances":[{"schema_version":0,"attributes":{"arn":"arn:aws:iam::908402822601:role/nixos-opentofu-incus-v3-spot-fleet-role","assume_role_policy":"{\"Statement\":[{\"Action\":\"sts:AssumeRole\",\"Effect\":\"Allow\",\"Principal\":{\"Service\":\"spotfleet.amazonaws.com\"}}],\"Version\":\"2012-10-17\"}","create_date":"2026-07-05T16:15:18Z","description":"","force_detach_policies":false,"id":"nixos-opentofu-incus-v3-spot-fleet-role","inline_policy":[],"managed_policy_arns":[],"max_session_duration":3600,"name":"nixos-opentofu-incus-v3-spot-fleet-role","name_prefix":"","path":"/","permissions_boundary":"","tags":null,"tags_all":{},"unique_id":"AROA5HAIHBXER2ZD5XJ3O"},"sensitive_attributes":[],"private":"bnVsbA==","identity":{"account_id":"908402822601","name":"nixos-opentofu-incus-v3-spot-fleet-role"},"identity_schema_version":0}]},{"mode":"managed","type":"aws_iam_role_policy_attachment","name":"spot_fleet_role_policy","provider":"provider[\"registry.opentofu.org/hashicorp/aws\"]","instances":[{"schema_version":0,"attributes":{"id":"nixos-opentofu-incus-v3-spot-fleet-role/arn:aws:iam::aws:policy/service-role/AmazonEC2SpotFleetTaggingRole","policy_arn":"arn:aws:iam::aws:policy/service-role/AmazonEC2SpotFleetTaggingRole","role":"nixos-opentofu-incus-v3-spot-fleet-role"},"sensitive_attributes":[],"private":"bnVsbA==","dependencies":["aws_iam_role.spot_fleet_role"],"identity":{"account_id":"908402822601","policy_arn":"arn:aws:iam::aws:policy/service-role/AmazonEC2SpotFleetTaggingRole","role":"nixos-opentofu-incus-v3-spot-fleet-role"},"identity_schema_version":0}]},{"mode":"managed","type":"aws_key_pair","name":"nixos","provider":"provider[\"registry.opentofu.org/hashicorp/aws\"]","instances":[{"schema_version":1,"attributes":{"arn":"arn:aws:ec2:sa-east-1:908402822601:key-pair/nixos-opentofu-incus-v3-key","fingerprint":"OE8+9yx06SG3OXfMtwoCzheUVnGSIGOyouo6AOENYMM=","id":"nixos-opentofu-incus-v3-key","key_name":"nixos-opentofu-incus-v3-key","key_name_prefix":"","key_pair_id":"key-06a8445db09a7a0a9","key_type":"ed25519","public_key":"ssh-ed25519 AAAAC3NzaC1lZDI1NTE5AAAAIMGWvbEP/E0dh/xwtUVIuQrNDSz+G4TCLA+UMVpT0gLi root@ali","region":"sa-east-1","tags":{"Name":"nixos-opentofu-incus-v3-key"},"tags_all":{"Name":"nixos-opentofu-incus-v3-key"}},"sensitive_attributes":[],"private":"eyJzY2hlbWFfdmVyc2lvbiI6IjEifQ=="}]}],"check_results":null}
