{"version":4,"terraform_version":"1.12.1","serial":129,"lineage":"e2c315ea-1ebd-cb71-9171-e3e6b8c03dde","outputs":{"efs_dns_name":{"value":"fs-04ef6e005c89a49e4.efs.us-east-2.amazonaws.com","type":"string"},"efs_file_system_id":{"value":"fs-04ef6e005c89a49e4","type":"string"},"spot_fleet_id":{"value":"sfr-eb75bc61-d7c1-453f-875e-3882187aea1f","type":"string"},"spot_fleet_request_state":{"value":"active","type":"string"}},"resources":[{"mode":"managed","type":"aws_efs_file_system","name":"shared","provider":"provider[\"registry.opentofu.org/hashicorp/aws\"]","instances":[{"schema_version":0,"attributes":{"arn":"arn:aws:elasticfilesystem:us-east-2:908402822601:file-system/fs-04ef6e005c89a49e4","availability_zone_id":"","availability_zone_name":"","creation_token":"nixos-opentofu-incus-v3-efs","dns_name":"fs-04ef6e005c89a49e4.efs.us-east-2.amazonaws.com","encrypted":true,"id":"fs-04ef6e005c89a49e4","kms_key_id":"arn:aws:kms:us-east-2:908402822601:key/756ada3b-8a1c-4460-9d0d-07b96c8aec02","lifecycle_policy":[],"name":"microk8s-efs-storage","number_of_mount_targets":3,"owner_id":"908402822601","performance_mode":"generalPurpose","protection":[{"replication_overwrite":"ENABLED"}],"provisioned_throughput_in_mibps":0,"region":"us-east-2","size_in_bytes":[{"value":6144,"value_in_ia":0,"value_in_standard":6144}],"tags":{"Name":"microk8s-efs-storage"},"tags_all":{"Name":"microk8s-efs-storage"},"throughput_mode":"bursting"},"sensitive_attributes":[],"private":"bnVsbA=="}]},{"mode":"managed","type":"aws_security_group","name":"efs","provider":"provider[\"registry.opentofu.org/hashicorp/aws\"]","instances":[{"schema_version":1,"attributes":{"arn":"arn:aws:ec2:us-east-2:908402822601:security-group/sg-0f5d64df8bc3562c3","description":"Managed by Terraform","egress":[{"cidr_blocks":["0.0.0.0/0"],"description":"","from_port":0,"ipv6_cidr_blocks":[],"prefix_list_ids":[],"protocol":"-1","security_groups":[],"self":false,"to_port":0}],"id":"sg-0f5d64df8bc3562c3","ingress":[{"cidr_blocks":["0.0.0.0/0"],"description":"","from_port":2049,"ipv6_cidr_blocks":[],"prefix_list_ids":[],"protocol":"tcp","security_groups":[],"self":false,"to_port":2049}],"name":"nixos-opentofu-incus-v3-efs-fd0ff9847f5c76adb8f4ddca32","name_prefix":"nixos-opentofu-incus-v3-efs-","owner_id":"908402822601","region":"us-east-2","revoke_rules_on_delete":false,"tags":{},"tags_all":{},"timeouts":null,"vpc_id":"vpc-0c04f5f2d7063b88c"},"sensitive_attributes":[],"private":"eyJlMmJmYjczMC1lY2FhLTExZTYtOGY4OC0zNDM2M2JjN2M0YzAiOnsiY3JlYXRlIjo2MDAwMDAwMDAwMDAsImRlbGV0ZSI6OTAwMDAwMDAwMDAwfSwic2NoZW1hX3ZlcnNpb24iOiIxIn0=","create_before_destroy":true,"identity":{"account_id":"908402822601","id":"sg-0f5d64df8bc3562c3","region":"us-east-2"},"identity_schema_version":0}]}],"check_results":null}
