{
  "version": 4,
  "terraform_version": "1.12.1",
  "serial": 17,
  "lineage": "03e2097f-862a-cd83-3efd-a991b804c671",
  "outputs": {
    "instance_names": {
      "value": [
        "gcnix0",
        "gcnix1",
        "gcnix2"
      ],
      "type": [
        "tuple",
        [
          "string",
          "string",
          "string"
        ]
      ]
    },
    "internal_ips": {
      "value": [
        "10.42.0.14",
        "10.42.0.13",
        "10.42.0.12"
      ],
      "type": [
        "tuple",
        [
          "string",
          "string",
          "string"
        ]
      ]
    },
    "public_ips": {
      "value": [
        "35.215.239.21",
        "35.215.248.51",
        "35.215.247.233"
      ],
      "type": [
        "tuple",
        [
          "string",
          "string",
          "string"
        ]
      ]
    },
    "ssh_hints": {
      "value": [
        "gcloud compute ssh gcnix0 --zone southamerica-east1-a --ssh-flag='-p 2409'",
        "gcloud compute ssh gcnix1 --zone southamerica-east1-a --ssh-flag='-p 2409'",
        "gcloud compute ssh gcnix2 --zone southamerica-east1-a --ssh-flag='-p 2409'"
      ],
      "type": [
        "tuple",
        [
          "string",
          "string",
          "string"
        ]
      ]
    },
    "zone": {
      "value": "southamerica-east1-a",
      "type": "string"
    }
  },
  "resources": [
    {
      "mode": "data",
      "type": "google_client_openid_userinfo",
      "name": "me",
      "provider": "provider[\"registry.opentofu.org/hashicorp/google\"]",
      "instances": [
        {
          "index_key": 0,
          "schema_version": 0,
          "attributes": {
            "email": "fibodevop@gmail.com",
            "id": "fibodevop@gmail.com"
          },
          "sensitive_attributes": []
        }
      ]
    },
    {
      "mode": "data",
      "type": "google_compute_image",
      "name": "nixos",
      "provider": "provider[\"registry.opentofu.org/hashicorp/google\"]",
      "instances": [
        {
          "index_key": 0,
          "schema_version": 0,
          "attributes": {
            "archive_size_bytes": 731008384,
            "creation_timestamp": "2026-07-03T16:18:11.650-07:00",
            "description": "",
            "disk_size_gb": 5,
            "family": "nixos-26-05-k7",
            "filter": null,
            "id": "projects/project-1ab07399-29ab-4352-8f8/global/images/nixos-26-05-k7-202607032317",
            "image_encryption_key_sha256": "",
            "image_id": "8149687433444064734",
            "label_fingerprint": "42WmSpB8rSM=",
            "labels": {},
            "licenses": [],
            "most_recent": false,
            "name": "nixos-26-05-k7-202607032317",
            "project": "project-1ab07399-29ab-4352-8f8",
            "self_link": "https://www.googleapis.com/compute/v1/projects/project-1ab07399-29ab-4352-8f8/global/images/nixos-26-05-k7-202607032317",
            "source_disk": "",
            "source_disk_encryption_key_sha256": "",
            "source_disk_id": "",
            "source_image_id": "",
            "status": "READY"
          },
          "sensitive_attributes": []
        }
      ]
    },
    {
      "mode": "managed",
      "type": "google_compute_address",
      "name": "nixos",
      "provider": "provider[\"registry.opentofu.org/hashicorp/google\"]",
      "instances": [
        {
          "index_key": 0,
          "schema_version": 0,
          "attributes": {
            "address": "35.215.239.21",
            "address_type": "EXTERNAL",
            "creation_timestamp": "2026-07-04T22:33:38.457-07:00",
            "description": "",
            "effective_labels": {
              "goog-terraform-provisioned": "true"
            },
            "id": "projects/project-1ab07399-29ab-4352-8f8/regions/southamerica-east1/addresses/gcnix0-ip",
            "ip_version": "",
            "ipv6_endpoint_type": "",
            "label_fingerprint": "vezUS-42LLM=",
            "labels": {},
            "name": "gcnix0-ip",
            "network": "",
            "network_tier": "STANDARD",
            "prefix_length": 0,
            "project": "project-1ab07399-29ab-4352-8f8",
            "purpose": "",
            "region": "southamerica-east1",
            "self_link": "https://www.googleapis.com/compute/v1/projects/project-1ab07399-29ab-4352-8f8/regions/southamerica-east1/addresses/gcnix0-ip",
            "subnetwork": "",
            "terraform_labels": {
              "goog-terraform-provisioned": "true"
            },
            "timeouts": null,
            "users": []
          },
          "sensitive_attributes": [],
          "private": "eyJlMmJmYjczMC1lY2FhLTExZTYtOGY4OC0zNDM2M2JjN2M0YzAiOnsiY3JlYXRlIjoxMjAwMDAwMDAwMDAwLCJkZWxldGUiOjEyMDAwMDAwMDAwMDAsInVwZGF0ZSI6MTIwMDAwMDAwMDAwMH19"
        },
        {
          "index_key": 1,
          "schema_version": 0,
          "attributes": {
            "address": "35.215.248.51",
            "address_type": "EXTERNAL",
            "creation_timestamp": "2026-07-04T22:46:59.810-07:00",
            "description": "",
            "effective_labels": {
              "goog-terraform-provisioned": "true"
            },
            "id": "projects/project-1ab07399-29ab-4352-8f8/regions/southamerica-east1/addresses/gcnix1-ip",
            "ip_version": "",
            "ipv6_endpoint_type": "",
            "label_fingerprint": "vezUS-42LLM=",
            "labels": {},
            "name": "gcnix1-ip",
            "network": "",
            "network_tier": "STANDARD",
            "prefix_length": 0,
            "project": "project-1ab07399-29ab-4352-8f8",
            "purpose": "",
            "region": "southamerica-east1",
            "self_link": "https://www.googleapis.com/compute/v1/projects/project-1ab07399-29ab-4352-8f8/regions/southamerica-east1/addresses/gcnix1-ip",
            "subnetwork": "",
            "terraform_labels": {
              "goog-terraform-provisioned": "true"
            },
            "timeouts": null,
            "users": []
          },
          "sensitive_attributes": [],
          "private": "eyJlMmJmYjczMC1lY2FhLTExZTYtOGY4OC0zNDM2M2JjN2M0YzAiOnsiY3JlYXRlIjoxMjAwMDAwMDAwMDAwLCJkZWxldGUiOjEyMDAwMDAwMDAwMDAsInVwZGF0ZSI6MTIwMDAwMDAwMDAwMH19"
        },
        {
          "index_key": 2,
          "schema_version": 0,
          "attributes": {
            "address": "35.215.247.233",
            "address_type": "EXTERNAL",
            "creation_timestamp": "2026-07-04T22:47:00.105-07:00",
            "description": "",
            "effective_labels": {
              "goog-terraform-provisioned": "true"
            },
            "id": "projects/project-1ab07399-29ab-4352-8f8/regions/southamerica-east1/addresses/gcnix2-ip",
            "ip_version": "",
            "ipv6_endpoint_type": "",
            "label_fingerprint": "vezUS-42LLM=",
            "labels": {},
            "name": "gcnix2-ip",
            "network": "",
            "network_tier": "STANDARD",
            "prefix_length": 0,
            "project": "project-1ab07399-29ab-4352-8f8",
            "purpose": "",
            "region": "southamerica-east1",
            "self_link": "https://www.googleapis.com/compute/v1/projects/project-1ab07399-29ab-4352-8f8/regions/southamerica-east1/addresses/gcnix2-ip",
            "subnetwork": "",
            "terraform_labels": {
              "goog-terraform-provisioned": "true"
            },
            "timeouts": null,
            "users": []
          },
          "sensitive_attributes": [],
          "private": "eyJlMmJmYjczMC1lY2FhLTExZTYtOGY4OC0zNDM2M2JjN2M0YzAiOnsiY3JlYXRlIjoxMjAwMDAwMDAwMDAwLCJkZWxldGUiOjEyMDAwMDAwMDAwMDAsInVwZGF0ZSI6MTIwMDAwMDAwMDAwMH19"
        }
      ]
    },
    {
      "mode": "managed",
      "type": "google_compute_firewall",
      "name": "allow_icmp",
      "provider": "provider[\"registry.opentofu.org/hashicorp/google\"]",
      "instances": [
        {
          "index_key": 0,
          "schema_version": 1,
          "attributes": {
            "allow": [
              {
                "ports": [],
                "protocol": "icmp"
              }
            ],
            "creation_timestamp": "2026-07-03T16:27:36.912-07:00",
            "deny": [],
            "description": "",
            "destination_ranges": [],
            "direction": "INGRESS",
            "disabled": false,
            "enable_logging": null,
            "id": "projects/project-1ab07399-29ab-4352-8f8/global/firewalls/gcnix-allow-icmp",
            "log_config": [],
            "name": "gcnix-allow-icmp",
            "network": "https://www.googleapis.com/compute/v1/projects/project-1ab07399-29ab-4352-8f8/global/networks/gcnix-vpc",
            "params": [],
            "priority": 1000,
            "project": "project-1ab07399-29ab-4352-8f8",
            "self_link": "https://www.googleapis.com/compute/v1/projects/project-1ab07399-29ab-4352-8f8/global/firewalls/gcnix-allow-icmp",
            "source_ranges": [
              "0.0.0.0/0"
            ],
            "source_service_accounts": [],
            "source_tags": [],
            "target_service_accounts": [],
            "target_tags": [
              "gcnix-ssh"
            ],
            "timeouts": null
          },
          "sensitive_attributes": [],
          "private": "eyJlMmJmYjczMC1lY2FhLTExZTYtOGY4OC0zNDM2M2JjN2M0YzAiOnsiY3JlYXRlIjoxMjAwMDAwMDAwMDAwLCJkZWxldGUiOjEyMDAwMDAwMDAwMDAsInVwZGF0ZSI6MTIwMDAwMDAwMDAwMH0sInNjaGVtYV92ZXJzaW9uIjoiMSJ9",
          "dependencies": [
            "google_compute_network.nixos"
          ]
        }
      ]
    },
    {
      "mode": "managed",
      "type": "google_compute_firewall",
      "name": "allow_ssh",
      "provider": "provider[\"registry.opentofu.org/hashicorp/google\"]",
      "instances": [
        {
          "schema_version": 1,
          "attributes": {
            "allow": [
              {
                "ports": [
                  "22",
                  "2409"
                ],
                "protocol": "tcp"
              }
            ],
            "creation_timestamp": "2026-07-03T16:27:37.271-07:00",
            "deny": [],
            "description": "",
            "destination_ranges": [],
            "direction": "INGRESS",
            "disabled": false,
            "enable_logging": null,
            "id": "projects/project-1ab07399-29ab-4352-8f8/global/firewalls/gcnix-allow-ssh",
            "log_config": [],
            "name": "gcnix-allow-ssh",
            "network": "https://www.googleapis.com/compute/v1/projects/project-1ab07399-29ab-4352-8f8/global/networks/gcnix-vpc",
            "params": [],
            "priority": 1000,
            "project": "project-1ab07399-29ab-4352-8f8",
            "self_link": "https://www.googleapis.com/compute/v1/projects/project-1ab07399-29ab-4352-8f8/global/firewalls/gcnix-allow-ssh",
            "source_ranges": [
              "0.0.0.0/0"
            ],
            "source_service_accounts": [],
            "source_tags": [],
            "target_service_accounts": [],
            "target_tags": [
              "gcnix-ssh"
            ],
            "timeouts": null
          },
          "sensitive_attributes": [],
          "private": "eyJlMmJmYjczMC1lY2FhLTExZTYtOGY4OC0zNDM2M2JjN2M0YzAiOnsiY3JlYXRlIjoxMjAwMDAwMDAwMDAwLCJkZWxldGUiOjEyMDAwMDAwMDAwMDAsInVwZGF0ZSI6MTIwMDAwMDAwMDAwMH0sInNjaGVtYV92ZXJzaW9uIjoiMSJ9",
          "dependencies": [
            "google_compute_network.nixos"
          ]
        }
      ]
    },
    {
      "mode": "managed",
      "type": "google_compute_instance",
      "name": "nixos",
      "provider": "provider[\"registry.opentofu.org/hashicorp/google\"]",
      "instances": [
        {
          "index_key": 0,
          "schema_version": 6,
          "attributes": {
            "advanced_machine_features": [],
            "allow_stopping_for_update": true,
            "attached_disk": [],
            "boot_disk": [
              {
                "auto_delete": false,
                "device_name": "persistent-disk-0",
                "disk_encryption_key_raw": "",
                "disk_encryption_key_rsa": "",
                "disk_encryption_key_sha256": "",
                "disk_encryption_service_account": "",
                "force_attach": false,
                "guest_os_features": [],
                "initialize_params": [
                  {
                    "architecture": "",
                    "enable_confidential_compute": false,
                    "image": "https://www.googleapis.com/compute/v1/projects/project-1ab07399-29ab-4352-8f8/global/images/nixos-26-05-k7-202607032317",
                    "labels": {},
                    "provisioned_iops": 0,
                    "provisioned_throughput": 0,
                    "resource_manager_tags": null,
                    "resource_policies": [],
                    "size": 30,
                    "snapshot": "",
                    "source_image_encryption_key": [],
                    "source_snapshot_encryption_key": [],
                    "storage_pool": "",
                    "type": "pd-balanced"
                  }
                ],
                "interface": "",
                "kms_key_self_link": "",
                "mode": "READ_WRITE",
                "source": "https://www.googleapis.com/compute/v1/projects/project-1ab07399-29ab-4352-8f8/zones/southamerica-east1-a/disks/gcnix0"
              }
            ],
            "can_ip_forward": true,
            "confidential_instance_config": [],
            "cpu_platform": "Intel Broadwell",
            "creation_timestamp": "2026-07-04T22:53:43.872-07:00",
            "current_status": "RUNNING",
            "deletion_protection": false,
            "description": "",
            "desired_status": null,
            "effective_labels": {
              "goog-terraform-provisioned": "true",
              "os": "nixos",
              "pricing": "spot"
            },
            "enable_display": false,
            "guest_accelerator": [],
            "hostname": "",
            "id": "projects/project-1ab07399-29ab-4352-8f8/zones/southamerica-east1-a/instances/gcnix0",
            "instance_encryption_key": [],
            "instance_id": "4160536583606652808",
            "key_revocation_action_type": "",
            "label_fingerprint": "Dywq8D7Oi5w=",
            "labels": {
              "os": "nixos",
              "pricing": "spot"
            },
            "machine_type": "e2-standard-2",
            "metadata": {
              "block-project-ssh-keys": "TRUE",
              "enable-oslogin": "TRUE",
              "serial-port-enable": "TRUE",
              "shutdown-script": "#!/usr/bin/env bash\nset -euo pipefail\necho \"[gce-spot] shutdown/preemption notice at $(date --iso-8601=seconds)\" | systemd-cat -t gce-spot-shutdown || true\nsync || true\n",
              "startup-script": "#!/usr/bin/env bash\nset -euo pipefail\nMARKER=\"/var/lib/gce-first-boot-done\"\nif [ -f \"$MARKER\" ]; then\n  exit 0\nfi\nmkdir -p \"$(dirname \"$MARKER\")\"\n{\nnixos-rebuild switch --flake /etc/nixos#gcnix\n} | systemd-cat -t gce-first-boot\ntouch \"$MARKER\"\n"
            },
            "metadata_fingerprint": "JWL7J-nORBU=",
            "metadata_startup_script": null,
            "min_cpu_platform": "",
            "name": "gcnix0",
            "network_interface": [
              {
                "access_config": [
                  {
                    "nat_ip": "35.215.239.21",
                    "network_tier": "STANDARD",
                    "public_ptr_domain_name": ""
                  }
                ],
                "alias_ip_range": [],
                "internal_ipv6_prefix_length": 0,
                "ipv6_access_config": [],
                "ipv6_access_type": "",
                "ipv6_address": "",
                "name": "nic0",
                "network": "https://www.googleapis.com/compute/v1/projects/project-1ab07399-29ab-4352-8f8/global/networks/gcnix-vpc",
                "network_attachment": "",
                "network_ip": "10.42.0.14",
                "nic_type": "",
                "queue_count": 0,
                "stack_type": "IPV4_ONLY",
                "subnetwork": "https://www.googleapis.com/compute/v1/projects/project-1ab07399-29ab-4352-8f8/regions/southamerica-east1/subnetworks/gcnix-subnet",
                "subnetwork_project": "project-1ab07399-29ab-4352-8f8"
              }
            ],
            "network_performance_config": [],
            "params": [],
            "project": "project-1ab07399-29ab-4352-8f8",
            "reservation_affinity": [],
            "resource_policies": null,
            "scheduling": [
              {
                "automatic_restart": false,
                "availability_domain": 0,
                "instance_termination_action": "STOP",
                "local_ssd_recovery_timeout": [],
                "max_run_duration": [],
                "min_node_cpus": 0,
                "node_affinities": [],
                "on_host_maintenance": "TERMINATE",
                "on_instance_stop_action": [],
                "preemptible": true,
                "provisioning_model": "SPOT",
                "termination_time": ""
              }
            ],
            "scratch_disk": [],
            "self_link": "https://www.googleapis.com/compute/v1/projects/project-1ab07399-29ab-4352-8f8/zones/southamerica-east1-a/instances/gcnix0",
            "service_account": [
              {
                "email": "tofunix@project-1ab07399-29ab-4352-8f8.iam.gserviceaccount.com",
                "scopes": [
                  "https://www.googleapis.com/auth/cloud-platform"
                ]
              }
            ],
            "shielded_instance_config": [],
            "tags": [
              "gcnix-ssh"
            ],
            "tags_fingerprint": "Cy0eH0mvnDM=",
            "terraform_labels": {
              "goog-terraform-provisioned": "true",
              "os": "nixos",
              "pricing": "spot"
            },
            "timeouts": null,
            "zone": "southamerica-east1-a"
          },
          "sensitive_attributes": [
            [
              {
                "type": "get_attr",
                "value": "boot_disk"
              },
              {
                "type": "index",
                "value": {
                  "value": 0,
                  "type": "number"
                }
              },
              {
                "type": "get_attr",
                "value": "disk_encryption_key_raw"
              }
            ],
            [
              {
                "type": "get_attr",
                "value": "boot_disk"
              },
              {
                "type": "index",
                "value": {
                  "value": 0,
                  "type": "number"
                }
              },
              {
                "type": "get_attr",
                "value": "disk_encryption_key_rsa"
              }
            ]
          ],
          "private": "eyJlMmJmYjczMC1lY2FhLTExZTYtOGY4OC0zNDM2M2JjN2M0YzAiOnsiY3JlYXRlIjoxMjAwMDAwMDAwMDAwLCJkZWxldGUiOjEyMDAwMDAwMDAwMDAsInVwZGF0ZSI6MTIwMDAwMDAwMDAwMH0sInNjaGVtYV92ZXJzaW9uIjoiNiJ9",
          "dependencies": [
            "data.google_client_openid_userinfo.me",
            "data.google_compute_image.nixos",
            "google_compute_address.nixos",
            "google_compute_firewall.allow_ssh",
            "google_compute_network.nixos",
            "google_compute_subnetwork.nixos",
            "google_os_login_ssh_public_key.current_user"
          ]
        },
        {
          "index_key": 1,
          "schema_version": 6,
          "attributes": {
            "advanced_machine_features": [],
            "allow_stopping_for_update": true,
            "attached_disk": [],
            "boot_disk": [
              {
                "auto_delete": false,
                "device_name": "persistent-disk-0",
                "disk_encryption_key_raw": "",
                "disk_encryption_key_rsa": "",
                "disk_encryption_key_sha256": "",
                "disk_encryption_service_account": "",
                "force_attach": false,
                "guest_os_features": [],
                "initialize_params": [
                  {
                    "architecture": "",
                    "enable_confidential_compute": false,
                    "image": "https://www.googleapis.com/compute/v1/projects/project-1ab07399-29ab-4352-8f8/global/images/nixos-26-05-k7-202607032317",
                    "labels": {},
                    "provisioned_iops": 0,
                    "provisioned_throughput": 0,
                    "resource_manager_tags": null,
                    "resource_policies": [],
                    "size": 30,
                    "snapshot": "",
                    "source_image_encryption_key": [],
                    "source_snapshot_encryption_key": [],
                    "storage_pool": "",
                    "type": "pd-balanced"
                  }
                ],
                "interface": "",
                "kms_key_self_link": "",
                "mode": "READ_WRITE",
                "source": "https://www.googleapis.com/compute/v1/projects/project-1ab07399-29ab-4352-8f8/zones/southamerica-east1-a/disks/gcnix1"
              }
            ],
            "can_ip_forward": true,
            "confidential_instance_config": [],
            "cpu_platform": "Intel Broadwell",
            "creation_timestamp": "2026-07-04T22:53:43.643-07:00",
            "current_status": "RUNNING",
            "deletion_protection": false,
            "description": "",
            "desired_status": null,
            "effective_labels": {
              "goog-terraform-provisioned": "true",
              "os": "nixos",
              "pricing": "spot"
            },
            "enable_display": false,
            "guest_accelerator": [],
            "hostname": "",
            "id": "projects/project-1ab07399-29ab-4352-8f8/zones/southamerica-east1-a/instances/gcnix1",
            "instance_encryption_key": [],
            "instance_id": "3295587005494480776",
            "key_revocation_action_type": "",
            "label_fingerprint": "Dywq8D7Oi5w=",
            "labels": {
              "os": "nixos",
              "pricing": "spot"
            },
            "machine_type": "e2-standard-2",
            "metadata": {
              "block-project-ssh-keys": "TRUE",
              "enable-oslogin": "TRUE",
              "serial-port-enable": "TRUE",
              "shutdown-script": "#!/usr/bin/env bash\nset -euo pipefail\necho \"[gce-spot] shutdown/preemption notice at $(date --iso-8601=seconds)\" | systemd-cat -t gce-spot-shutdown || true\nsync || true\n",
              "startup-script": "#!/usr/bin/env bash\nset -euo pipefail\nMARKER=\"/var/lib/gce-first-boot-done\"\nif [ -f \"$MARKER\" ]; then\n  exit 0\nfi\nmkdir -p \"$(dirname \"$MARKER\")\"\n{\nnixos-rebuild switch --flake /etc/nixos#gcnix\n} | systemd-cat -t gce-first-boot\ntouch \"$MARKER\"\n"
            },
            "metadata_fingerprint": "JWL7J-nORBU=",
            "metadata_startup_script": null,
            "min_cpu_platform": "",
            "name": "gcnix1",
            "network_interface": [
              {
                "access_config": [
                  {
                    "nat_ip": "35.215.248.51",
                    "network_tier": "STANDARD",
                    "public_ptr_domain_name": ""
                  }
                ],
                "alias_ip_range": [],
                "internal_ipv6_prefix_length": 0,
                "ipv6_access_config": [],
                "ipv6_access_type": "",
                "ipv6_address": "",
                "name": "nic0",
                "network": "https://www.googleapis.com/compute/v1/projects/project-1ab07399-29ab-4352-8f8/global/networks/gcnix-vpc",
                "network_attachment": "",
                "network_ip": "10.42.0.13",
                "nic_type": "",
                "queue_count": 0,
                "stack_type": "IPV4_ONLY",
                "subnetwork": "https://www.googleapis.com/compute/v1/projects/project-1ab07399-29ab-4352-8f8/regions/southamerica-east1/subnetworks/gcnix-subnet",
                "subnetwork_project": "project-1ab07399-29ab-4352-8f8"
              }
            ],
            "network_performance_config": [],
            "params": [],
            "project": "project-1ab07399-29ab-4352-8f8",
            "reservation_affinity": [],
            "resource_policies": null,
            "scheduling": [
              {
                "automatic_restart": false,
                "availability_domain": 0,
                "instance_termination_action": "STOP",
                "local_ssd_recovery_timeout": [],
                "max_run_duration": [],
                "min_node_cpus": 0,
                "node_affinities": [],
                "on_host_maintenance": "TERMINATE",
                "on_instance_stop_action": [],
                "preemptible": true,
                "provisioning_model": "SPOT",
                "termination_time": ""
              }
            ],
            "scratch_disk": [],
            "self_link": "https://www.googleapis.com/compute/v1/projects/project-1ab07399-29ab-4352-8f8/zones/southamerica-east1-a/instances/gcnix1",
            "service_account": [
              {
                "email": "tofunix@project-1ab07399-29ab-4352-8f8.iam.gserviceaccount.com",
                "scopes": [
                  "https://www.googleapis.com/auth/cloud-platform"
                ]
              }
            ],
            "shielded_instance_config": [],
            "tags": [
              "gcnix-ssh"
            ],
            "tags_fingerprint": "Cy0eH0mvnDM=",
            "terraform_labels": {
              "goog-terraform-provisioned": "true",
              "os": "nixos",
              "pricing": "spot"
            },
            "timeouts": null,
            "zone": "southamerica-east1-a"
          },
          "sensitive_attributes": [
            [
              {
                "type": "get_attr",
                "value": "boot_disk"
              },
              {
                "type": "index",
                "value": {
                  "value": 0,
                  "type": "number"
                }
              },
              {
                "type": "get_attr",
                "value": "disk_encryption_key_raw"
              }
            ],
            [
              {
                "type": "get_attr",
                "value": "boot_disk"
              },
              {
                "type": "index",
                "value": {
                  "value": 0,
                  "type": "number"
                }
              },
              {
                "type": "get_attr",
                "value": "disk_encryption_key_rsa"
              }
            ]
          ],
          "private": "eyJlMmJmYjczMC1lY2FhLTExZTYtOGY4OC0zNDM2M2JjN2M0YzAiOnsiY3JlYXRlIjoxMjAwMDAwMDAwMDAwLCJkZWxldGUiOjEyMDAwMDAwMDAwMDAsInVwZGF0ZSI6MTIwMDAwMDAwMDAwMH0sInNjaGVtYV92ZXJzaW9uIjoiNiJ9",
          "dependencies": [
            "data.google_client_openid_userinfo.me",
            "data.google_compute_image.nixos",
            "google_compute_address.nixos",
            "google_compute_firewall.allow_ssh",
            "google_compute_network.nixos",
            "google_compute_subnetwork.nixos",
            "google_os_login_ssh_public_key.current_user"
          ]
        },
        {
          "index_key": 2,
          "schema_version": 6,
          "attributes": {
            "advanced_machine_features": [],
            "allow_stopping_for_update": true,
            "attached_disk": [],
            "boot_disk": [
              {
                "auto_delete": false,
                "device_name": "persistent-disk-0",
                "disk_encryption_key_raw": "",
                "disk_encryption_key_rsa": "",
                "disk_encryption_key_sha256": "",
                "disk_encryption_service_account": "",
                "force_attach": false,
                "guest_os_features": [],
                "initialize_params": [
                  {
                    "architecture": "",
                    "enable_confidential_compute": false,
                    "image": "https://www.googleapis.com/compute/v1/projects/project-1ab07399-29ab-4352-8f8/global/images/nixos-26-05-k7-202607032317",
                    "labels": {},
                    "provisioned_iops": 0,
                    "provisioned_throughput": 0,
                    "resource_manager_tags": null,
                    "resource_policies": [],
                    "size": 30,
                    "snapshot": "",
                    "source_image_encryption_key": [],
                    "source_snapshot_encryption_key": [],
                    "storage_pool": "",
                    "type": "pd-balanced"
                  }
                ],
                "interface": "",
                "kms_key_self_link": "",
                "mode": "READ_WRITE",
                "source": "https://www.googleapis.com/compute/v1/projects/project-1ab07399-29ab-4352-8f8/zones/southamerica-east1-a/disks/gcnix2"
              }
            ],
            "can_ip_forward": true,
            "confidential_instance_config": [],
            "cpu_platform": "Intel Broadwell",
            "creation_timestamp": "2026-07-04T22:53:43.669-07:00",
            "current_status": "RUNNING",
            "deletion_protection": false,
            "description": "",
            "desired_status": null,
            "effective_labels": {
              "goog-terraform-provisioned": "true",
              "os": "nixos",
              "pricing": "spot"
            },
            "enable_display": false,
            "guest_accelerator": [],
            "hostname": "",
            "id": "projects/project-1ab07399-29ab-4352-8f8/zones/southamerica-east1-a/instances/gcnix2",
            "instance_encryption_key": [],
            "instance_id": "4268039572075859848",
            "key_revocation_action_type": "",
            "label_fingerprint": "Dywq8D7Oi5w=",
            "labels": {
              "os": "nixos",
              "pricing": "spot"
            },
            "machine_type": "e2-standard-2",
            "metadata": {
              "block-project-ssh-keys": "TRUE",
              "enable-oslogin": "TRUE",
              "serial-port-enable": "TRUE",
              "shutdown-script": "#!/usr/bin/env bash\nset -euo pipefail\necho \"[gce-spot] shutdown/preemption notice at $(date --iso-8601=seconds)\" | systemd-cat -t gce-spot-shutdown || true\nsync || true\n",
              "startup-script": "#!/usr/bin/env bash\nset -euo pipefail\nMARKER=\"/var/lib/gce-first-boot-done\"\nif [ -f \"$MARKER\" ]; then\n  exit 0\nfi\nmkdir -p \"$(dirname \"$MARKER\")\"\n{\nnixos-rebuild switch --flake /etc/nixos#gcnix\n} | systemd-cat -t gce-first-boot\ntouch \"$MARKER\"\n"
            },
            "metadata_fingerprint": "JWL7J-nORBU=",
            "metadata_startup_script": null,
            "min_cpu_platform": "",
            "name": "gcnix2",
            "network_interface": [
              {
                "access_config": [
                  {
                    "nat_ip": "35.215.247.233",
                    "network_tier": "STANDARD",
                    "public_ptr_domain_name": ""
                  }
                ],
                "alias_ip_range": [],
                "internal_ipv6_prefix_length": 0,
                "ipv6_access_config": [],
                "ipv6_access_type": "",
                "ipv6_address": "",
                "name": "nic0",
                "network": "https://www.googleapis.com/compute/v1/projects/project-1ab07399-29ab-4352-8f8/global/networks/gcnix-vpc",
                "network_attachment": "",
                "network_ip": "10.42.0.12",
                "nic_type": "",
                "queue_count": 0,
                "stack_type": "IPV4_ONLY",
                "subnetwork": "https://www.googleapis.com/compute/v1/projects/project-1ab07399-29ab-4352-8f8/regions/southamerica-east1/subnetworks/gcnix-subnet",
                "subnetwork_project": "project-1ab07399-29ab-4352-8f8"
              }
            ],
            "network_performance_config": [],
            "params": [],
            "project": "project-1ab07399-29ab-4352-8f8",
            "reservation_affinity": [],
            "resource_policies": null,
            "scheduling": [
              {
                "automatic_restart": false,
                "availability_domain": 0,
                "instance_termination_action": "STOP",
                "local_ssd_recovery_timeout": [],
                "max_run_duration": [],
                "min_node_cpus": 0,
                "node_affinities": [],
                "on_host_maintenance": "TERMINATE",
                "on_instance_stop_action": [],
                "preemptible": true,
                "provisioning_model": "SPOT",
                "termination_time": ""
              }
            ],
            "scratch_disk": [],
            "self_link": "https://www.googleapis.com/compute/v1/projects/project-1ab07399-29ab-4352-8f8/zones/southamerica-east1-a/instances/gcnix2",
            "service_account": [
              {
                "email": "tofunix@project-1ab07399-29ab-4352-8f8.iam.gserviceaccount.com",
                "scopes": [
                  "https://www.googleapis.com/auth/cloud-platform"
                ]
              }
            ],
            "shielded_instance_config": [],
            "tags": [
              "gcnix-ssh"
            ],
            "tags_fingerprint": "Cy0eH0mvnDM=",
            "terraform_labels": {
              "goog-terraform-provisioned": "true",
              "os": "nixos",
              "pricing": "spot"
            },
            "timeouts": null,
            "zone": "southamerica-east1-a"
          },
          "sensitive_attributes": [
            [
              {
                "type": "get_attr",
                "value": "boot_disk"
              },
              {
                "type": "index",
                "value": {
                  "value": 0,
                  "type": "number"
                }
              },
              {
                "type": "get_attr",
                "value": "disk_encryption_key_raw"
              }
            ],
            [
              {
                "type": "get_attr",
                "value": "boot_disk"
              },
              {
                "type": "index",
                "value": {
                  "value": 0,
                  "type": "number"
                }
              },
              {
                "type": "get_attr",
                "value": "disk_encryption_key_rsa"
              }
            ]
          ],
          "private": "eyJlMmJmYjczMC1lY2FhLTExZTYtOGY4OC0zNDM2M2JjN2M0YzAiOnsiY3JlYXRlIjoxMjAwMDAwMDAwMDAwLCJkZWxldGUiOjEyMDAwMDAwMDAwMDAsInVwZGF0ZSI6MTIwMDAwMDAwMDAwMH0sInNjaGVtYV92ZXJzaW9uIjoiNiJ9",
          "dependencies": [
            "data.google_client_openid_userinfo.me",
            "data.google_compute_image.nixos",
            "google_compute_address.nixos",
            "google_compute_firewall.allow_ssh",
            "google_compute_network.nixos",
            "google_compute_subnetwork.nixos",
            "google_os_login_ssh_public_key.current_user"
          ]
        }
      ]
    },
    {
      "mode": "managed",
      "type": "google_compute_network",
      "name": "nixos",
      "provider": "provider[\"registry.opentofu.org/hashicorp/google\"]",
      "instances": [
        {
          "schema_version": 0,
          "attributes": {
            "auto_create_subnetworks": false,
            "bgp_always_compare_med": false,
            "bgp_best_path_selection_mode": "LEGACY",
            "bgp_inter_region_cost": "",
            "delete_default_routes_on_create": false,
            "description": "",
            "enable_ula_internal_ipv6": false,
            "gateway_ipv4": "",
            "id": "projects/project-1ab07399-29ab-4352-8f8/global/networks/gcnix-vpc",
            "internal_ipv6_range": "",
            "mtu": 0,
            "name": "gcnix-vpc",
            "network_firewall_policy_enforcement_order": "AFTER_CLASSIC_FIREWALL",
            "network_id": "286029680893885363",
            "network_profile": "",
            "numeric_id": "286029680893885363",
            "params": [],
            "project": "project-1ab07399-29ab-4352-8f8",
            "routing_mode": "REGIONAL",
            "self_link": "https://www.googleapis.com/compute/v1/projects/project-1ab07399-29ab-4352-8f8/global/networks/gcnix-vpc",
            "timeouts": null
          },
          "sensitive_attributes": [],
          "private": "eyJlMmJmYjczMC1lY2FhLTExZTYtOGY4OC0zNDM2M2JjN2M0YzAiOnsiY3JlYXRlIjoxMjAwMDAwMDAwMDAwLCJkZWxldGUiOjEyMDAwMDAwMDAwMDAsInVwZGF0ZSI6MTIwMDAwMDAwMDAwMH19"
        }
      ]
    },
    {
      "mode": "managed",
      "type": "google_compute_subnetwork",
      "name": "nixos",
      "provider": "provider[\"registry.opentofu.org/hashicorp/google\"]",
      "instances": [
        {
          "schema_version": 0,
          "attributes": {
            "creation_timestamp": "2026-07-03T16:27:37.801-07:00",
            "description": "",
            "enable_flow_logs": false,
            "external_ipv6_prefix": "",
            "fingerprint": null,
            "gateway_address": "10.42.0.1",
            "id": "projects/project-1ab07399-29ab-4352-8f8/regions/southamerica-east1/subnetworks/gcnix-subnet",
            "internal_ipv6_prefix": "",
            "ip_cidr_range": "10.42.0.0/24",
            "ip_collection": null,
            "ipv6_access_type": "",
            "ipv6_cidr_range": "",
            "ipv6_gce_endpoint": "",
            "log_config": [],
            "name": "gcnix-subnet",
            "network": "https://www.googleapis.com/compute/v1/projects/project-1ab07399-29ab-4352-8f8/global/networks/gcnix-vpc",
            "params": [],
            "private_ip_google_access": true,
            "private_ipv6_google_access": "DISABLE_GOOGLE_ACCESS",
            "project": "project-1ab07399-29ab-4352-8f8",
            "purpose": "PRIVATE",
            "region": "southamerica-east1",
            "reserved_internal_range": "",
            "role": "",
            "secondary_ip_range": [],
            "self_link": "https://www.googleapis.com/compute/v1/projects/project-1ab07399-29ab-4352-8f8/regions/southamerica-east1/subnetworks/gcnix-subnet",
            "send_secondary_ip_range_if_empty": null,
            "stack_type": "IPV4_ONLY",
            "state": "",
            "subnetwork_id": 8156870461303946118,
            "timeouts": null
          },
          "sensitive_attributes": [],
          "private": "eyJlMmJmYjczMC1lY2FhLTExZTYtOGY4OC0zNDM2M2JjN2M0YzAiOnsiY3JlYXRlIjoxMjAwMDAwMDAwMDAwLCJkZWxldGUiOjEyMDAwMDAwMDAwMDAsInVwZGF0ZSI6MTIwMDAwMDAwMDAwMH19",
          "dependencies": [
            "google_compute_network.nixos"
          ]
        }
      ]
    },
    {
      "mode": "managed",
      "type": "google_os_login_ssh_public_key",
      "name": "current_user",
      "provider": "provider[\"registry.opentofu.org/hashicorp/google\"]",
      "instances": [
        {
          "index_key": "0",
          "schema_version": 0,
          "attributes": {
            "expiration_time_usec": "",
            "fingerprint": "5c4f103afec401a87e5b59b655358e035939c554d451fc1b6179082e34b8f098",
            "id": "users/fibodevop@gmail.com/sshPublicKeys/5c4f103afec401a87e5b59b655358e035939c554d451fc1b6179082e34b8f098",
            "key": "ssh-ed25519 AAAAC3NzaC1lZDI1NTE5AAAAIO4x8pXKybfzCbc6IAd+HoPMW4vy3vT6ByGHM3uz4ApN leo@ali",
            "project": "project-1ab07399-29ab-4352-8f8",
            "timeouts": null,
            "user": "fibodevop@gmail.com"
          },
          "sensitive_attributes": [],
          "private": "eyJlMmJmYjczMC1lY2FhLTExZTYtOGY4OC0zNDM2M2JjN2M0YzAiOnsiY3JlYXRlIjoxMjAwMDAwMDAwMDAwLCJkZWxldGUiOjEyMDAwMDAwMDAwMDAsInVwZGF0ZSI6MTIwMDAwMDAwMDAwMH19",
          "dependencies": [
            "data.google_client_openid_userinfo.me"
          ]
        },
        {
          "index_key": "1",
          "schema_version": 0,
          "attributes": {
            "expiration_time_usec": "",
            "fingerprint": "2f2d690f296c1b4e6c9849be334d62332bd209a310cd113ea610bbd44f664b52",
            "id": "users/fibodevop@gmail.com/sshPublicKeys/2f2d690f296c1b4e6c9849be334d62332bd209a310cd113ea610bbd44f664b52",
            "key": "ssh-ed25519 AAAAC3NzaC1lZDI1NTE5AAAAIMGWvbEP/E0dh/xwtUVIuQrNDSz+G4TCLA+UMVpT0gLi root@ali",
            "project": "project-1ab07399-29ab-4352-8f8",
            "timeouts": null,
            "user": "fibodevop@gmail.com"
          },
          "sensitive_attributes": [],
          "private": "eyJlMmJmYjczMC1lY2FhLTExZTYtOGY4OC0zNDM2M2JjN2M0YzAiOnsiY3JlYXRlIjoxMjAwMDAwMDAwMDAwLCJkZWxldGUiOjEyMDAwMDAwMDAwMDAsInVwZGF0ZSI6MTIwMDAwMDAwMDAwMH19",
          "dependencies": [
            "data.google_client_openid_userinfo.me"
          ]
        },
        {
          "index_key": "2",
          "schema_version": 0,
          "attributes": {
            "expiration_time_usec": "",
            "fingerprint": "2df53dc30c4a74dfe8603914a33cf57d63ee37c7e84b552411b5e644c67db3f0",
            "id": "users/fibodevop@gmail.com/sshPublicKeys/2df53dc30c4a74dfe8603914a33cf57d63ee37c7e84b552411b5e644c67db3f0",
            "key": "ssh-ed25519 AAAAC3NzaC1lZDI1NTE5AAAAIPlCOf70p6jujZf6ZdE7ugOQAPtpqteigxxaQb4RONs4 thedandare@gmail.com",
            "project": "project-1ab07399-29ab-4352-8f8",
            "timeouts": null,
            "user": "fibodevop@gmail.com"
          },
          "sensitive_attributes": [],
          "private": "eyJlMmJmYjczMC1lY2FhLTExZTYtOGY4OC0zNDM2M2JjN2M0YzAiOnsiY3JlYXRlIjoxMjAwMDAwMDAwMDAwLCJkZWxldGUiOjEyMDAwMDAwMDAwMDAsInVwZGF0ZSI6MTIwMDAwMDAwMDAwMH19",
          "dependencies": [
            "data.google_client_openid_userinfo.me"
          ]
        },
        {
          "index_key": "3",
          "schema_version": 0,
          "attributes": {
            "expiration_time_usec": "",
            "fingerprint": "411a51798876be30ca484191a2e7dc132e033ed3f82dcb3394a170e37e13ce41",
            "id": "users/fibodevop@gmail.com/sshPublicKeys/411a51798876be30ca484191a2e7dc132e033ed3f82dcb3394a170e37e13ce41",
            "key": "ssh-ed25519 AAAAC3NzaC1lZDI1NTE5AAAAICs+sOj/1GK5exkDkCw7H7zmDapshfWaRn474qxZxSUY leo",
            "project": "project-1ab07399-29ab-4352-8f8",
            "timeouts": null,
            "user": "fibodevop@gmail.com"
          },
          "sensitive_attributes": [],
          "private": "eyJlMmJmYjczMC1lY2FhLTExZTYtOGY4OC0zNDM2M2JjN2M0YzAiOnsiY3JlYXRlIjoxMjAwMDAwMDAwMDAwLCJkZWxldGUiOjEyMDAwMDAwMDAwMDAsInVwZGF0ZSI6MTIwMDAwMDAwMDAwMH19",
          "dependencies": [
            "data.google_client_openid_userinfo.me"
          ]
        }
      ]
    }
  ],
  "check_results": [
    {
      "object_kind": "resource",
      "config_addr": "google_compute_instance.nixos",
      "status": "pass",
      "objects": [
        {
          "object_addr": "google_compute_instance.nixos[2]",
          "status": "pass"
        },
        {
          "object_addr": "google_compute_instance.nixos[0]",
          "status": "pass"
        },
        {
          "object_addr": "google_compute_instance.nixos[1]",
          "status": "pass"
        }
      ]
    },
    {
      "object_kind": "var",
      "config_addr": "var.spot_termination_action",
      "status": "pass",
      "objects": [
        {
          "object_addr": "var.spot_termination_action",
          "status": "pass"
        }
      ]
    }
  ]
}

