{"version":4,"terraform_version":"1.12.1","serial":139,"lineage":"03e2097f-862a-cd83-3efd-a991b804c671","outputs":{},"resources":[{"mode":"data","type":"google_client_openid_userinfo","name":"me","provider":"provider[\"registry.opentofu.org/hashicorp/google\"]","instances":[{"index_key":0,"schema_version":0,"attributes":{"email":"fibodevop@gmail.com","id":"fibodevop@gmail.com"},"sensitive_attributes":[]},{"index_key":1,"schema_version":0,"attributes":{"email":"fibodevop@gmail.com","id":"fibodevop@gmail.com"},"sensitive_attributes":[]},{"index_key":2,"schema_version":0,"attributes":{"email":"fibodevop@gmail.com","id":"fibodevop@gmail.com"},"sensitive_attributes":[]}]},{"mode":"managed","type":"google_os_login_ssh_public_key","name":"current_user","provider":"provider[\"registry.opentofu.org/hashicorp/google\"]","instances":[{"index_key":"0","schema_version":0,"attributes":{"expiration_time_usec":"","fingerprint":"5c4f103afec401a87e5b59b655358e035939c554d451fc1b6179082e34b8f098","id":"users/fibodevop@gmail.com/sshPublicKeys/5c4f103afec401a87e5b59b655358e035939c554d451fc1b6179082e34b8f098","key":"ssh-ed25519 AAAAC3NzaC1lZDI1NTE5AAAAIO4x8pXKybfzCbc6IAd+HoPMW4vy3vT6ByGHM3uz4ApN leo@ali","project":"project-1ab07399-29ab-4352-8f8","timeouts":null,"user":"fibodevop@gmail.com"},"sensitive_attributes":[],"private":"eyJlMmJmYjczMC1lY2FhLTExZTYtOGY4OC0zNDM2M2JjN2M0YzAiOnsiY3JlYXRlIjoxMjAwMDAwMDAwMDAwLCJkZWxldGUiOjEyMDAwMDAwMDAwMDAsInVwZGF0ZSI6MTIwMDAwMDAwMDAwMH19","dependencies":["data.google_client_openid_userinfo.me"]},{"index_key":"1","schema_version":0,"attributes":{"expiration_time_usec":"","fingerprint":"2f2d690f296c1b4e6c9849be334d62332bd209a310cd113ea610bbd44f664b52","id":"users/fibodevop@gmail.com/sshPublicKeys/2f2d690f296c1b4e6c9849be334d62332bd209a310cd113ea610bbd44f664b52","key":"ssh-ed25519 AAAAC3NzaC1lZDI1NTE5AAAAIMGWvbEP/E0dh/xwtUVIuQrNDSz+G4TCLA+UMVpT0gLi root@ali","project":"project-1ab07399-29ab-4352-8f8","timeouts":null,"user":"fibodevop@gmail.com"},"sensitive_attributes":[],"private":"eyJlMmJmYjczMC1lY2FhLTExZTYtOGY4OC0zNDM2M2JjN2M0YzAiOnsiY3JlYXRlIjoxMjAwMDAwMDAwMDAwLCJkZWxldGUiOjEyMDAwMDAwMDAwMDAsInVwZGF0ZSI6MTIwMDAwMDAwMDAwMH19","dependencies":["data.google_client_openid_userinfo.me"]},{"index_key":"2","schema_version":0,"attributes":{"expiration_time_usec":"","fingerprint":"2df53dc30c4a74dfe8603914a33cf57d63ee37c7e84b552411b5e644c67db3f0","id":"users/fibodevop@gmail.com/sshPublicKeys/2df53dc30c4a74dfe8603914a33cf57d63ee37c7e84b552411b5e644c67db3f0","key":"ssh-ed25519 AAAAC3NzaC1lZDI1NTE5AAAAIPlCOf70p6jujZf6ZdE7ugOQAPtpqteigxxaQb4RONs4 thedandare@gmail.com","project":"project-1ab07399-29ab-4352-8f8","timeouts":null,"user":"fibodevop@gmail.com"},"sensitive_attributes":[],"private":"eyJlMmJmYjczMC1lY2FhLTExZTYtOGY4OC0zNDM2M2JjN2M0YzAiOnsiY3JlYXRlIjoxMjAwMDAwMDAwMDAwLCJkZWxldGUiOjEyMDAwMDAwMDAwMDAsInVwZGF0ZSI6MTIwMDAwMDAwMDAwMH19","dependencies":["data.google_client_openid_userinfo.me"]}]}],"check_results":[{"object_kind":"var","config_addr":"var.spot_termination_action","status":"unknown","objects":null},{"object_kind":"resource","config_addr":"google_compute_instance.nixos","status":"unknown","objects":null}]}
