{"version":4,"terraform_version":"1.12.1","serial":7,"lineage":"03e2097f-862a-cd83-3efd-a991b804c671","outputs":{"instance_name":{"value":"gcnix","type":"string"},"public_ip":{"value":"35.198.0.170","type":"string"},"ssh_hint":{"value":"gcloud compute ssh gcnix --zone southamerica-east1-b --ssh-flag='-p 2409'","type":"string"},"zone":{"value":"southamerica-east1-b","type":"string"}},"resources":[{"mode":"data","type":"google_client_openid_userinfo","name":"me","provider":"provider[\"registry.opentofu.org/hashicorp/google\"]","instances":[{"index_key":0,"schema_version":0,"attributes":{"email":"fibodevop@gmail.com","id":"fibodevop@gmail.com"},"sensitive_attributes":[]}]},{"mode":"data","type":"google_compute_image","name":"nixos","provider":"provider[\"registry.opentofu.org/hashicorp/google\"]","instances":[{"index_key":0,"schema_version":0,"attributes":{"archive_size_bytes":731008384,"creation_timestamp":"2026-07-03T16:18:11.650-07:00","description":"","disk_size_gb":5,"family":"nixos-26-05-k7","filter":null,"id":"projects/project-1ab07399-29ab-4352-8f8/global/images/nixos-26-05-k7-202607032317","image_encryption_key_sha256":"","image_id":"8149687433444064734","label_fingerprint":"42WmSpB8rSM=","labels":{},"licenses":[],"most_recent":false,"name":"nixos-26-05-k7-202607032317","project":"project-1ab07399-29ab-4352-8f8","self_link":"https://www.googleapis.com/compute/v1/projects/project-1ab07399-29ab-4352-8f8/global/images/nixos-26-05-k7-202607032317","source_disk":"","source_disk_encryption_key_sha256":"","source_disk_id":"","source_image_id":"","status":"READY"},"sensitive_attributes":[]}]},{"mode":"managed","type":"google_compute_address","name":"nixos","provider":"provider[\"registry.opentofu.org/hashicorp/google\"]","instances":[{"index_key":0,"schema_version":0,"attributes":{"address":"35.215.239.21","address_type":"EXTERNAL","creation_timestamp":"2026-07-03T16:44:16.726-07:00","description":"","effective_labels":{"goog-terraform-provisioned":"true"},"id":"projects/project-1ab07399-29ab-4352-8f8/regions/southamerica-east1/addresses/gcnix-ip","ip_version":"","ipv6_endpoint_type":"","label_fingerprint":"vezUS-42LLM=","labels":null,"name":"gcnix-ip","network":"","network_tier":"STANDARD","prefix_length":0,"project":"project-1ab07399-29ab-4352-8f8","purpose":"","region":"southamerica-east1","self_link":"https://www.googleapis.com/compute/v1/projects/project-1ab07399-29ab-4352-8f8/regions/southamerica-east1/addresses/gcnix-ip","subnetwork":"","terraform_labels":{"goog-terraform-provisioned":"true"},"timeouts":null,"users":[]},"sensitive_attributes":[],"private":"eyJlMmJmYjczMC1lY2FhLTExZTYtOGY4OC0zNDM2M2JjN2M0YzAiOnsiY3JlYXRlIjoxMjAwMDAwMDAwMDAwLCJkZWxldGUiOjEyMDAwMDAwMDAwMDAsInVwZGF0ZSI6MTIwMDAwMDAwMDAwMH19"}]},{"mode":"managed","type":"google_compute_firewall","name":"allow_icmp","provider":"provider[\"registry.opentofu.org/hashicorp/google\"]","instances":[{"index_key":0,"schema_version":1,"attributes":{"allow":[{"ports":[],"protocol":"icmp"}],"creation_timestamp":"2026-07-03T16:27:36.912-07:00","deny":[],"description":"","destination_ranges":[],"direction":"INGRESS","disabled":false,"enable_logging":null,"id":"projects/project-1ab07399-29ab-4352-8f8/global/firewalls/gcnix-allow-icmp","log_config":[],"name":"gcnix-allow-icmp","network":"https://www.googleapis.com/compute/v1/projects/project-1ab07399-29ab-4352-8f8/global/networks/gcnix-vpc","params":[],"priority":1000,"project":"project-1ab07399-29ab-4352-8f8","self_link":"https://www.googleapis.com/compute/v1/projects/project-1ab07399-29ab-4352-8f8/global/firewalls/gcnix-allow-icmp","source_ranges":["0.0.0.0/0"],"source_service_accounts":[],"source_tags":[],"target_service_accounts":[],"target_tags":["gcnix-ssh"],"timeouts":null},"sensitive_attributes":[],"private":"eyJlMmJmYjczMC1lY2FhLTExZTYtOGY4OC0zNDM2M2JjN2M0YzAiOnsiY3JlYXRlIjoxMjAwMDAwMDAwMDAwLCJkZWxldGUiOjEyMDAwMDAwMDAwMDAsInVwZGF0ZSI6MTIwMDAwMDAwMDAwMH0sInNjaGVtYV92ZXJzaW9uIjoiMSJ9","dependencies":["google_compute_network.nixos"]}]},{"mode":"managed","type":"google_compute_firewall","name":"allow_ssh","provider":"provider[\"registry.opentofu.org/hashicorp/google\"]","instances":[{"schema_version":1,"attributes":{"allow":[{"ports":["22","2409"],"protocol":"tcp"}],"creation_timestamp":"2026-07-03T16:27:37.271-07:00","deny":[],"description":"","destination_ranges":[],"direction":"INGRESS","disabled":false,"enable_logging":null,"id":"projects/project-1ab07399-29ab-4352-8f8/global/firewalls/gcnix-allow-ssh","log_config":[],"name":"gcnix-allow-ssh","network":"https://www.googleapis.com/compute/v1/projects/project-1ab07399-29ab-4352-8f8/global/networks/gcnix-vpc","params":[],"priority":1000,"project":"project-1ab07399-29ab-4352-8f8","self_link":"https://www.googleapis.com/compute/v1/projects/project-1ab07399-29ab-4352-8f8/global/firewalls/gcnix-allow-ssh","source_ranges":["0.0.0.0/0"],"source_service_accounts":[],"source_tags":[],"target_service_accounts":[],"target_tags":["gcnix-ssh"],"timeouts":null},"sensitive_attributes":[],"private":"eyJlMmJmYjczMC1lY2FhLTExZTYtOGY4OC0zNDM2M2JjN2M0YzAiOnsiY3JlYXRlIjoxMjAwMDAwMDAwMDAwLCJkZWxldGUiOjEyMDAwMDAwMDAwMDAsInVwZGF0ZSI6MTIwMDAwMDAwMDAwMH0sInNjaGVtYV92ZXJzaW9uIjoiMSJ9","dependencies":["google_compute_network.nixos"]}]},{"mode":"managed","type":"google_compute_network","name":"nixos","provider":"provider[\"registry.opentofu.org/hashicorp/google\"]","instances":[{"schema_version":0,"attributes":{"auto_create_subnetworks":false,"bgp_always_compare_med":false,"bgp_best_path_selection_mode":"LEGACY","bgp_inter_region_cost":"","delete_default_routes_on_create":false,"description":"","enable_ula_internal_ipv6":false,"gateway_ipv4":"","id":"projects/project-1ab07399-29ab-4352-8f8/global/networks/gcnix-vpc","internal_ipv6_range":"","mtu":0,"name":"gcnix-vpc","network_firewall_policy_enforcement_order":"AFTER_CLASSIC_FIREWALL","network_id":"286029680893885363","network_profile":"","numeric_id":"286029680893885363","params":[],"project":"project-1ab07399-29ab-4352-8f8","routing_mode":"REGIONAL","self_link":"https://www.googleapis.com/compute/v1/projects/project-1ab07399-29ab-4352-8f8/global/networks/gcnix-vpc","timeouts":null},"sensitive_attributes":[],"private":"eyJlMmJmYjczMC1lY2FhLTExZTYtOGY4OC0zNDM2M2JjN2M0YzAiOnsiY3JlYXRlIjoxMjAwMDAwMDAwMDAwLCJkZWxldGUiOjEyMDAwMDAwMDAwMDAsInVwZGF0ZSI6MTIwMDAwMDAwMDAwMH19"}]},{"mode":"managed","type":"google_compute_subnetwork","name":"nixos","provider":"provider[\"registry.opentofu.org/hashicorp/google\"]","instances":[{"schema_version":0,"attributes":{"creation_timestamp":"2026-07-03T16:27:37.801-07:00","description":"","enable_flow_logs":false,"external_ipv6_prefix":"","fingerprint":null,"gateway_address":"10.42.0.1","id":"projects/project-1ab07399-29ab-4352-8f8/regions/southamerica-east1/subnetworks/gcnix-subnet","internal_ipv6_prefix":"","ip_cidr_range":"10.42.0.0/24","ip_collection":null,"ipv6_access_type":"","ipv6_cidr_range":"","ipv6_gce_endpoint":"","log_config":[],"name":"gcnix-subnet","network":"https://www.googleapis.com/compute/v1/projects/project-1ab07399-29ab-4352-8f8/global/networks/gcnix-vpc","params":[],"private_ip_google_access":true,"private_ipv6_google_access":"DISABLE_GOOGLE_ACCESS","project":"project-1ab07399-29ab-4352-8f8","purpose":"PRIVATE","region":"southamerica-east1","reserved_internal_range":"","role":"","secondary_ip_range":[],"self_link":"https://www.googleapis.com/compute/v1/projects/project-1ab07399-29ab-4352-8f8/regions/southamerica-east1/subnetworks/gcnix-subnet","send_secondary_ip_range_if_empty":null,"stack_type":"IPV4_ONLY","state":"","subnetwork_id":8156870461303946118,"timeouts":null},"sensitive_attributes":[],"private":"eyJlMmJmYjczMC1lY2FhLTExZTYtOGY4OC0zNDM2M2JjN2M0YzAiOnsiY3JlYXRlIjoxMjAwMDAwMDAwMDAwLCJkZWxldGUiOjEyMDAwMDAwMDAwMDAsInVwZGF0ZSI6MTIwMDAwMDAwMDAwMH19","dependencies":["google_compute_network.nixos"]}]},{"mode":"managed","type":"google_os_login_ssh_public_key","name":"current_user","provider":"provider[\"registry.opentofu.org/hashicorp/google\"]","instances":[{"index_key":"0","schema_version":0,"attributes":{"expiration_time_usec":"","fingerprint":"5c4f103afec401a87e5b59b655358e035939c554d451fc1b6179082e34b8f098","id":"users/fibodevop@gmail.com/sshPublicKeys/5c4f103afec401a87e5b59b655358e035939c554d451fc1b6179082e34b8f098","key":"ssh-ed25519 AAAAC3NzaC1lZDI1NTE5AAAAIO4x8pXKybfzCbc6IAd+HoPMW4vy3vT6ByGHM3uz4ApN leo@ali","project":"project-1ab07399-29ab-4352-8f8","timeouts":null,"user":"fibodevop@gmail.com"},"sensitive_attributes":[],"private":"eyJlMmJmYjczMC1lY2FhLTExZTYtOGY4OC0zNDM2M2JjN2M0YzAiOnsiY3JlYXRlIjoxMjAwMDAwMDAwMDAwLCJkZWxldGUiOjEyMDAwMDAwMDAwMDAsInVwZGF0ZSI6MTIwMDAwMDAwMDAwMH19","dependencies":["data.google_client_openid_userinfo.me"]},{"index_key":"1","schema_version":0,"attributes":{"expiration_time_usec":"","fingerprint":"2f2d690f296c1b4e6c9849be334d62332bd209a310cd113ea610bbd44f664b52","id":"users/fibodevop@gmail.com/sshPublicKeys/2f2d690f296c1b4e6c9849be334d62332bd209a310cd113ea610bbd44f664b52","key":"ssh-ed25519 AAAAC3NzaC1lZDI1NTE5AAAAIMGWvbEP/E0dh/xwtUVIuQrNDSz+G4TCLA+UMVpT0gLi root@ali","project":"project-1ab07399-29ab-4352-8f8","timeouts":null,"user":"fibodevop@gmail.com"},"sensitive_attributes":[],"private":"eyJlMmJmYjczMC1lY2FhLTExZTYtOGY4OC0zNDM2M2JjN2M0YzAiOnsiY3JlYXRlIjoxMjAwMDAwMDAwMDAwLCJkZWxldGUiOjEyMDAwMDAwMDAwMDAsInVwZGF0ZSI6MTIwMDAwMDAwMDAwMH19","dependencies":["data.google_client_openid_userinfo.me"]},{"index_key":"2","schema_version":0,"attributes":{"expiration_time_usec":"","fingerprint":"2df53dc30c4a74dfe8603914a33cf57d63ee37c7e84b552411b5e644c67db3f0","id":"users/fibodevop@gmail.com/sshPublicKeys/2df53dc30c4a74dfe8603914a33cf57d63ee37c7e84b552411b5e644c67db3f0","key":"ssh-ed25519 AAAAC3NzaC1lZDI1NTE5AAAAIPlCOf70p6jujZf6ZdE7ugOQAPtpqteigxxaQb4RONs4 thedandare@gmail.com","project":"project-1ab07399-29ab-4352-8f8","timeouts":null,"user":"fibodevop@gmail.com"},"sensitive_attributes":[],"private":"eyJlMmJmYjczMC1lY2FhLTExZTYtOGY4OC0zNDM2M2JjN2M0YzAiOnsiY3JlYXRlIjoxMjAwMDAwMDAwMDAwLCJkZWxldGUiOjEyMDAwMDAwMDAwMDAsInVwZGF0ZSI6MTIwMDAwMDAwMDAwMH19","dependencies":["data.google_client_openid_userinfo.me"]},{"index_key":"3","schema_version":0,"attributes":{"expiration_time_usec":"","fingerprint":"411a51798876be30ca484191a2e7dc132e033ed3f82dcb3394a170e37e13ce41","id":"users/fibodevop@gmail.com/sshPublicKeys/411a51798876be30ca484191a2e7dc132e033ed3f82dcb3394a170e37e13ce41","key":"ssh-ed25519 AAAAC3NzaC1lZDI1NTE5AAAAICs+sOj/1GK5exkDkCw7H7zmDapshfWaRn474qxZxSUY leo","project":"project-1ab07399-29ab-4352-8f8","timeouts":null,"user":"fibodevop@gmail.com"},"sensitive_attributes":[],"private":"eyJlMmJmYjczMC1lY2FhLTExZTYtOGY4OC0zNDM2M2JjN2M0YzAiOnsiY3JlYXRlIjoxMjAwMDAwMDAwMDAwLCJkZWxldGUiOjEyMDAwMDAwMDAwMDAsInVwZGF0ZSI6MTIwMDAwMDAwMDAwMH19","dependencies":["data.google_client_openid_userinfo.me"]}]}],"check_results":[{"object_kind":"resource","config_addr":"google_compute_instance.nixos","status":"pass","objects":[{"object_addr":"google_compute_instance.nixos","status":"pass"}]},{"object_kind":"var","config_addr":"var.spot_termination_action","status":"pass","objects":[{"object_addr":"var.spot_termination_action","status":"pass"}]}]}
