{
  "version": 4,
  "terraform_version": "1.12.1",
  "serial": 4,
  "lineage": "aa962cbe-91ea-f5a1-d928-76f412049ca1",
  "outputs": {},
  "resources": [
    {
      "mode": "managed",
      "type": "oci_core_instance",
      "name": "generated_oci_core_instance",
      "provider": "provider[\"registry.opentofu.org/hashicorp/oci\"]",
      "instances": [
        {
          "schema_version": 0,
          "attributes": {
            "agent_config": [
              {
                "are_all_plugins_disabled": false,
                "is_management_disabled": false,
                "is_monitoring_disabled": false,
                "plugins_config": [
                  {
                    "desired_state": "DISABLED",
                    "name": "Vulnerability Scanning"
                  },
                  {
                    "desired_state": "DISABLED",
                    "name": "OS Management Hub Agent"
                  },
                  {
                    "desired_state": "DISABLED",
                    "name": "Management Agent"
                  },
                  {
                    "desired_state": "DISABLED",
                    "name": "Custom Logs Monitoring"
                  },
                  {
                    "desired_state": "DISABLED",
                    "name": "Compute RDMA GPU Monitoring"
                  },
                  {
                    "desired_state": "DISABLED",
                    "name": "Compute Instance Monitoring"
                  },
                  {
                    "desired_state": "DISABLED",
                    "name": "Compute HPC RDMA Auto-Configuration"
                  },
                  {
                    "desired_state": "DISABLED",
                    "name": "Compute HPC RDMA Authentication"
                  },
                  {
                    "desired_state": "DISABLED",
                    "name": "Cloud Guard Workload Protection"
                  },
                  {
                    "desired_state": "DISABLED",
                    "name": "Block Volume Management"
                  },
                  {
                    "desired_state": "DISABLED",
                    "name": "Bastion"
                  }
                ]
              }
            ],
            "async": null,
            "availability_config": [
              {
                "is_live_migration_preferred": false,
                "recovery_action": "RESTORE_INSTANCE"
              }
            ],
            "availability_domain": "xZsm:SA-SAOPAULO-1-AD-1",
            "boot_volume_id": "ocid1.bootvolume.oc1.sa-saopaulo-1.abtxeljryedz3bacibdlfwloazdhjxlr7gqs33fyyln4rpck5kdgfcvyso4a",
            "capacity_reservation_id": null,
            "cluster_placement_group_id": null,
            "compartment_id": "ocid1.compartment.oc1..aaaaaaaabbyjqgjwmfjoqqzivuakcz7c2hqkj6czj6larjjedxudjc5htrna",
            "compute_cluster_id": null,
            "create_vnic_details": [
              {
                "assign_ipv6ip": false,
                "assign_private_dns_record": true,
                "assign_public_ip": "true",
                "defined_tags": {},
                "display_name": "eth",
                "freeform_tags": {},
                "hostname_label": "ocnix",
                "ipv6address_ipv6subnet_cidr_pair_details": [],
                "nsg_ids": [
                  "ocid1.networksecuritygroup.oc1.sa-saopaulo-1.aaaaaaaa6x6xljveuasdgyjlmexssfk5su5vxfczej7q3zjps26lcrm2muzq"
                ],
                "private_ip": "10.0.1.115",
                "private_ip_id": "",
                "security_attributes": {},
                "skip_source_dest_check": true,
                "subnet_cidr": "",
                "subnet_id": "ocid1.subnet.oc1.sa-saopaulo-1.aaaaaaaawdsxbgl4pmjktkpwnojl7my2fpac2w3g62gh3dxx26hn3sxliaqa",
                "vlan_id": ""
              }
            ],
            "dedicated_vm_host_id": null,
            "defined_tags": {},
            "display_name": "ocnix",
            "extended_metadata": {},
            "fault_domain": "FAULT-DOMAIN-3",
            "freeform_tags": {},
            "hostname_label": "ocnix",
            "id": "ocid1.instance.oc1.sa-saopaulo-1.antxeljrlffnwjqcdpw6lae6lprijgi43gl5x3z4c3qbs2hlw4wnjmbw6yua",
            "image": "ocid1.image.oc1.sa-saopaulo-1.aaaaaaaakvwmxajgkw5qcdsfyvzrx7q6btz6wz52npxstonpnd3cuxu4p65q",
            "instance_configuration_id": null,
            "instance_options": [
              {
                "are_legacy_imds_endpoints_disabled": true
              }
            ],
            "ipxe_script": null,
            "is_ai_enterprise_enabled": null,
            "is_cross_numa_node": false,
            "is_pv_encryption_in_transit_enabled": null,
            "launch_mode": "PARAVIRTUALIZED",
            "launch_options": [
              {
                "boot_volume_type": "PARAVIRTUALIZED",
                "firmware": "UEFI_64",
                "is_consistent_volume_naming_enabled": true,
                "is_pv_encryption_in_transit_enabled": false,
                "network_type": "PARAVIRTUALIZED",
                "remote_data_volume_type": "PARAVIRTUALIZED"
              }
            ],
            "launch_volume_attachments": null,
            "licensing_configs": [],
            "metadata": {
              "ssh_authorized_keys": "ssh-ed25519 AAAAC3NzaC1lZDI1NTE5AAAAICs+sOj/1GK5exkDkCw7H7zmDapshfWaRn474qxZxSUY leo\nssh-ed25519 AAAAC3NzaC1lZDI1NTE5AAAAIMGWvbEP/E0dh/xwtUVIuQrNDSz+G4TCLA+UMVpT0gLi root@ali\nssh-ed25519 AAAAC3NzaC1lZDI1NTE5AAAAIPlCOf70p6jujZf6ZdE7ugOQAPtpqteigxxaQb4RONs4 thedandare@gmail.com\nssh-ed25519 AAAAC3NzaC1lZDI1NTE5AAAAIO4x8pXKybfzCbc6IAd+HoPMW4vy3vT6ByGHM3uz4ApN leo@ali"
            },
            "placement_constraint_details": [],
            "platform_config": [],
            "preemptible_instance_config": [
              {
                "preemption_action": [
                  {
                    "preserve_boot_volume": true,
                    "type": "TERMINATE"
                  }
                ]
              }
            ],
            "preserve_boot_volume": null,
            "preserve_data_volumes_created_at_launch": null,
            "private_ip": "10.0.1.115",
            "public_ip": "147.15.66.123",
            "region": "sa-saopaulo-1",
            "security_attributes": {},
            "security_attributes_state": "STABLE",
            "shape": "VM.Standard.E3.Flex",
            "shape_config": [
              {
                "baseline_ocpu_utilization": "",
                "gpu_description": "",
                "gpus": 0,
                "local_disk_description": "",
                "local_disks": 0,
                "local_disks_total_size_in_gbs": 0,
                "local_volume_size_in_gbs": 0,
                "max_vnic_attachments": 2,
                "memory_in_gbs": 4,
                "networking_bandwidth_in_gbps": 1,
                "nvmes": 0,
                "ocpus": 1,
                "processor_description": "2.25 GHz AMD EPYC™ 7742 (Rome)",
                "resource_management": "",
                "vcpus": 2
              }
            ],
            "source_details": [
              {
                "boot_volume_size_in_gbs": "",
                "boot_volume_vpus_per_gb": "",
                "instance_source_image_filter_details": [],
                "is_preserve_boot_volume_enabled": false,
                "kms_key_id": "",
                "source_id": "ocid1.bootvolume.oc1.sa-saopaulo-1.abtxeljryedz3bacibdlfwloazdhjxlr7gqs33fyyln4rpck5kdgfcvyso4a",
                "source_type": "bootVolume"
              }
            ],
            "state": "RUNNING",
            "subnet_id": "ocid1.subnet.oc1.sa-saopaulo-1.aaaaaaaawdsxbgl4pmjktkpwnojl7my2fpac2w3g62gh3dxx26hn3sxliaqa",
            "system_tags": {},
            "time_created": "2026-07-03 14:34:18.084 +0000 UTC",
            "time_maintenance_reboot_due": "",
            "timeouts": null,
            "update_operation_constraint": null
          },
          "sensitive_attributes": [],
          "private": "eyJlMmJmYjczMC1lY2FhLTExZTYtOGY4OC0zNDM2M2JjN2M0YzAiOnsiY3JlYXRlIjoyNzAwMDAwMDAwMDAwLCJkZWxldGUiOjQ1MDAwMDAwMDAwMDAsInVwZGF0ZSI6MjcwMDAwMDAwMDAwMH19"
        }
      ]
    }
  ],
  "check_results": null
}

