{"version":4,"terraform_version":"1.12.1","serial":44,"lineage":"be2a1125-1621-eefe-5a35-be8707027719","outputs":{"instance_name":{"value":"ocinix","type":"string"},"public_ip":{"value":"147.15.58.68","type":"string"},"ssh_root_22_debug":{"value":"\nssh -i /root/.ssh/root_id_ed25519 root@147.15.58.68\n","type":"string"}},"resources":[{"mode":"managed","type":"oci_core_internet_gateway","name":"ocinix_igw","provider":"provider[\"registry.opentofu.org/oracle/oci\"]","instances":[{"schema_version":0,"attributes":{"compartment_id":"ocid1.compartment.oc1..aaaaaaaabbyjqgjwmfjoqqzivuakcz7c2hqkj6czj6larjjedxudjc5htrna","defined_tags":{},"display_name":"ocinix-internet-gateway","enabled":true,"freeform_tags":{},"id":"ocid1.internetgateway.oc1.sa-saopaulo-1.aaaaaaaa4tbeauzaaoe35fzohsfsyn7ex4mgszritq2mvde5mwfisbwqhwnq","route_table_id":null,"state":"AVAILABLE","time_created":"2026-07-01 22:36:34.768 +0000 UTC","timeouts":null,"vcn_id":"ocid1.vcn.oc1.sa-saopaulo-1.amaaaaaalffnwjqaar56jfgdqtyigewxtewachzt3ftahbagmueict5eabta"},"sensitive_attributes":[],"private":"eyJlMmJmYjczMC1lY2FhLTExZTYtOGY4OC0zNDM2M2JjN2M0YzAiOnsiY3JlYXRlIjoxMjAwMDAwMDAwMDAwLCJkZWxldGUiOjEyMDAwMDAwMDAwMDAsInVwZGF0ZSI6MTIwMDAwMDAwMDAwMH19","dependencies":["oci_core_vcn.ocinix_vcn","oci_identity_compartment.ocinix_compartment"]}]},{"mode":"managed","type":"oci_core_network_security_group","name":"ocinix_sg","provider":"provider[\"registry.opentofu.org/oracle/oci\"]","instances":[{"schema_version":0,"attributes":{"compartment_id":"ocid1.compartment.oc1..aaaaaaaabbyjqgjwmfjoqqzivuakcz7c2hqkj6czj6larjjedxudjc5htrna","defined_tags":{},"display_name":"ocinix-security-group","freeform_tags":{},"id":"ocid1.networksecuritygroup.oc1.sa-saopaulo-1.aaaaaaaa6x6xljveuasdgyjlmexssfk5su5vxfczej7q3zjps26lcrm2muzq","state":"AVAILABLE","time_created":"2026-07-01 22:36:34.705 +0000 UTC","timeouts":null,"vcn_id":"ocid1.vcn.oc1.sa-saopaulo-1.amaaaaaalffnwjqaar56jfgdqtyigewxtewachzt3ftahbagmueict5eabta"},"sensitive_attributes":[],"private":"eyJlMmJmYjczMC1lY2FhLTExZTYtOGY4OC0zNDM2M2JjN2M0YzAiOnsiY3JlYXRlIjoxMjAwMDAwMDAwMDAwLCJkZWxldGUiOjEyMDAwMDAwMDAwMDAsInVwZGF0ZSI6MTIwMDAwMDAwMDAwMH19","dependencies":["oci_core_vcn.ocinix_vcn","oci_identity_compartment.ocinix_compartment"]}]},{"mode":"managed","type":"oci_core_network_security_group_security_rule","name":"allow_egress","provider":"provider[\"registry.opentofu.org/oracle/oci\"]","instances":[{"schema_version":0,"attributes":{"description":null,"destination":"0.0.0.0/0","destination_type":"CIDR_BLOCK","direction":"EGRESS","icmp_options":[],"id":"8C3AD5","is_valid":true,"network_security_group_id":"ocid1.networksecuritygroup.oc1.sa-saopaulo-1.aaaaaaaa6x6xljveuasdgyjlmexssfk5su5vxfczej7q3zjps26lcrm2muzq","protocol":"all","source":null,"source_type":"","stateless":false,"tcp_options":[],"time_created":"2026-07-01 22:36:35.248 +0000 UTC","timeouts":null,"udp_options":[]},"sensitive_attributes":[],"private":"eyJlMmJmYjczMC1lY2FhLTExZTYtOGY4OC0zNDM2M2JjN2M0YzAiOnsiY3JlYXRlIjoxMjAwMDAwMDAwMDAwLCJkZWxldGUiOjEyMDAwMDAwMDAwMDAsInVwZGF0ZSI6MTIwMDAwMDAwMDAwMH19","dependencies":["oci_core_network_security_group.ocinix_sg","oci_core_vcn.ocinix_vcn","oci_identity_compartment.ocinix_compartment"]}]},{"mode":"managed","type":"oci_core_network_security_group_security_rule","name":"allow_log_stream","provider":"provider[\"registry.opentofu.org/oracle/oci\"]","instances":[{"schema_version":0,"attributes":{"description":null,"destination":null,"destination_type":"","direction":"INGRESS","icmp_options":[],"id":"ABCE32","is_valid":true,"network_security_group_id":"ocid1.networksecuritygroup.oc1.sa-saopaulo-1.aaaaaaaa6x6xljveuasdgyjlmexssfk5su5vxfczej7q3zjps26lcrm2muzq","protocol":"6","source":"191.191.30.166/32","source_type":"CIDR_BLOCK","stateless":false,"tcp_options":[{"destination_port_range":[{"max":9999,"min":9999}],"source_port_range":[]}],"time_created":"2026-07-01 22:36:35.424 +0000 UTC","timeouts":null,"udp_options":[]},"sensitive_attributes":[],"private":"eyJlMmJmYjczMC1lY2FhLTExZTYtOGY4OC0zNDM2M2JjN2M0YzAiOnsiY3JlYXRlIjoxMjAwMDAwMDAwMDAwLCJkZWxldGUiOjEyMDAwMDAwMDAwMDAsInVwZGF0ZSI6MTIwMDAwMDAwMDAwMH19","dependencies":["oci_core_network_security_group.ocinix_sg","oci_core_vcn.ocinix_vcn","oci_identity_compartment.ocinix_compartment"]}]},{"mode":"managed","type":"oci_core_network_security_group_security_rule","name":"allow_ssh","provider":"provider[\"registry.opentofu.org/oracle/oci\"]","instances":[{"schema_version":0,"attributes":{"description":null,"destination":null,"destination_type":"","direction":"INGRESS","icmp_options":[],"id":"065E4F","is_valid":true,"network_security_group_id":"ocid1.networksecuritygroup.oc1.sa-saopaulo-1.aaaaaaaa6x6xljveuasdgyjlmexssfk5su5vxfczej7q3zjps26lcrm2muzq","protocol":"6","source":"0.0.0.0/0","source_type":"CIDR_BLOCK","stateless":false,"tcp_options":[{"destination_port_range":[{"max":22,"min":22}],"source_port_range":[]}],"time_created":"2026-07-01 22:36:35.138 +0000 UTC","timeouts":null,"udp_options":[]},"sensitive_attributes":[],"private":"eyJlMmJmYjczMC1lY2FhLTExZTYtOGY4OC0zNDM2M2JjN2M0YzAiOnsiY3JlYXRlIjoxMjAwMDAwMDAwMDAwLCJkZWxldGUiOjEyMDAwMDAwMDAwMDAsInVwZGF0ZSI6MTIwMDAwMDAwMDAwMH19","dependencies":["oci_core_network_security_group.ocinix_sg","oci_core_vcn.ocinix_vcn","oci_identity_compartment.ocinix_compartment"]}]},{"mode":"managed","type":"oci_core_route_table","name":"ocinix_rt","provider":"provider[\"registry.opentofu.org/oracle/oci\"]","instances":[{"schema_version":0,"attributes":{"compartment_id":"ocid1.compartment.oc1..aaaaaaaabbyjqgjwmfjoqqzivuakcz7c2hqkj6czj6larjjedxudjc5htrna","defined_tags":{},"display_name":"ocinix-route-table","freeform_tags":{},"id":"ocid1.routetable.oc1.sa-saopaulo-1.aaaaaaaavzqj6iyj55sxeldlkfd7mpkq7g5lpa6pe5jwtggvz66kticlqv5q","route_rules":[{"cidr_block":"","description":"","destination":"0.0.0.0/0","destination_type":"CIDR_BLOCK","network_entity_id":"ocid1.internetgateway.oc1.sa-saopaulo-1.aaaaaaaa4tbeauzaaoe35fzohsfsyn7ex4mgszritq2mvde5mwfisbwqhwnq","route_type":"STATIC"}],"state":"AVAILABLE","time_created":"2026-07-01 22:36:35.236 +0000 UTC","timeouts":null,"vcn_id":"ocid1.vcn.oc1.sa-saopaulo-1.amaaaaaalffnwjqaar56jfgdqtyigewxtewachzt3ftahbagmueict5eabta"},"sensitive_attributes":[],"private":"eyJlMmJmYjczMC1lY2FhLTExZTYtOGY4OC0zNDM2M2JjN2M0YzAiOnsiY3JlYXRlIjoxMjAwMDAwMDAwMDAwLCJkZWxldGUiOjEyMDAwMDAwMDAwMDAsInVwZGF0ZSI6MTIwMDAwMDAwMDAwMH19","dependencies":["oci_core_internet_gateway.ocinix_igw","oci_core_vcn.ocinix_vcn","oci_identity_compartment.ocinix_compartment"]}]},{"mode":"managed","type":"oci_core_security_list","name":"ocinix_sl","provider":"provider[\"registry.opentofu.org/oracle/oci\"]","instances":[{"schema_version":0,"attributes":{"compartment_id":"ocid1.compartment.oc1..aaaaaaaabbyjqgjwmfjoqqzivuakcz7c2hqkj6czj6larjjedxudjc5htrna","defined_tags":{},"display_name":"ocinix-security-list","egress_security_rules":[{"description":"","destination":"0.0.0.0/0","destination_type":"CIDR_BLOCK","icmp_options":[],"protocol":"all","stateless":false,"tcp_options":[],"udp_options":[]}],"freeform_tags":{},"id":"ocid1.securitylist.oc1.sa-saopaulo-1.aaaaaaaad7rvuglylx5423zsu5v77vtrbpmq3l7v7z6rublkujxqhi6ynh5q","ingress_security_rules":[{"description":"","icmp_options":[],"protocol":"6","source":"0.0.0.0/0","source_type":"CIDR_BLOCK","stateless":false,"tcp_options":[{"max":22,"min":22,"source_port_range":[]}],"udp_options":[]}],"state":"AVAILABLE","time_created":"2026-07-01 22:36:34.811 +0000 UTC","timeouts":null,"vcn_id":"ocid1.vcn.oc1.sa-saopaulo-1.amaaaaaalffnwjqaar56jfgdqtyigewxtewachzt3ftahbagmueict5eabta"},"sensitive_attributes":[],"private":"eyJlMmJmYjczMC1lY2FhLTExZTYtOGY4OC0zNDM2M2JjN2M0YzAiOnsiY3JlYXRlIjoxMjAwMDAwMDAwMDAwLCJkZWxldGUiOjEyMDAwMDAwMDAwMDAsInVwZGF0ZSI6MTIwMDAwMDAwMDAwMH19","dependencies":["oci_core_vcn.ocinix_vcn","oci_identity_compartment.ocinix_compartment"]}]},{"mode":"managed","type":"oci_core_subnet","name":"ocinix_subnet","provider":"provider[\"registry.opentofu.org/oracle/oci\"]","instances":[{"schema_version":0,"attributes":{"availability_domain":null,"cidr_block":"10.0.1.0/24","compartment_id":"ocid1.compartment.oc1..aaaaaaaabbyjqgjwmfjoqqzivuakcz7c2hqkj6czj6larjjedxudjc5htrna","defined_tags":{},"dhcp_options_id":"ocid1.dhcpoptions.oc1.sa-saopaulo-1.aaaaaaaavehjevnrgr6oc4rx2txewwgfejpwehdkam5lwb6qjjcpb3rhe75q","display_name":"ocinix-subnet","dns_label":"ocinixsub","freeform_tags":{},"id":"ocid1.subnet.oc1.sa-saopaulo-1.aaaaaaaawdsxbgl4pmjktkpwnojl7my2fpac2w3g62gh3dxx26hn3sxliaqa","ipv4cidr_blocks":["10.0.1.0/24"],"ipv6cidr_block":null,"ipv6cidr_blocks":[],"ipv6virtual_router_ip":null,"prohibit_internet_ingress":false,"prohibit_public_ip_on_vnic":false,"route_table_id":"ocid1.routetable.oc1.sa-saopaulo-1.aaaaaaaavzqj6iyj55sxeldlkfd7mpkq7g5lpa6pe5jwtggvz66kticlqv5q","security_list_ids":["ocid1.securitylist.oc1.sa-saopaulo-1.aaaaaaaad7rvuglylx5423zsu5v77vtrbpmq3l7v7z6rublkujxqhi6ynh5q"],"state":"AVAILABLE","subnet_domain_name":"ocinixsub.ocinixvcn.oraclevcn.com","time_created":"2026-07-01 22:36:35.677 +0000 UTC","timeouts":null,"vcn_id":"ocid1.vcn.oc1.sa-saopaulo-1.amaaaaaalffnwjqaar56jfgdqtyigewxtewachzt3ftahbagmueict5eabta","virtual_router_ip":"10.0.1.1","virtual_router_mac":"00:00:17:0D:64:BC"},"sensitive_attributes":[],"private":"eyJlMmJmYjczMC1lY2FhLTExZTYtOGY4OC0zNDM2M2JjN2M0YzAiOnsiY3JlYXRlIjoxMjAwMDAwMDAwMDAwLCJkZWxldGUiOjEyMDAwMDAwMDAwMDAsInVwZGF0ZSI6MTIwMDAwMDAwMDAwMH19","dependencies":["oci_core_internet_gateway.ocinix_igw","oci_core_route_table.ocinix_rt","oci_core_security_list.ocinix_sl","oci_core_vcn.ocinix_vcn","oci_identity_compartment.ocinix_compartment"]}]},{"mode":"managed","type":"oci_core_vcn","name":"ocinix_vcn","provider":"provider[\"registry.opentofu.org/oracle/oci\"]","instances":[{"schema_version":0,"attributes":{"byoipv6cidr_blocks":[],"byoipv6cidr_details":[],"cidr_block":"10.0.0.0/16","cidr_blocks":["10.0.0.0/16"],"compartment_id":"ocid1.compartment.oc1..aaaaaaaabbyjqgjwmfjoqqzivuakcz7c2hqkj6czj6larjjedxudjc5htrna","default_dhcp_options_id":"ocid1.dhcpoptions.oc1.sa-saopaulo-1.aaaaaaaavehjevnrgr6oc4rx2txewwgfejpwehdkam5lwb6qjjcpb3rhe75q","default_route_table_id":"ocid1.routetable.oc1.sa-saopaulo-1.aaaaaaaatz3ncicngdegchhtegvmiwa3es6jkpwyxejied3fb5kfvfmfuima","default_security_list_id":"ocid1.securitylist.oc1.sa-saopaulo-1.aaaaaaaaowqtm2j5ql6bhggyfaaivjt7zwjmnfgg6bkfnsqtddcz4vxljuka","defined_tags":{},"display_name":"ocinix-vcn","dns_label":"ocinixvcn","freeform_tags":{},"id":"ocid1.vcn.oc1.sa-saopaulo-1.amaaaaaalffnwjqaar56jfgdqtyigewxtewachzt3ftahbagmueict5eabta","ipv6cidr_blocks":[],"ipv6private_cidr_blocks":[],"is_ipv6enabled":false,"is_oracle_gua_allocation_enabled":null,"security_attributes":{},"state":"AVAILABLE","time_created":"2026-07-01 22:36:33.977 +0000 UTC","timeouts":null,"vcn_domain_name":"ocinixvcn.oraclevcn.com"},"sensitive_attributes":[],"private":"eyJlMmJmYjczMC1lY2FhLTExZTYtOGY4OC0zNDM2M2JjN2M0YzAiOnsiY3JlYXRlIjoxMjAwMDAwMDAwMDAwLCJkZWxldGUiOjEyMDAwMDAwMDAwMDAsInVwZGF0ZSI6MTIwMDAwMDAwMDAwMH19","dependencies":["oci_identity_compartment.ocinix_compartment"]}]},{"mode":"managed","type":"oci_identity_compartment","name":"ocinix_compartment","provider":"provider[\"registry.opentofu.org/oracle/oci\"]","instances":[{"schema_version":0,"attributes":{"compartment_id":"ocid1.tenancy.oc1..aaaaaaaaxt7kwgoa7hysaeimumgcplk7ofum647jr5m6dtcfnc5bsrgreefq","defined_tags":{},"description":"Compartment declarativo para o host ocinix","enable_delete":true,"freeform_tags":{},"id":"ocid1.compartment.oc1..aaaaaaaabbyjqgjwmfjoqqzivuakcz7c2hqkj6czj6larjjedxudjc5htrna","inactive_state":null,"is_accessible":true,"name":"ocinix","state":"ACTIVE","time_created":"2026-07-01 22:36:26.06 +0000 UTC","timeouts":null},"sensitive_attributes":[],"private":"eyJlMmJmYjczMC1lY2FhLTExZTYtOGY4OC0zNDM2M2JjN2M0YzAiOnsiZGVsZXRlIjo1NDAwMDAwMDAwMDAwfX0="}]}],"check_results":null}
