{"version":4,"terraform_version":"1.12.1","serial":46,"lineage":"be2a1125-1621-eefe-5a35-be8707027719","outputs":{"instance_name":{"value":"ocinix","type":"string"},"public_ip":{"value":"147.15.58.68","type":"string"},"ssh_root_22_debug":{"value":"\nssh -i /root/.ssh/root_id_ed25519 root@147.15.58.68\n","type":"string"}},"resources":[{"mode":"managed","type":"oci_core_instance","name":"ocinix","provider":"provider[\"registry.opentofu.org/oracle/oci\"]","instances":[{"schema_version":0,"attributes":{"agent_config":[{"are_all_plugins_disabled":false,"is_management_disabled":false,"is_monitoring_disabled":false,"plugins_config":[]}],"async":null,"availability_config":[{"is_live_migration_preferred":false,"recovery_action":"RESTORE_INSTANCE"}],"availability_domain":"xZsm:SA-SAOPAULO-1-AD-1","boot_volume_id":"ocid1.bootvolume.oc1.sa-saopaulo-1.abtxeljrqz2a2epkhxonbmpqeykus5xdxi3ouem7alxbr3z5huqxyx4ofqmq","capacity_reservation_id":null,"cluster_placement_group_id":null,"compartment_id":"ocid1.compartment.oc1..aaaaaaaabbyjqgjwmfjoqqzivuakcz7c2hqkj6czj6larjjedxudjc5htrna","compute_cluster_id":null,"create_vnic_details":[{"assign_ipv6ip":false,"assign_private_dns_record":false,"assign_public_ip":"true","defined_tags":{},"display_name":"ocinix","freeform_tags":{},"hostname_label":"ocinix","ipv6address_ipv6subnet_cidr_pair_details":[],"nsg_ids":["ocid1.networksecuritygroup.oc1.sa-saopaulo-1.aaaaaaaa6x6xljveuasdgyjlmexssfk5su5vxfczej7q3zjps26lcrm2muzq"],"private_ip":"10.0.1.153","private_ip_id":"","security_attributes":{},"skip_source_dest_check":true,"subnet_cidr":"","subnet_id":"ocid1.subnet.oc1.sa-saopaulo-1.aaaaaaaawdsxbgl4pmjktkpwnojl7my2fpac2w3g62gh3dxx26hn3sxliaqa","vlan_id":""}],"dedicated_vm_host_id":null,"defined_tags":{},"display_name":"ocinix","extended_metadata":{},"fault_domain":"FAULT-DOMAIN-3","freeform_tags":{},"hostname_label":"ocinix","id":"ocid1.instance.oc1.sa-saopaulo-1.antxeljrlffnwjqcq2rchdzhjtbx5frccwvhvq35ujfdpo7yhwhptermvvqq","image":"ocid1.image.oc1.sa-saopaulo-1.aaaaaaaakvwmxajgkw5qcdsfyvzrx7q6btz6wz52npxstonpnd3cuxu4p65q","instance_configuration_id":null,"instance_options":[{"are_legacy_imds_endpoints_disabled":false}],"ipxe_script":null,"is_ai_enterprise_enabled":null,"is_cross_numa_node":false,"is_pv_encryption_in_transit_enabled":null,"launch_mode":"PARAVIRTUALIZED","launch_options":[{"boot_volume_type":"PARAVIRTUALIZED","firmware":"UEFI_64","is_consistent_volume_naming_enabled":true,"is_pv_encryption_in_transit_enabled":false,"network_type":"PARAVIRTUALIZED","remote_data_volume_type":"PARAVIRTUALIZED"}],"launch_volume_attachments":[],"licensing_configs":[],"metadata":{"ssh_authorized_keys":"ssh-ed25519 AAAAC3NzaC1lZDI1NTE5AAAAIMGWvbEP/E0dh/xwtUVIuQrNDSz+G4TCLA+UMVpT0gLi root@ali","user_data":"I2Nsb3VkLWNvbmZpZwp1c2VyczoKICAtIG5hbWU6IHVidW50dQogICAgc3VkbzogQUxMPShBTEwpIE5PUEFTU1dEOkFMTAogICAgc3NoX2F1dGhvcml6ZWRfa2V5czoKICAgICAgLSBzc2gtZWQyNTUxOSBBQUFBQzNOemFDMWxaREkxTlRFNUFBQUFJTUdXdmJFUC9FMGRoL3h3dFVWSXVRck5EU3orRzRUQ0xBK1VNVnBUMGdMaSByb290QGFsaQogIC0gbmFtZTogcm9vdAogICAgc3NoX2F1dGhvcml6ZWRfa2V5czoKICAgICAgLSBzc2gtZWQyNTUxOSBBQUFBQzNOemFDMWxaREkxTlRFNUFBQUFJTUdXdmJFUC9FMGRoL3h3dFVWSXVRck5EU3orRzRUQ0xBK1VNVnBUMGdMaSByb290QGFsaQpwYWNrYWdlX3VwZGF0ZTogdHJ1ZQpjaHBhc3N3ZDoKICBleHBpcmU6IGZhbHNlCiAgbGlzdDogfAogICAgcm9vdDpPQ0lfQk9PVF9ST09UX1BBU1NXT1JECnBhY2thZ2VzOgogIC0gb3BlbnNzaC1zZXJ2ZXIKICAtIGF0CiAgLSBvcGVuc3NsCiAgLSBuZXRjYXQtb3BlbmJzZApydW5jbWQ6CiAgLSBzeXN0ZW1jdGwgZW5hYmxlIC0tbm93IHNzaAogIC0gdWZ3IGFsbG93IDIyL3RjcCB8fCB0cnVlCiAgLSBhcHQtZ2V0IHVwZGF0ZQogIC0gfAogICAgIyBHZXJhIHNlbmhhIGFsZWF0b3JpYSBwYXJhIHJvb3QgZSBlbnZpYSBwYXJhIG8gc29jYXQgZG8gdXN1YXJpbwogICAgUk9PVF9QQVNTPSQob3BlbnNzbCByYW5kIC1iYXNlNjQgMzIpCiAgICBlY2hvICJyb290OiRST09UX1BBU1MiIHwgY2hwYXNzd2QKICAgIGVjaG8gIltPQ0ldICQoZGF0ZSkgSVA6ICQoY3VybCAtcyBpZmNvbmZpZy5tZSB8fCB0cnVlKSByb290IHBhc3N3b3JkOiAkUk9PVF9QQVNTIiB8IG5jIC1xIDEgMTkxLjE5MS4zMC4xNjYgNTk5OTkgfHwgdHJ1ZQogICAgZWNobyAicm9vdCBzZW5oYSBhbHRlcmFkYSBlIGVudmlhZGEgcGFyYSAxOTEuMTkxLjMwLjE2Njo1OTk5OSIKICAtIHwKICAgIGVjaG8gInBhc3N3ZCAtbCByb290IiB8IGF0IG5vdyArIDEgaG91cgogIC0gfAogICAgY2F0IDw8J0JPT1RTVFJBUCcgPiAvcm9vdC9ib290c3RyYXAtbml4b3Muc2gKICAgICMhL2Jpbi9iYXNoCiAgICBleGVjID4gL3Zhci9sb2cvbml4b3MtYm9vdHN0cmFwLmxvZyAyPiYxCiAgICBzZXQgLXgKICAgIGVjaG8gIlskKGRhdGUpXSBWTSBib290YWRhIGUgcHJvbnRhIHBhcmEgbml4b3MtYW55d2hlcmUiCiAgICBlY2hvICJbJChkYXRlKV0gSVAgcHVibGljbzogJChjdXJsIC1zIGlmY29uZmlnLm1lIHx8IHRydWUpIgogICAgZWNobyAiWyQoZGF0ZSldIFVzdWFyaW8gdWJ1bnR1IGNvbmZpZ3VyYWRvIGNvbSBzdWRvIHNlbSBzZW5oYSIKICAgIGVjaG8gIlskKGRhdGUpXSBBZ3VhcmRhbmRvIGNvbWFuZG8gZGUgY29udmVyc2FvIGV4dGVybm8uLi4iCiAgICBCT09UU1RSQVAKICAgIGNobW9kICt4IC9yb290L2Jvb3RzdHJhcC1uaXhvcy5zaAogICAgL3Jvb3QvYm9vdHN0cmFwLW5peG9zLnNoCiAgLSB8CiAgICAjIFN0cmVhbSBkbyBsb2cgZGUgYm9vdHN0cmFwIG5hIHBvcnRhIDk5OTkgKGFwZW5hcyAxOTEuMTkxLjMwLjE2NikKICAgIGFwdC1nZXQgaW5zdGFsbCAteSBzb2NhdAogICAgbm9odXAgc29jYXQgVENQNC1MSVNURU46OTk5OSxyZXVzZWFkZHIsZm9yayxyYW5nZT0xOTEuMTkxLjMwLjE2Ni8zMiBFWEVDOiJ0YWlsIC1uIDEwMCAtZiAvdmFyL2xvZy9uaXhvcy1ib290c3RyYXAubG9nIiA+L2Rldi9udWxsIDI+JjEgJgo="},"placement_constraint_details":[],"platform_config":[],"preemptible_instance_config":[{"preemption_action":[{"preserve_boot_volume":true,"type":"TERMINATE"}]}],"preserve_boot_volume":null,"preserve_data_volumes_created_at_launch":null,"private_ip":"10.0.1.153","public_ip":"147.15.58.68","region":"sa-saopaulo-1","security_attributes":{},"security_attributes_state":"STABLE","shape":"VM.Standard.E3.Flex","shape_config":[{"baseline_ocpu_utilization":"","gpu_description":"","gpus":0,"local_disk_description":"","local_disks":0,"local_disks_total_size_in_gbs":0,"local_volume_size_in_gbs":0,"max_vnic_attachments":2,"memory_in_gbs":8,"networking_bandwidth_in_gbps":1,"nvmes":0,"ocpus":1,"processor_description":"2.25 GHz AMD EPYC™ 7742 (Rome)","resource_management":"","vcpus":2}],"source_details":[{"boot_volume_size_in_gbs":"47","boot_volume_vpus_per_gb":"10","instance_source_image_filter_details":[],"is_preserve_boot_volume_enabled":false,"kms_key_id":"","source_id":"ocid1.image.oc1.sa-saopaulo-1.aaaaaaaakvwmxajgkw5qcdsfyvzrx7q6btz6wz52npxstonpnd3cuxu4p65q","source_type":"image"}],"state":"RUNNING","subnet_id":"ocid1.subnet.oc1.sa-saopaulo-1.aaaaaaaawdsxbgl4pmjktkpwnojl7my2fpac2w3g62gh3dxx26hn3sxliaqa","system_tags":{},"time_created":"2026-07-03 15:14:07.637 +0000 UTC","time_maintenance_reboot_due":"","timeouts":null,"update_operation_constraint":null},"sensitive_attributes":[],"private":"eyJlMmJmYjczMC1lY2FhLTExZTYtOGY4OC0zNDM2M2JjN2M0YzAiOnsiY3JlYXRlIjoyNzAwMDAwMDAwMDAwLCJkZWxldGUiOjQ1MDAwMDAwMDAwMDAsInVwZGF0ZSI6MjcwMDAwMDAwMDAwMH0sInNjaGVtYV92ZXJzaW9uIjoiMCJ9","dependencies":["oci_core_internet_gateway.ocinix_igw","oci_core_network_security_group.ocinix_sg","oci_core_route_table.ocinix_rt","oci_core_security_list.ocinix_sl","oci_core_subnet.ocinix_subnet","oci_core_vcn.ocinix_vcn","oci_identity_compartment.ocinix_compartment"]}]},{"mode":"managed","type":"oci_core_instance","name":"ocinix2","provider":"provider[\"registry.opentofu.org/oracle/oci\"]","instances":[{"schema_version":0,"attributes":{"agent_config":[{"are_all_plugins_disabled":false,"is_management_disabled":false,"is_monitoring_disabled":false,"plugins_config":[]}],"async":null,"availability_config":[{"is_live_migration_preferred":false,"recovery_action":"RESTORE_INSTANCE"}],"availability_domain":"xZsm:SA-SAOPAULO-1-AD-1","boot_volume_id":"ocid1.bootvolume.oc1.sa-saopaulo-1.abtxeljriohrx2liavembbuxo22d6ugb7hc7l7dtia226tsgwksd22hqoiuq","capacity_reservation_id":null,"cluster_placement_group_id":null,"compartment_id":"ocid1.compartment.oc1..aaaaaaaabbyjqgjwmfjoqqzivuakcz7c2hqkj6czj6larjjedxudjc5htrna","compute_cluster_id":null,"create_vnic_details":[{"assign_ipv6ip":false,"assign_private_dns_record":false,"assign_public_ip":"true","defined_tags":{},"display_name":"ocinix2","freeform_tags":{},"hostname_label":"ocinix2","ipv6address_ipv6subnet_cidr_pair_details":[],"nsg_ids":["ocid1.networksecuritygroup.oc1.sa-saopaulo-1.aaaaaaaa6x6xljveuasdgyjlmexssfk5su5vxfczej7q3zjps26lcrm2muzq"],"private_ip":"10.0.1.209","private_ip_id":"","security_attributes":{},"skip_source_dest_check":true,"subnet_cidr":"","subnet_id":"ocid1.subnet.oc1.sa-saopaulo-1.aaaaaaaawdsxbgl4pmjktkpwnojl7my2fpac2w3g62gh3dxx26hn3sxliaqa","vlan_id":""}],"dedicated_vm_host_id":null,"defined_tags":{},"display_name":"ocinix2","extended_metadata":{},"fault_domain":"FAULT-DOMAIN-3","freeform_tags":{},"hostname_label":"ocinix2","id":"ocid1.instance.oc1.sa-saopaulo-1.antxeljrlffnwjqcgnecnz42lm5qgzvbpjt67lyx5rvn4at5ibuc3l6jf6ga","image":"ocid1.image.oc1.sa-saopaulo-1.aaaaaaaakvwmxajgkw5qcdsfyvzrx7q6btz6wz52npxstonpnd3cuxu4p65q","instance_configuration_id":null,"instance_options":[{"are_legacy_imds_endpoints_disabled":false}],"ipxe_script":null,"is_ai_enterprise_enabled":null,"is_cross_numa_node":false,"is_pv_encryption_in_transit_enabled":null,"launch_mode":"PARAVIRTUALIZED","launch_options":[{"boot_volume_type":"PARAVIRTUALIZED","firmware":"UEFI_64","is_consistent_volume_naming_enabled":true,"is_pv_encryption_in_transit_enabled":false,"network_type":"PARAVIRTUALIZED","remote_data_volume_type":"PARAVIRTUALIZED"}],"launch_volume_attachments":null,"licensing_configs":[],"metadata":{"ssh_authorized_keys":"ssh-ed25519 AAAAC3NzaC1lZDI1NTE5AAAAIMGWvbEP/E0dh/xwtUVIuQrNDSz+G4TCLA+UMVpT0gLi root@ali","user_data":"I2Nsb3VkLWNvbmZpZwp1c2VyczoKICAtIG5hbWU6IHVidW50dQogICAgc3VkbzogQUxMPShBTEwpIE5PUEFTU1dEOkFMTAogICAgc3NoX2F1dGhvcml6ZWRfa2V5czoKICAgICAgLSBzc2gtZWQyNTUxOSBBQUFBQzNOemFDMWxaREkxTlRFNUFBQUFJTUdXdmJFUC9FMGRoL3h3dFVWSXVRck5EU3orRzRUQ0xBK1VNVnBUMGdMaSByb290QGFsaQogIC0gbmFtZTogcm9vdAogICAgc3NoX2F1dGhvcml6ZWRfa2V5czoKICAgICAgLSBzc2gtZWQyNTUxOSBBQUFBQzNOemFDMWxaREkxTlRFNUFBQUFJTUdXdmJFUC9FMGRoL3h3dFVWSXVRck5EU3orRzRUQ0xBK1VNVnBUMGdMaSByb290QGFsaQpwYWNrYWdlX3VwZGF0ZTogdHJ1ZQpjaHBhc3N3ZDoKICBleHBpcmU6IGZhbHNlCiAgbGlzdDogfAogICAgcm9vdDpPQ0lfQk9PVF9ST09UX1BBU1NXT1JECnBhY2thZ2VzOgogIC0gb3BlbnNzaC1zZXJ2ZXIKICAtIGF0CiAgLSBvcGVuc3NsCiAgLSBuZXRjYXQtb3BlbmJzZApydW5jbWQ6CiAgLSBzeXN0ZW1jdGwgZW5hYmxlIC0tbm93IHNzaAogIC0gdWZ3IGFsbG93IDIyL3RjcCB8fCB0cnVlCiAgLSBhcHQtZ2V0IHVwZGF0ZQogIC0gfAogICAgIyBHZXJhIHNlbmhhIGFsZWF0b3JpYSBwYXJhIHJvb3QgZSBlbnZpYSBwYXJhIG8gc29jYXQgZG8gdXN1YXJpbwogICAgUk9PVF9QQVNTPSQob3BlbnNzbCByYW5kIC1iYXNlNjQgMzIpCiAgICBlY2hvICJyb290OiRST09UX1BBU1MiIHwgY2hwYXNzd2QKICAgIGVjaG8gIltPQ0ldICQoZGF0ZSkgSVA6ICQoY3VybCAtcyBpZmNvbmZpZy5tZSB8fCB0cnVlKSByb290IHBhc3N3b3JkOiAkUk9PVF9QQVNTIiB8IG5jIC1xIDEgMTkxLjE5MS4zMC4xNjYgNTk5OTkgfHwgdHJ1ZQogICAgZWNobyAicm9vdCBzZW5oYSBhbHRlcmFkYSBlIGVudmlhZGEgcGFyYSAxOTEuMTkxLjMwLjE2Njo1OTk5OSIKICAtIHwKICAgIGVjaG8gInBhc3N3ZCAtbCByb290IiB8IGF0IG5vdyArIDEgaG91cgogIC0gfAogICAgY2F0IDw8J0JPT1RTVFJBUCcgPiAvcm9vdC9ib290c3RyYXAtbml4b3Muc2gKICAgICMhL2Jpbi9iYXNoCiAgICBleGVjID4gL3Zhci9sb2cvbml4b3MtYm9vdHN0cmFwLmxvZyAyPiYxCiAgICBzZXQgLXgKICAgIGVjaG8gIlskKGRhdGUpXSBWTSBib290YWRhIGUgcHJvbnRhIHBhcmEgbml4b3MtYW55d2hlcmUiCiAgICBlY2hvICJbJChkYXRlKV0gSVAgcHVibGljbzogJChjdXJsIC1zIGlmY29uZmlnLm1lIHx8IHRydWUpIgogICAgZWNobyAiWyQoZGF0ZSldIFVzdWFyaW8gdWJ1bnR1IGNvbmZpZ3VyYWRvIGNvbSBzdWRvIHNlbSBzZW5oYSIKICAgIGVjaG8gIlskKGRhdGUpXSBBZ3VhcmRhbmRvIGNvbWFuZG8gZGUgY29udmVyc2FvIGV4dGVybm8uLi4iCiAgICBCT09UU1RSQVAKICAgIGNobW9kICt4IC9yb290L2Jvb3RzdHJhcC1uaXhvcy5zaAogICAgL3Jvb3QvYm9vdHN0cmFwLW5peG9zLnNoCiAgLSB8CiAgICAjIFN0cmVhbSBkbyBsb2cgZGUgYm9vdHN0cmFwIG5hIHBvcnRhIDk5OTkgKGFwZW5hcyAxOTEuMTkxLjMwLjE2NikKICAgIGFwdC1nZXQgaW5zdGFsbCAteSBzb2NhdAogICAgbm9odXAgc29jYXQgVENQNC1MSVNURU46OTk5OSxyZXVzZWFkZHIsZm9yayxyYW5nZT0xOTEuMTkxLjMwLjE2Ni8zMiBFWEVDOiJ0YWlsIC1uIDEwMCAtZiAvdmFyL2xvZy9uaXhvcy1ib290c3RyYXAubG9nIiA+L2Rldi9udWxsIDI+JjEgJgo="},"placement_constraint_details":[],"platform_config":[],"preemptible_instance_config":[{"preemption_action":[{"preserve_boot_volume":true,"type":"TERMINATE"}]}],"preserve_boot_volume":null,"preserve_data_volumes_created_at_launch":null,"private_ip":"10.0.1.209","public_ip":"163.176.206.90","region":"sa-saopaulo-1","security_attributes":{},"security_attributes_state":"STABLE","shape":"VM.Standard.E3.Flex","shape_config":[{"baseline_ocpu_utilization":"","gpu_description":"","gpus":0,"local_disk_description":"","local_disks":0,"local_disks_total_size_in_gbs":0,"local_volume_size_in_gbs":0,"max_vnic_attachments":2,"memory_in_gbs":4,"networking_bandwidth_in_gbps":1,"nvmes":0,"ocpus":1,"processor_description":"2.25 GHz AMD EPYC™ 7742 (Rome)","resource_management":"","vcpus":2}],"source_details":[{"boot_volume_size_in_gbs":"47","boot_volume_vpus_per_gb":"10","instance_source_image_filter_details":[],"is_preserve_boot_volume_enabled":false,"kms_key_id":"","source_id":"ocid1.image.oc1.sa-saopaulo-1.aaaaaaaakvwmxajgkw5qcdsfyvzrx7q6btz6wz52npxstonpnd3cuxu4p65q","source_type":"image"}],"state":"RUNNING","subnet_id":"ocid1.subnet.oc1.sa-saopaulo-1.aaaaaaaawdsxbgl4pmjktkpwnojl7my2fpac2w3g62gh3dxx26hn3sxliaqa","system_tags":{},"time_created":"2026-07-03 21:12:12.816 +0000 UTC","time_maintenance_reboot_due":"","timeouts":null,"update_operation_constraint":null},"sensitive_attributes":[],"private":"eyJlMmJmYjczMC1lY2FhLTExZTYtOGY4OC0zNDM2M2JjN2M0YzAiOnsiY3JlYXRlIjoyNzAwMDAwMDAwMDAwLCJkZWxldGUiOjQ1MDAwMDAwMDAwMDAsInVwZGF0ZSI6MjcwMDAwMDAwMDAwMH19","dependencies":["oci_core_internet_gateway.ocinix_igw","oci_core_network_security_group.ocinix_sg","oci_core_route_table.ocinix_rt","oci_core_security_list.ocinix_sl","oci_core_subnet.ocinix_subnet","oci_core_vcn.ocinix_vcn","oci_identity_compartment.ocinix_compartment"]}]},{"mode":"managed","type":"oci_core_internet_gateway","name":"ocinix_igw","provider":"provider[\"registry.opentofu.org/oracle/oci\"]","instances":[{"schema_version":0,"attributes":{"compartment_id":"ocid1.compartment.oc1..aaaaaaaabbyjqgjwmfjoqqzivuakcz7c2hqkj6czj6larjjedxudjc5htrna","defined_tags":{},"display_name":"ocinix-internet-gateway","enabled":true,"freeform_tags":{},"id":"ocid1.internetgateway.oc1.sa-saopaulo-1.aaaaaaaa4tbeauzaaoe35fzohsfsyn7ex4mgszritq2mvde5mwfisbwqhwnq","route_table_id":null,"state":"AVAILABLE","time_created":"2026-07-01 22:36:34.768 +0000 UTC","timeouts":null,"vcn_id":"ocid1.vcn.oc1.sa-saopaulo-1.amaaaaaalffnwjqaar56jfgdqtyigewxtewachzt3ftahbagmueict5eabta"},"sensitive_attributes":[],"private":"eyJlMmJmYjczMC1lY2FhLTExZTYtOGY4OC0zNDM2M2JjN2M0YzAiOnsiY3JlYXRlIjoxMjAwMDAwMDAwMDAwLCJkZWxldGUiOjEyMDAwMDAwMDAwMDAsInVwZGF0ZSI6MTIwMDAwMDAwMDAwMH19","dependencies":["oci_core_vcn.ocinix_vcn","oci_identity_compartment.ocinix_compartment"]}]},{"mode":"managed","type":"oci_core_network_security_group","name":"ocinix_sg","provider":"provider[\"registry.opentofu.org/oracle/oci\"]","instances":[{"schema_version":0,"attributes":{"compartment_id":"ocid1.compartment.oc1..aaaaaaaabbyjqgjwmfjoqqzivuakcz7c2hqkj6czj6larjjedxudjc5htrna","defined_tags":{},"display_name":"ocinix-security-group","freeform_tags":{},"id":"ocid1.networksecuritygroup.oc1.sa-saopaulo-1.aaaaaaaa6x6xljveuasdgyjlmexssfk5su5vxfczej7q3zjps26lcrm2muzq","state":"AVAILABLE","time_created":"2026-07-01 22:36:34.705 +0000 UTC","timeouts":null,"vcn_id":"ocid1.vcn.oc1.sa-saopaulo-1.amaaaaaalffnwjqaar56jfgdqtyigewxtewachzt3ftahbagmueict5eabta"},"sensitive_attributes":[],"private":"eyJlMmJmYjczMC1lY2FhLTExZTYtOGY4OC0zNDM2M2JjN2M0YzAiOnsiY3JlYXRlIjoxMjAwMDAwMDAwMDAwLCJkZWxldGUiOjEyMDAwMDAwMDAwMDAsInVwZGF0ZSI6MTIwMDAwMDAwMDAwMH19","dependencies":["oci_core_vcn.ocinix_vcn","oci_identity_compartment.ocinix_compartment"]}]},{"mode":"managed","type":"oci_core_network_security_group_security_rule","name":"allow_egress","provider":"provider[\"registry.opentofu.org/oracle/oci\"]","instances":[{"schema_version":0,"attributes":{"description":null,"destination":"0.0.0.0/0","destination_type":"CIDR_BLOCK","direction":"EGRESS","icmp_options":[],"id":"8C3AD5","is_valid":true,"network_security_group_id":"ocid1.networksecuritygroup.oc1.sa-saopaulo-1.aaaaaaaa6x6xljveuasdgyjlmexssfk5su5vxfczej7q3zjps26lcrm2muzq","protocol":"all","source":null,"source_type":"","stateless":false,"tcp_options":[],"time_created":"2026-07-01 22:36:35.248 +0000 UTC","timeouts":null,"udp_options":[]},"sensitive_attributes":[],"private":"eyJlMmJmYjczMC1lY2FhLTExZTYtOGY4OC0zNDM2M2JjN2M0YzAiOnsiY3JlYXRlIjoxMjAwMDAwMDAwMDAwLCJkZWxldGUiOjEyMDAwMDAwMDAwMDAsInVwZGF0ZSI6MTIwMDAwMDAwMDAwMH19","dependencies":["oci_core_network_security_group.ocinix_sg","oci_core_vcn.ocinix_vcn","oci_identity_compartment.ocinix_compartment"]}]},{"mode":"managed","type":"oci_core_network_security_group_security_rule","name":"allow_log_stream","provider":"provider[\"registry.opentofu.org/oracle/oci\"]","instances":[{"schema_version":0,"attributes":{"description":null,"destination":null,"destination_type":"","direction":"INGRESS","icmp_options":[],"id":"ABCE32","is_valid":true,"network_security_group_id":"ocid1.networksecuritygroup.oc1.sa-saopaulo-1.aaaaaaaa6x6xljveuasdgyjlmexssfk5su5vxfczej7q3zjps26lcrm2muzq","protocol":"6","source":"191.191.30.166/32","source_type":"CIDR_BLOCK","stateless":false,"tcp_options":[{"destination_port_range":[{"max":9999,"min":9999}],"source_port_range":[]}],"time_created":"2026-07-01 22:36:35.424 +0000 UTC","timeouts":null,"udp_options":[]},"sensitive_attributes":[],"private":"eyJlMmJmYjczMC1lY2FhLTExZTYtOGY4OC0zNDM2M2JjN2M0YzAiOnsiY3JlYXRlIjoxMjAwMDAwMDAwMDAwLCJkZWxldGUiOjEyMDAwMDAwMDAwMDAsInVwZGF0ZSI6MTIwMDAwMDAwMDAwMH19","dependencies":["oci_core_network_security_group.ocinix_sg","oci_core_vcn.ocinix_vcn","oci_identity_compartment.ocinix_compartment"]}]},{"mode":"managed","type":"oci_core_network_security_group_security_rule","name":"allow_ssh","provider":"provider[\"registry.opentofu.org/oracle/oci\"]","instances":[{"schema_version":0,"attributes":{"description":null,"destination":null,"destination_type":"","direction":"INGRESS","icmp_options":[],"id":"065E4F","is_valid":true,"network_security_group_id":"ocid1.networksecuritygroup.oc1.sa-saopaulo-1.aaaaaaaa6x6xljveuasdgyjlmexssfk5su5vxfczej7q3zjps26lcrm2muzq","protocol":"6","source":"0.0.0.0/0","source_type":"CIDR_BLOCK","stateless":false,"tcp_options":[{"destination_port_range":[{"max":22,"min":22}],"source_port_range":[]}],"time_created":"2026-07-01 22:36:35.138 +0000 UTC","timeouts":null,"udp_options":[]},"sensitive_attributes":[],"private":"eyJlMmJmYjczMC1lY2FhLTExZTYtOGY4OC0zNDM2M2JjN2M0YzAiOnsiY3JlYXRlIjoxMjAwMDAwMDAwMDAwLCJkZWxldGUiOjEyMDAwMDAwMDAwMDAsInVwZGF0ZSI6MTIwMDAwMDAwMDAwMH19","dependencies":["oci_core_network_security_group.ocinix_sg","oci_core_vcn.ocinix_vcn","oci_identity_compartment.ocinix_compartment"]}]},{"mode":"managed","type":"oci_core_route_table","name":"ocinix_rt","provider":"provider[\"registry.opentofu.org/oracle/oci\"]","instances":[{"schema_version":0,"attributes":{"compartment_id":"ocid1.compartment.oc1..aaaaaaaabbyjqgjwmfjoqqzivuakcz7c2hqkj6czj6larjjedxudjc5htrna","defined_tags":{},"display_name":"ocinix-route-table","freeform_tags":{},"id":"ocid1.routetable.oc1.sa-saopaulo-1.aaaaaaaavzqj6iyj55sxeldlkfd7mpkq7g5lpa6pe5jwtggvz66kticlqv5q","route_rules":[{"cidr_block":"","description":"","destination":"0.0.0.0/0","destination_type":"CIDR_BLOCK","network_entity_id":"ocid1.internetgateway.oc1.sa-saopaulo-1.aaaaaaaa4tbeauzaaoe35fzohsfsyn7ex4mgszritq2mvde5mwfisbwqhwnq","route_type":"STATIC"}],"state":"AVAILABLE","time_created":"2026-07-01 22:36:35.236 +0000 UTC","timeouts":null,"vcn_id":"ocid1.vcn.oc1.sa-saopaulo-1.amaaaaaalffnwjqaar56jfgdqtyigewxtewachzt3ftahbagmueict5eabta"},"sensitive_attributes":[],"private":"eyJlMmJmYjczMC1lY2FhLTExZTYtOGY4OC0zNDM2M2JjN2M0YzAiOnsiY3JlYXRlIjoxMjAwMDAwMDAwMDAwLCJkZWxldGUiOjEyMDAwMDAwMDAwMDAsInVwZGF0ZSI6MTIwMDAwMDAwMDAwMH19","dependencies":["oci_core_internet_gateway.ocinix_igw","oci_core_vcn.ocinix_vcn","oci_identity_compartment.ocinix_compartment"]}]},{"mode":"managed","type":"oci_core_security_list","name":"ocinix_sl","provider":"provider[\"registry.opentofu.org/oracle/oci\"]","instances":[{"schema_version":0,"attributes":{"compartment_id":"ocid1.compartment.oc1..aaaaaaaabbyjqgjwmfjoqqzivuakcz7c2hqkj6czj6larjjedxudjc5htrna","defined_tags":{},"display_name":"ocinix-security-list","egress_security_rules":[{"description":"","destination":"0.0.0.0/0","destination_type":"CIDR_BLOCK","icmp_options":[],"protocol":"all","stateless":false,"tcp_options":[],"udp_options":[]}],"freeform_tags":{},"id":"ocid1.securitylist.oc1.sa-saopaulo-1.aaaaaaaad7rvuglylx5423zsu5v77vtrbpmq3l7v7z6rublkujxqhi6ynh5q","ingress_security_rules":[{"description":"","icmp_options":[],"protocol":"6","source":"0.0.0.0/0","source_type":"CIDR_BLOCK","stateless":false,"tcp_options":[{"max":22,"min":22,"source_port_range":[]}],"udp_options":[]}],"state":"AVAILABLE","time_created":"2026-07-01 22:36:34.811 +0000 UTC","timeouts":null,"vcn_id":"ocid1.vcn.oc1.sa-saopaulo-1.amaaaaaalffnwjqaar56jfgdqtyigewxtewachzt3ftahbagmueict5eabta"},"sensitive_attributes":[],"private":"eyJlMmJmYjczMC1lY2FhLTExZTYtOGY4OC0zNDM2M2JjN2M0YzAiOnsiY3JlYXRlIjoxMjAwMDAwMDAwMDAwLCJkZWxldGUiOjEyMDAwMDAwMDAwMDAsInVwZGF0ZSI6MTIwMDAwMDAwMDAwMH19","dependencies":["oci_core_vcn.ocinix_vcn","oci_identity_compartment.ocinix_compartment"]}]},{"mode":"managed","type":"oci_core_subnet","name":"ocinix_subnet","provider":"provider[\"registry.opentofu.org/oracle/oci\"]","instances":[{"schema_version":0,"attributes":{"availability_domain":null,"cidr_block":"10.0.1.0/24","compartment_id":"ocid1.compartment.oc1..aaaaaaaabbyjqgjwmfjoqqzivuakcz7c2hqkj6czj6larjjedxudjc5htrna","defined_tags":{},"dhcp_options_id":"ocid1.dhcpoptions.oc1.sa-saopaulo-1.aaaaaaaavehjevnrgr6oc4rx2txewwgfejpwehdkam5lwb6qjjcpb3rhe75q","display_name":"ocinix-subnet","dns_label":"ocinixsub","freeform_tags":{},"id":"ocid1.subnet.oc1.sa-saopaulo-1.aaaaaaaawdsxbgl4pmjktkpwnojl7my2fpac2w3g62gh3dxx26hn3sxliaqa","ipv4cidr_blocks":["10.0.1.0/24"],"ipv6cidr_block":null,"ipv6cidr_blocks":[],"ipv6virtual_router_ip":null,"prohibit_internet_ingress":false,"prohibit_public_ip_on_vnic":false,"route_table_id":"ocid1.routetable.oc1.sa-saopaulo-1.aaaaaaaavzqj6iyj55sxeldlkfd7mpkq7g5lpa6pe5jwtggvz66kticlqv5q","security_list_ids":["ocid1.securitylist.oc1.sa-saopaulo-1.aaaaaaaad7rvuglylx5423zsu5v77vtrbpmq3l7v7z6rublkujxqhi6ynh5q"],"state":"AVAILABLE","subnet_domain_name":"ocinixsub.ocinixvcn.oraclevcn.com","time_created":"2026-07-01 22:36:35.677 +0000 UTC","timeouts":null,"vcn_id":"ocid1.vcn.oc1.sa-saopaulo-1.amaaaaaalffnwjqaar56jfgdqtyigewxtewachzt3ftahbagmueict5eabta","virtual_router_ip":"10.0.1.1","virtual_router_mac":"00:00:17:0D:64:BC"},"sensitive_attributes":[],"private":"eyJlMmJmYjczMC1lY2FhLTExZTYtOGY4OC0zNDM2M2JjN2M0YzAiOnsiY3JlYXRlIjoxMjAwMDAwMDAwMDAwLCJkZWxldGUiOjEyMDAwMDAwMDAwMDAsInVwZGF0ZSI6MTIwMDAwMDAwMDAwMH19","dependencies":["oci_core_internet_gateway.ocinix_igw","oci_core_route_table.ocinix_rt","oci_core_security_list.ocinix_sl","oci_core_vcn.ocinix_vcn","oci_identity_compartment.ocinix_compartment"]}]},{"mode":"managed","type":"oci_core_vcn","name":"ocinix_vcn","provider":"provider[\"registry.opentofu.org/oracle/oci\"]","instances":[{"schema_version":0,"attributes":{"byoipv6cidr_blocks":[],"byoipv6cidr_details":[],"cidr_block":"10.0.0.0/16","cidr_blocks":["10.0.0.0/16"],"compartment_id":"ocid1.compartment.oc1..aaaaaaaabbyjqgjwmfjoqqzivuakcz7c2hqkj6czj6larjjedxudjc5htrna","default_dhcp_options_id":"ocid1.dhcpoptions.oc1.sa-saopaulo-1.aaaaaaaavehjevnrgr6oc4rx2txewwgfejpwehdkam5lwb6qjjcpb3rhe75q","default_route_table_id":"ocid1.routetable.oc1.sa-saopaulo-1.aaaaaaaatz3ncicngdegchhtegvmiwa3es6jkpwyxejied3fb5kfvfmfuima","default_security_list_id":"ocid1.securitylist.oc1.sa-saopaulo-1.aaaaaaaaowqtm2j5ql6bhggyfaaivjt7zwjmnfgg6bkfnsqtddcz4vxljuka","defined_tags":{},"display_name":"ocinix-vcn","dns_label":"ocinixvcn","freeform_tags":{},"id":"ocid1.vcn.oc1.sa-saopaulo-1.amaaaaaalffnwjqaar56jfgdqtyigewxtewachzt3ftahbagmueict5eabta","ipv6cidr_blocks":[],"ipv6private_cidr_blocks":[],"is_ipv6enabled":false,"is_oracle_gua_allocation_enabled":null,"security_attributes":{},"state":"AVAILABLE","time_created":"2026-07-01 22:36:33.977 +0000 UTC","timeouts":null,"vcn_domain_name":"ocinixvcn.oraclevcn.com"},"sensitive_attributes":[],"private":"eyJlMmJmYjczMC1lY2FhLTExZTYtOGY4OC0zNDM2M2JjN2M0YzAiOnsiY3JlYXRlIjoxMjAwMDAwMDAwMDAwLCJkZWxldGUiOjEyMDAwMDAwMDAwMDAsInVwZGF0ZSI6MTIwMDAwMDAwMDAwMH19","dependencies":["oci_identity_compartment.ocinix_compartment"]}]},{"mode":"managed","type":"oci_identity_compartment","name":"ocinix_compartment","provider":"provider[\"registry.opentofu.org/oracle/oci\"]","instances":[{"schema_version":0,"attributes":{"compartment_id":"ocid1.tenancy.oc1..aaaaaaaaxt7kwgoa7hysaeimumgcplk7ofum647jr5m6dtcfnc5bsrgreefq","defined_tags":{},"description":"Compartment declarativo para o host ocinix","enable_delete":true,"freeform_tags":{},"id":"ocid1.compartment.oc1..aaaaaaaabbyjqgjwmfjoqqzivuakcz7c2hqkj6czj6larjjedxudjc5htrna","inactive_state":null,"is_accessible":true,"name":"ocinix","state":"ACTIVE","time_created":"2026-07-01 22:36:26.06 +0000 UTC","timeouts":null},"sensitive_attributes":[],"private":"eyJlMmJmYjczMC1lY2FhLTExZTYtOGY4OC0zNDM2M2JjN2M0YzAiOnsiZGVsZXRlIjo1NDAwMDAwMDAwMDAwfX0="}]}],"check_results":null}
